
Microsoft Visual Studio Solution File, Format Version 12.00
# Visual Studio Version 17
VisualStudioVersion = 17.7.34031.279
MinimumVisualStudioVersion = 10.0.40219.1
Project("{8BC9CEB8-8B4A-11D0-8D11-00A0C91BC942}") = "Bai001", "Bai001\Bai001.vcxproj", "{C3E04D5A-BECE-42C6-89A7-398FE23427FC}"
EndProject
Project("{8BC9CEB8-8B4A-11D0-8D11-00A0C91BC942}") = "Bai002", "Bai002\Bai002.vcxproj", "{34B41976-C487-405E-BE7A-305D45C24238}"
EndProject
Project("{8BC9CEB8-8B4A-11D0-8D11-00A0C91BC942}") = "Bai003", "Bai003\Bai003.vcxproj", "{09C0F522-1D9C-4811-B5CA-467458B293D7}"
EndProject
Project("{8BC9CEB8-8B4A-11D0-8D11-00A0C91BC942}") = "Bai004", "Bai004\Bai004.vcxproj", "{06A503E1-2587-48FA-A9A2-1CA646848F76}"
EndProject
Project("{8BC9CEB8-8B4A-11D0-8D11-00A0C91BC942}") = "Bai005", "Bai005\Bai005.vcxproj", "{C6C92E00-5614-40B7-AFA9-45BED79D3C6A}"
EndProject
Project("{8BC9CEB8-8B4A-11D0-8D11-00A0C91BC942}") = "Bai006", "Bai006\Bai006.vcxproj", "{E3C20E27-2741-4945-8896-59E030F18E56}"
EndProject
Project("{8BC9CEB8-8B4A-11D0-8D11-00A0C91BC942}") = "Bai007", "Bai007\Bai007.vcxproj", "{DD598403-08FF-49C6-A049-21046A5E80DA}"
EndProject
Project("{8BC9CEB8-8B4A-11D0-8D11-00A0C91BC942}") = "Bai008", "Bai008\Bai008.vcxproj", "{F75F2283-B359-4375-B977-AF3434DFC722}"
EndProject
Project("{8BC9CEB8-8B4A-11D0-8D11-00A0C91BC942}") = "Bai009", "Bai009\Bai009.vcxproj", "{FB97EB95-76D1-4FDE-9525-9BCC6B258167}"
EndProject
Project("{8BC9CEB8-8B4A-11D0-8D11-00A0C91BC942}") = "Bai010", "Bai010\Bai010.vcxproj", "{FBDC77A5-87C2-40CA-A761-17AE30180588}"
EndProject
Project("{8BC9CEB8-8B4A-11D0-8D11-00A0C91BC942}") = "Bai011", "Bai011\Bai011.vcxproj", "{968563A0-8B6D-4082-82D2-A8D26D7FE523}"
EndProject
Project("{8BC9CEB8-8B4A-11D0-8D11-00A0C91BC942}") = "Bai012", "Bai012\Bai012.vcxproj", "{6D1B3C28-6DA2-4516-A34B-C0B484889180}"
EndProject
Project("{8BC9CEB8-8B4A-11D0-8D11-00A0C91BC942}") = "Bai013", "Bai013\Bai013.vcxproj", "{1CEA5DD1-D889-4BC8-A7C8-DB7D0554C7AC}"
EndProject
Project("{8BC9CEB8-8B4A-11D0-8D11-00A0C91BC942}") = "Bai014", "Bai014\Bai014.vcxproj", "{6263ECC0-5B03-48AB-B7D0-8C50DD682644}"
EndProject
Project("{8BC9CEB8-8B4A-11D0-8D11-00A0C91BC942}") = "Bai015", "Bai015\Bai015.vcxproj", "{CD5CEB32-24E8-468F-8716-104F0FA6A5C1}"
EndProject
Project("{8BC9CEB8-8B4A-11D0-8D11-00A0C91BC942}") = "Bai016", "Bai016\Bai016.vcxproj", "{B6BF12BA-3D58-427C-9F6A-64BA39B8A4A0}"
EndProject
Project("{8BC9CEB8-8B4A-11D0-8D11-00A0C91BC942}") = "Bai017", "Bai017\Bai017.vcxproj", "{5D3709D9-568B-4A85-BD53-6A1FB58BE684}"
EndProject
Project("{8BC9CEB8-8B4A-11D0-8D11-00A0C91BC942}") = "Bai018", "Bai018\Bai018.vcxproj", "{F54417DB-F266-44A0-9B2D-BBB311781041}"
EndProject
Project("{8BC9CEB8-8B4A-11D0-8D11-00A0C91BC942}") = "Bai019", "Bai019\Bai019.vcxproj", "{D180B1AC-1671-4FBE-BBD0-CD60A767A0D3}"
EndProject
Project("{8BC9CEB8-8B4A-11D0-8D11-00A0C91BC942}") = "Bai020", "Bai020\Bai020.vcxproj", "{74C53332-EAEF-41A1-90DD-F3C4A02E8718}"
EndProject
Project("{8BC9CEB8-8B4A-11D0-8D11-00A0C91BC942}") = "Bai021", "Bai021\Bai021.vcxproj", "{24C1CFB6-6CAC-45EB-A964-23C97DE7D025}"
EndProject
Project("{8BC9CEB8-8B4A-11D0-8D11-00A0C91BC942}") = "Bai022", "Bai022\Bai022.vcxproj", "{7515379A-94AD-4F72-811C-0A7CE117AF89}"
EndProject
Project("{8BC9CEB8-8B4A-11D0-8D11-00A0C91BC942}") = "Bai023", "Bai023\Bai023.vcxproj", "{1688DCE5-1653-4480-8B1B-9CD48EB0BDA8}"
EndProject
Project("{8BC9CEB8-8B4A-11D0-8D11-00A0C91BC942}") = "Bai024", "Bai024\Bai024.vcxproj", "{554C7032-7BD3-4707-B682-10FD4B254A43}"
EndProject
Project("{8BC9CEB8-8B4A-11D0-8D11-00A0C91BC942}") = "Bai025", "Bai025\Bai025.vcxproj", "{EA8284D6-B8B4-4CB1-A0E6-C6A7D7FC7949}"
EndProject
Project("{8BC9CEB8-8B4A-11D0-8D11-00A0C91BC942}") = "Bai026", "Bai026\Bai026.vcxproj", "{0AEAC8F4-0514-4222-BFEC-C1AA087C1960}"
EndProject
Project("{8BC9CEB8-8B4A-11D0-8D11-00A0C91BC942}") = "Bai027", "Bai027\Bai027.vcxproj", "{621F1D7E-6630-45AA-9393-D1DDACFA611C}"
EndProject
Project("{8BC9CEB8-8B4A-11D0-8D11-00A0C91BC942}") = "Bai028", "Bai028\Bai028.vcxproj", "{4D92ED9B-A3F9-4460-B4DF-EAEC927F52AE}"
EndProject
Project("{8BC9CEB8-8B4A-11D0-8D11-00A0C91BC942}") = "Bai029", "Bai029\Bai029.vcxproj", "{DC0BD96F-027E-4D58-8D8A-60377DF575C2}"
EndProject
Project("{8BC9CEB8-8B4A-11D0-8D11-00A0C91BC942}") = "Bai030", "Bai030\Bai030.vcxproj", "{DA85FFB4-28D9-43CB-B1A8-01A479F6645B}"
EndProject
Project("{8BC9CEB8-8B4A-11D0-8D11-00A0C91BC942}") = "Bai031", "Bai031\Bai031.vcxproj", "{353A793D-ECF5-49B6-8876-6E4E4917CA6A}"
EndProject
Project("{8BC9CEB8-8B4A-11D0-8D11-00A0C91BC942}") = "Bai032", "Bai032\Bai032.vcxproj", "{BD3DFD3F-D4D4-4190-9D1B-63A98225DE4B}"
EndProject
Project("{8BC9CEB8-8B4A-11D0-8D11-00A0C91BC942}") = "Bai033", "Bai033\Bai033.vcxproj", "{CE5AD2BE-CA50-4EF5-9F40-59FB3429E0C6}"
EndProject
Project("{8BC9CEB8-8B4A-11D0-8D11-00A0C91BC942}") = "Bai034", "Bai034\Bai034.vcxproj", "{820E15AE-C26B-4A3E-BCFC-4074B4785AD6}"
EndProject
Project("{8BC9CEB8-8B4A-11D0-8D11-00A0C91BC942}") = "Bai035", "Bai035\Bai035.vcxproj", "{F03B5C58-50DE-45DB-8874-00FEDFD4B270}"
EndProject
Project("{8BC9CEB8-8B4A-11D0-8D11-00A0C91BC942}") = "Bai036", "Bai036\Bai036.vcxproj", "{33FD3786-06CF-48F2-86E9-4A6163AE8074}"
EndProject
Project("{8BC9CEB8-8B4A-11D0-8D11-00A0C91BC942}") = "Bai037", "Bai037\Bai037.vcxproj", "{3EFD063C-08D7-49A8-8CE8-83BB80B1743D}"
EndProject
Project("{8BC9CEB8-8B4A-11D0-8D11-00A0C91BC942}") = "Bai038", "Bai038\Bai038.vcxproj", "{1E718210-CEE4-41BA-AA50-FDDC2A16CBCD}"
EndProject
Project("{8BC9CEB8-8B4A-11D0-8D11-00A0C91BC942}") = "Bai039", "Bai039\Bai039.vcxproj", "{900F6B67-9CD7-4C8D-8AAE-2504A598F0BE}"
EndProject
Project("{8BC9CEB8-8B4A-11D0-8D11-00A0C91BC942}") = "Bai040", "Bai040\Bai040.vcxproj", "{E76B1704-2429-45BD-B186-A34FAA262EB1}"
EndProject
Project("{8BC9CEB8-8B4A-11D0-8D11-00A0C91BC942}") = "Bai041", "Bai041\Bai041.vcxproj", "{4FD35E6D-38A3-4B14-A996-A8D716AF7323}"
EndProject
Project("{8BC9CEB8-8B4A-11D0-8D11-00A0C91BC942}") = "Bai042", "Bai042\Bai042.vcxproj", "{266BE413-B845-4C2A-92E8-37759330DAF0}"
EndProject
Project("{8BC9CEB8-8B4A-11D0-8D11-00A0C91BC942}") = "Bai043", "Bai043\Bai043.vcxproj", "{DDC6F2E2-764B-4148-A230-F4B82CD836CB}"
EndProject
Project("{8BC9CEB8-8B4A-11D0-8D11-00A0C91BC942}") = "Bai044", "Bai044\Bai044.vcxproj", "{13BE2B32-4868-46FC-93CC-00CAD1D4229C}"
EndProject
Project("{8BC9CEB8-8B4A-11D0-8D11-00A0C91BC942}") = "Bai045", "Bai045\Bai045.vcxproj", "{ACA2AEC9-D57B-4A26-A350-ED05831A2B35}"
EndProject
Project("{8BC9CEB8-8B4A-11D0-8D11-00A0C91BC942}") = "Bai046", "Bai046\Bai046.vcxproj", "{6811D279-0383-4932-BE6A-0012AEA21B45}"
EndProject
Project("{8BC9CEB8-8B4A-11D0-8D11-00A0C91BC942}") = "Bai047", "Bai047\Bai047.vcxproj", "{728FA02F-0FAD-4298-93F9-BA71E2F8AA59}"
EndProject
Project("{8BC9CEB8-8B4A-11D0-8D11-00A0C91BC942}") = "Bai048", "Bai048\Bai048.vcxproj", "{C2DDF50F-B5FA-426D-9A8F-1EC3B5767364}"
EndProject
Project("{8BC9CEB8-8B4A-11D0-8D11-00A0C91BC942}") = "Bai049", "Bai049\Bai049.vcxproj", "{F1E6B23C-BA6D-4C77-A54A-C8FFB1F16299}"
EndProject
Project("{8BC9CEB8-8B4A-11D0-8D11-00A0C91BC942}") = "Bai050", "Bai050\Bai050.vcxproj", "{D549C0B0-89B3-436E-AB82-90E6B8373BAE}"
EndProject
Project("{8BC9CEB8-8B4A-11D0-8D11-00A0C91BC942}") = "Bai051", "Bai051\Bai051.vcxproj", "{DB92889E-67F8-4F5C-AC2F-F4577F0C595E}"
EndProject
Project("{8BC9CEB8-8B4A-11D0-8D11-00A0C91BC942}") = "Bai052", "Bai052\Bai052.vcxproj", "{4F5E3F9D-FF40-4ED1-9AF2-5426EBA7A294}"
EndProject
Project("{8BC9CEB8-8B4A-11D0-8D11-00A0C91BC942}") = "Bai053", "Bai053\Bai053.vcxproj", "{3BCDE137-AEF9-45D2-B21B-931CE03FA136}"
EndProject
Project("{8BC9CEB8-8B4A-11D0-8D11-00A0C91BC942}") = "Bai054", "Bai054\Bai054.vcxproj", "{2230224A-01EA-46BD-9829-305C17651803}"
EndProject
Project("{8BC9CEB8-8B4A-11D0-8D11-00A0C91BC942}") = "Bai055", "Bai055\Bai055.vcxproj", "{D24AC005-AA14-41F9-8F06-458E4D13446F}"
EndProject
Project("{8BC9CEB8-8B4A-11D0-8D11-00A0C91BC942}") = "Bai056", "Bai056\Bai056.vcxproj", "{F9FECB9A-682F-4E82-AA14-863EBDF9676C}"
EndProject
Global
	GlobalSection(SolutionConfigurationPlatforms) = preSolution
		Debug|x64 = Debug|x64
		Debug|x86 = Debug|x86
		Release|x64 = Release|x64
		Release|x86 = Release|x86
	EndGlobalSection
	GlobalSection(ProjectConfigurationPlatforms) = postSolution
		{C3E04D5A-BECE-42C6-89A7-398FE23427FC}.Debug|x64.ActiveCfg = Debug|x64
		{C3E04D5A-BECE-42C6-89A7-398FE23427FC}.Debug|x64.Build.0 = Debug|x64
		{C3E04D5A-BECE-42C6-89A7-398FE23427FC}.Debug|x86.ActiveCfg = Debug|Win32
		{C3E04D5A-BECE-42C6-89A7-398FE23427FC}.Debug|x86.Build.0 = Debug|Win32
		{C3E04D5A-BECE-42C6-89A7-398FE23427FC}.Release|x64.ActiveCfg = Release|x64
		{C3E04D5A-BECE-42C6-89A7-398FE23427FC}.Release|x64.Build.0 = Release|x64
		{C3E04D5A-BECE-42C6-89A7-398FE23427FC}.Release|x86.ActiveCfg = Release|Win32
		{C3E04D5A-BECE-42C6-89A7-398FE23427FC}.Release|x86.Build.0 = Release|Win32
		{34B41976-C487-405E-BE7A-305D45C24238}.Debug|x64.ActiveCfg = Debug|x64
		{34B41976-C487-405E-BE7A-305D45C24238}.Debug|x64.Build.0 = Debug|x64
		{34B41976-C487-405E-BE7A-305D45C24238}.Debug|x86.ActiveCfg = Debug|Win32
		{34B41976-C487-405E-BE7A-305D45C24238}.Debug|x86.Build.0 = Debug|Win32
		{34B41976-C487-405E-BE7A-305D45C24238}.Release|x64.ActiveCfg = Release|x64
		{34B41976-C487-405E-BE7A-305D45C24238}.Release|x64.Build.0 = Release|x64
		{34B41976-C487-405E-BE7A-305D45C24238}.Release|x86.ActiveCfg = Release|Win32
		{34B41976-C487-405E-BE7A-305D45C24238}.Release|x86.Build.0 = Release|Win32
		{09C0F522-1D9C-4811-B5CA-467458B293D7}.Debug|x64.ActiveCfg = Debug|x64
		{09C0F522-1D9C-4811-B5CA-467458B293D7}.Debug|x64.Build.0 = Debug|x64
		{09C0F522-1D9C-4811-B5CA-467458B293D7}.Debug|x86.ActiveCfg = Debug|Win32
		{09C0F522-1D9C-4811-B5CA-467458B293D7}.Debug|x86.Build.0 = Debug|Win32
		{09C0F522-1D9C-4811-B5CA-467458B293D7}.Release|x64.ActiveCfg = Release|x64
		{09C0F522-1D9C-4811-B5CA-467458B293D7}.Release|x64.Build.0 = Release|x64
		{09C0F522-1D9C-4811-B5CA-467458B293D7}.Release|x86.ActiveCfg = Release|Win32
		{09C0F522-1D9C-4811-B5CA-467458B293D7}.Release|x86.Build.0 = Release|Win32
		{06A503E1-2587-48FA-A9A2-1CA646848F76}.Debug|x64.ActiveCfg = Debug|x64
		{06A503E1-2587-48FA-A9A2-1CA646848F76}.Debug|x64.Build.0 = Debug|x64
		{06A503E1-2587-48FA-A9A2-1CA646848F76}.Debug|x86.ActiveCfg = Debug|Win32
		{06A503E1-2587-48FA-A9A2-1CA646848F76}.Debug|x86.Build.0 = Debug|Win32
		{06A503E1-2587-48FA-A9A2-1CA646848F76}.Release|x64.ActiveCfg = Release|x64
		{06A503E1-2587-48FA-A9A2-1CA646848F76}.Release|x64.Build.0 = Release|x64
		{06A503E1-2587-48FA-A9A2-1CA646848F76}.Release|x86.ActiveCfg = Release|Win32
		{06A503E1-2587-48FA-A9A2-1CA646848F76}.Release|x86.Build.0 = Release|Win32
		{C6C92E00-5614-40B7-AFA9-45BED79D3C6A}.Debug|x64.ActiveCfg = Debug|x64
		{C6C92E00-5614-40B7-AFA9-45BED79D3C6A}.Debug|x64.Build.0 = Debug|x64
		{C6C92E00-5614-40B7-AFA9-45BED79D3C6A}.Debug|x86.ActiveCfg = Debug|Win32
		{C6C92E00-5614-40B7-AFA9-45BED79D3C6A}.Debug|x86.Build.0 = Debug|Win32
		{C6C92E00-5614-40B7-AFA9-45BED79D3C6A}.Release|x64.ActiveCfg = Release|x64
		{C6C92E00-5614-40B7-AFA9-45BED79D3C6A}.Release|x64.Build.0 = Release|x64
		{C6C92E00-5614-40B7-AFA9-45BED79D3C6A}.Release|x86.ActiveCfg = Release|Win32
		{C6C92E00-5614-40B7-AFA9-45BED79D3C6A}.Release|x86.Build.0 = Release|Win32
		{E3C20E27-2741-4945-8896-59E030F18E56}.Debug|x64.ActiveCfg = Debug|x64
		{E3C20E27-2741-4945-8896-59E030F18E56}.Debug|x64.Build.0 = Debug|x64
		{E3C20E27-2741-4945-8896-59E030F18E56}.Debug|x86.ActiveCfg = Debug|Win32
		{E3C20E27-2741-4945-8896-59E030F18E56}.Debug|x86.Build.0 = Debug|Win32
		{E3C20E27-2741-4945-8896-59E030F18E56}.Release|x64.ActiveCfg = Release|x64
		{E3C20E27-2741-4945-8896-59E030F18E56}.Release|x64.Build.0 = Release|x64
		{E3C20E27-2741-4945-8896-59E030F18E56}.Release|x86.ActiveCfg = Release|Win32
		{E3C20E27-2741-4945-8896-59E030F18E56}.Release|x86.Build.0 = Release|Win32
		{DD598403-08FF-49C6-A049-21046A5E80DA}.Debug|x64.ActiveCfg = Debug|x64
		{DD598403-08FF-49C6-A049-21046A5E80DA}.Debug|x64.Build.0 = Debug|x64
		{DD598403-08FF-49C6-A049-21046A5E80DA}.Debug|x86.ActiveCfg = Debug|Win32
		{DD598403-08FF-49C6-A049-21046A5E80DA}.Debug|x86.Build.0 = Debug|Win32
		{DD598403-08FF-49C6-A049-21046A5E80DA}.Release|x64.ActiveCfg = Release|x64
		{DD598403-08FF-49C6-A049-21046A5E80DA}.Release|x64.Build.0 = Release|x64
		{DD598403-08FF-49C6-A049-21046A5E80DA}.Release|x86.ActiveCfg = Release|Win32
		{DD598403-08FF-49C6-A049-21046A5E80DA}.Release|x86.Build.0 = Release|Win32
		{F75F2283-B359-4375-B977-AF3434DFC722}.Debug|x64.ActiveCfg = Debug|x64
		{F75F2283-B359-4375-B977-AF3434DFC722}.Debug|x64.Build.0 = Debug|x64
		{F75F2283-B359-4375-B977-AF3434DFC722}.Debug|x86.ActiveCfg = Debug|Win32
		{F75F2283-B359-4375-B977-AF3434DFC722}.Debug|x86.Build.0 = Debug|Win32
		{F75F2283-B359-4375-B977-AF3434DFC722}.Release|x64.ActiveCfg = Release|x64
		{F75F2283-B359-4375-B977-AF3434DFC722}.Release|x64.Build.0 = Release|x64
		{F75F2283-B359-4375-B977-AF3434DFC722}.Release|x86.ActiveCfg = Release|Win32
		{F75F2283-B359-4375-B977-AF3434DFC722}.Release|x86.Build.0 = Release|Win32
		{FB97EB95-76D1-4FDE-9525-9BCC6B258167}.Debug|x64.ActiveCfg = Debug|x64
		{FB97EB95-76D1-4FDE-9525-9BCC6B258167}.Debug|x64.Build.0 = Debug|x64
		{FB97EB95-76D1-4FDE-9525-9BCC6B258167}.Debug|x86.ActiveCfg = Debug|Win32
		{FB97EB95-76D1-4FDE-9525-9BCC6B258167}.Debug|x86.Build.0 = Debug|Win32
		{FB97EB95-76D1-4FDE-9525-9BCC6B258167}.Release|x64.ActiveCfg = Release|x64
		{FB97EB95-76D1-4FDE-9525-9BCC6B258167}.Release|x64.Build.0 = Release|x64
		{FB97EB95-76D1-4FDE-9525-9BCC6B258167}.Release|x86.ActiveCfg = Release|Win32
		{FB97EB95-76D1-4FDE-9525-9BCC6B258167}.Release|x86.Build.0 = Release|Win32
		{FBDC77A5-87C2-40CA-A761-17AE30180588}.Debug|x64.ActiveCfg = Debug|x64
		{FBDC77A5-87C2-40CA-A761-17AE30180588}.Debug|x64.Build.0 = Debug|x64
		{FBDC77A5-87C2-40CA-A761-17AE30180588}.Debug|x86.ActiveCfg = Debug|Win32
		{FBDC77A5-87C2-40CA-A761-17AE30180588}.Debug|x86.Build.0 = Debug|Win32
		{FBDC77A5-87C2-40CA-A761-17AE30180588}.Release|x64.ActiveCfg = Release|x64
		{FBDC77A5-87C2-40CA-A761-17AE30180588}.Release|x64.Build.0 = Release|x64
		{FBDC77A5-87C2-40CA-A761-17AE30180588}.Release|x86.ActiveCfg = Release|Win32
		{FBDC77A5-87C2-40CA-A761-17AE30180588}.Release|x86.Build.0 = Release|Win32
		{968563A0-8B6D-4082-82D2-A8D26D7FE523}.Debug|x64.ActiveCfg = Debug|x64
		{968563A0-8B6D-4082-82D2-A8D26D7FE523}.Debug|x64.Build.0 = Debug|x64
		{968563A0-8B6D-4082-82D2-A8D26D7FE523}.Debug|x86.ActiveCfg = Debug|Win32
		{968563A0-8B6D-4082-82D2-A8D26D7FE523}.Debug|x86.Build.0 = Debug|Win32
		{968563A0-8B6D-4082-82D2-A8D26D7FE523}.Release|x64.ActiveCfg = Release|x64
		{968563A0-8B6D-4082-82D2-A8D26D7FE523}.Release|x64.Build.0 = Release|x64
		{968563A0-8B6D-4082-82D2-A8D26D7FE523}.Release|x86.ActiveCfg = Release|Win32
		{968563A0-8B6D-4082-82D2-A8D26D7FE523}.Release|x86.Build.0 = Release|Win32
		{6D1B3C28-6DA2-4516-A34B-C0B484889180}.Debug|x64.ActiveCfg = Debug|x64
		{6D1B3C28-6DA2-4516-A34B-C0B484889180}.Debug|x64.Build.0 = Debug|x64
		{6D1B3C28-6DA2-4516-A34B-C0B484889180}.Debug|x86.ActiveCfg = Debug|Win32
		{6D1B3C28-6DA2-4516-A34B-C0B484889180}.Debug|x86.Build.0 = Debug|Win32
		{6D1B3C28-6DA2-4516-A34B-C0B484889180}.Release|x64.ActiveCfg = Release|x64
		{6D1B3C28-6DA2-4516-A34B-C0B484889180}.Release|x64.Build.0 = Release|x64
		{6D1B3C28-6DA2-4516-A34B-C0B484889180}.Release|x86.ActiveCfg = Release|Win32
		{6D1B3C28-6DA2-4516-A34B-C0B484889180}.Release|x86.Build.0 = Release|Win32
		{1CEA5DD1-D889-4BC8-A7C8-DB7D0554C7AC}.Debug|x64.ActiveCfg = Debug|x64
		{1CEA5DD1-D889-4BC8-A7C8-DB7D0554C7AC}.Debug|x64.Build.0 = Debug|x64
		{1CEA5DD1-D889-4BC8-A7C8-DB7D0554C7AC}.Debug|x86.ActiveCfg = Debug|Win32
		{1CEA5DD1-D889-4BC8-A7C8-DB7D0554C7AC}.Debug|x86.Build.0 = Debug|Win32
		{1CEA5DD1-D889-4BC8-A7C8-DB7D0554C7AC}.Release|x64.ActiveCfg = Release|x64
		{1CEA5DD1-D889-4BC8-A7C8-DB7D0554C7AC}.Release|x64.Build.0 = Release|x64
		{1CEA5DD1-D889-4BC8-A7C8-DB7D0554C7AC}.Release|x86.ActiveCfg = Release|Win32
		{1CEA5DD1-D889-4BC8-A7C8-DB7D0554C7AC}.Release|x86.Build.0 = Release|Win32
		{6263ECC0-5B03-48AB-B7D0-8C50DD682644}.Debug|x64.ActiveCfg = Debug|x64
		{6263ECC0-5B03-48AB-B7D0-8C50DD682644}.Debug|x64.Build.0 = Debug|x64
		{6263ECC0-5B03-48AB-B7D0-8C50DD682644}.Debug|x86.ActiveCfg = Debug|Win32
		{6263ECC0-5B03-48AB-B7D0-8C50DD682644}.Debug|x86.Build.0 = Debug|Win32
		{6263ECC0-5B03-48AB-B7D0-8C50DD682644}.Release|x64.ActiveCfg = Release|x64
		{6263ECC0-5B03-48AB-B7D0-8C50DD682644}.Release|x64.Build.0 = Release|x64
		{6263ECC0-5B03-48AB-B7D0-8C50DD682644}.Release|x86.ActiveCfg = Release|Win32
		{6263ECC0-5B03-48AB-B7D0-8C50DD682644}.Release|x86.Build.0 = Release|Win32
		{CD5CEB32-24E8-468F-8716-104F0FA6A5C1}.Debug|x64.ActiveCfg = Debug|x64
		{CD5CEB32-24E8-468F-8716-104F0FA6A5C1}.Debug|x64.Build.0 = Debug|x64
		{CD5CEB32-24E8-468F-8716-104F0FA6A5C1}.Debug|x86.ActiveCfg = Debug|Win32
		{CD5CEB32-24E8-468F-8716-104F0FA6A5C1}.Debug|x86.Build.0 = Debug|Win32
		{CD5CEB32-24E8-468F-8716-104F0FA6A5C1}.Release|x64.ActiveCfg = Release|x64
		{CD5CEB32-24E8-468F-8716-104F0FA6A5C1}.Release|x64.Build.0 = Release|x64
		{CD5CEB32-24E8-468F-8716-104F0FA6A5C1}.Release|x86.ActiveCfg = Release|Win32
		{CD5CEB32-24E8-468F-8716-104F0FA6A5C1}.Release|x86.Build.0 = Release|Win32
		{B6BF12BA-3D58-427C-9F6A-64BA39B8A4A0}.Debug|x64.ActiveCfg = Debug|x64
		{B6BF12BA-3D58-427C-9F6A-64BA39B8A4A0}.Debug|x64.Build.0 = Debug|x64
		{B6BF12BA-3D58-427C-9F6A-64BA39B8A4A0}.Debug|x86.ActiveCfg = Debug|Win32
		{B6BF12BA-3D58-427C-9F6A-64BA39B8A4A0}.Debug|x86.Build.0 = Debug|Win32
		{B6BF12BA-3D58-427C-9F6A-64BA39B8A4A0}.Release|x64.ActiveCfg = Release|x64
		{B6BF12BA-3D58-427C-9F6A-64BA39B8A4A0}.Release|x64.Build.0 = Release|x64
		{B6BF12BA-3D58-427C-9F6A-64BA39B8A4A0}.Release|x86.ActiveCfg = Release|Win32
		{B6BF12BA-3D58-427C-9F6A-64BA39B8A4A0}.Release|x86.Build.0 = Release|Win32
		{5D3709D9-568B-4A85-BD53-6A1FB58BE684}.Debug|x64.ActiveCfg = Debug|x64
		{5D3709D9-568B-4A85-BD53-6A1FB58BE684}.Debug|x64.Build.0 = Debug|x64
		{5D3709D9-568B-4A85-BD53-6A1FB58BE684}.Debug|x86.ActiveCfg = Debug|Win32
		{5D3709D9-568B-4A85-BD53-6A1FB58BE684}.Debug|x86.Build.0 = Debug|Win32
		{5D3709D9-568B-4A85-BD53-6A1FB58BE684}.Release|x64.ActiveCfg = Release|x64
		{5D3709D9-568B-4A85-BD53-6A1FB58BE684}.Release|x64.Build.0 = Release|x64
		{5D3709D9-568B-4A85-BD53-6A1FB58BE684}.Release|x86.ActiveCfg = Release|Win32
		{5D3709D9-568B-4A85-BD53-6A1FB58BE684}.Release|x86.Build.0 = Release|Win32
		{F54417DB-F266-44A0-9B2D-BBB311781041}.Debug|x64.ActiveCfg = Debug|x64
		{F54417DB-F266-44A0-9B2D-BBB311781041}.Debug|x64.Build.0 = Debug|x64
		{F54417DB-F266-44A0-9B2D-BBB311781041}.Debug|x86.ActiveCfg = Debug|Win32
		{F54417DB-F266-44A0-9B2D-BBB311781041}.Debug|x86.Build.0 = Debug|Win32
		{F54417DB-F266-44A0-9B2D-BBB311781041}.Release|x64.ActiveCfg = Release|x64
		{F54417DB-F266-44A0-9B2D-BBB311781041}.Release|x64.Build.0 = Release|x64
		{F54417DB-F266-44A0-9B2D-BBB311781041}.Release|x86.ActiveCfg = Release|Win32
		{F54417DB-F266-44A0-9B2D-BBB311781041}.Release|x86.Build.0 = Release|Win32
		{D180B1AC-1671-4FBE-BBD0-CD60A767A0D3}.Debug|x64.ActiveCfg = Debug|x64
		{D180B1AC-1671-4FBE-BBD0-CD60A767A0D3}.Debug|x64.Build.0 = Debug|x64
		{D180B1AC-1671-4FBE-BBD0-CD60A767A0D3}.Debug|x86.ActiveCfg = Debug|Win32
		{D180B1AC-1671-4FBE-BBD0-CD60A767A0D3}.Debug|x86.Build.0 = Debug|Win32
		{D180B1AC-1671-4FBE-BBD0-CD60A767A0D3}.Release|x64.ActiveCfg = Release|x64
		{D180B1AC-1671-4FBE-BBD0-CD60A767A0D3}.Release|x64.Build.0 = Release|x64
		{D180B1AC-1671-4FBE-BBD0-CD60A767A0D3}.Release|x86.ActiveCfg = Release|Win32
		{D180B1AC-1671-4FBE-BBD0-CD60A767A0D3}.Release|x86.Build.0 = Release|Win32
		{74C53332-EAEF-41A1-90DD-F3C4A02E8718}.Debug|x64.ActiveCfg = Debug|x64
		{74C53332-EAEF-41A1-90DD-F3C4A02E8718}.Debug|x64.Build.0 = Debug|x64
		{74C53332-EAEF-41A1-90DD-F3C4A02E8718}.Debug|x86.ActiveCfg = Debug|Win32
		{74C53332-EAEF-41A1-90DD-F3C4A02E8718}.Debug|x86.Build.0 = Debug|Win32
		{74C53332-EAEF-41A1-90DD-F3C4A02E8718}.Release|x64.ActiveCfg = Release|x64
		{74C53332-EAEF-41A1-90DD-F3C4A02E8718}.Release|x64.Build.0 = Release|x64
		{74C53332-EAEF-41A1-90DD-F3C4A02E8718}.Release|x86.ActiveCfg = Release|Win32
		{74C53332-EAEF-41A1-90DD-F3C4A02E8718}.Release|x86.Build.0 = Release|Win32
		{24C1CFB6-6CAC-45EB-A964-23C97DE7D025}.Debug|x64.ActiveCfg = Debug|x64
		{24C1CFB6-6CAC-45EB-A964-23C97DE7D025}.Debug|x64.Build.0 = Debug|x64
		{24C1CFB6-6CAC-45EB-A964-23C97DE7D025}.Debug|x86.ActiveCfg = Debug|Win32
		{24C1CFB6-6CAC-45EB-A964-23C97DE7D025}.Debug|x86.Build.0 = Debug|Win32
		{24C1CFB6-6CAC-45EB-A964-23C97DE7D025}.Release|x64.ActiveCfg = Release|x64
		{24C1CFB6-6CAC-45EB-A964-23C97DE7D025}.Release|x64.Build.0 = Release|x64
		{24C1CFB6-6CAC-45EB-A964-23C97DE7D025}.Release|x86.ActiveCfg = Release|Win32
		{24C1CFB6-6CAC-45EB-A964-23C97DE7D025}.Release|x86.Build.0 = Release|Win32
		{7515379A-94AD-4F72-811C-0A7CE117AF89}.Debug|x64.ActiveCfg = Debug|x64
		{7515379A-94AD-4F72-811C-0A7CE117AF89}.Debug|x64.Build.0 = Debug|x64
		{7515379A-94AD-4F72-811C-0A7CE117AF89}.Debug|x86.ActiveCfg = Debug|Win32
		{7515379A-94AD-4F72-811C-0A7CE117AF89}.Debug|x86.Build.0 = Debug|Win32
		{7515379A-94AD-4F72-811C-0A7CE117AF89}.Release|x64.ActiveCfg = Release|x64
		{7515379A-94AD-4F72-811C-0A7CE117AF89}.Release|x64.Build.0 = Release|x64
		{7515379A-94AD-4F72-811C-0A7CE117AF89}.Release|x86.ActiveCfg = Release|Win32
		{7515379A-94AD-4F72-811C-0A7CE117AF89}.Release|x86.Build.0 = Release|Win32
		{1688DCE5-1653-4480-8B1B-9CD48EB0BDA8}.Debug|x64.ActiveCfg = Debug|x64
		{1688DCE5-1653-4480-8B1B-9CD48EB0BDA8}.Debug|x64.Build.0 = Debug|x64
		{1688DCE5-1653-4480-8B1B-9CD48EB0BDA8}.Debug|x86.ActiveCfg = Debug|Win32
		{1688DCE5-1653-4480-8B1B-9CD48EB0BDA8}.Debug|x86.Build.0 = Debug|Win32
		{1688DCE5-1653-4480-8B1B-9CD48EB0BDA8}.Release|x64.ActiveCfg = Release|x64
		{1688DCE5-1653-4480-8B1B-9CD48EB0BDA8}.Release|x64.Build.0 = Release|x64
		{1688DCE5-1653-4480-8B1B-9CD48EB0BDA8}.Release|x86.ActiveCfg = Release|Win32
		{1688DCE5-1653-4480-8B1B-9CD48EB0BDA8}.Release|x86.Build.0 = Release|Win32
		{554C7032-7BD3-4707-B682-10FD4B254A43}.Debug|x64.ActiveCfg = Debug|x64
		{554C7032-7BD3-4707-B682-10FD4B254A43}.Debug|x64.Build.0 = Debug|x64
		{554C7032-7BD3-4707-B682-10FD4B254A43}.Debug|x86.ActiveCfg = Debug|Win32
		{554C7032-7BD3-4707-B682-10FD4B254A43}.Debug|x86.Build.0 = Debug|Win32
		{554C7032-7BD3-4707-B682-10FD4B254A43}.Release|x64.ActiveCfg = Release|x64
		{554C7032-7BD3-4707-B682-10FD4B254A43}.Release|x64.Build.0 = Release|x64
		{554C7032-7BD3-4707-B682-10FD4B254A43}.Release|x86.ActiveCfg = Release|Win32
		{554C7032-7BD3-4707-B682-10FD4B254A43}.Release|x86.Build.0 = Release|Win32
		{EA8284D6-B8B4-4CB1-A0E6-C6A7D7FC7949}.Debug|x64.ActiveCfg = Debug|x64
		{EA8284D6-B8B4-4CB1-A0E6-C6A7D7FC7949}.Debug|x64.Build.0 = Debug|x64
		{EA8284D6-B8B4-4CB1-A0E6-C6A7D7FC7949}.Debug|x86.ActiveCfg = Debug|Win32
		{EA8284D6-B8B4-4CB1-A0E6-C6A7D7FC7949}.Debug|x86.Build.0 = Debug|Win32
		{EA8284D6-B8B4-4CB1-A0E6-C6A7D7FC7949}.Release|x64.ActiveCfg = Release|x64
		{EA8284D6-B8B4-4CB1-A0E6-C6A7D7FC7949}.Release|x64.Build.0 = Release|x64
		{EA8284D6-B8B4-4CB1-A0E6-C6A7D7FC7949}.Release|x86.ActiveCfg = Release|Win32
		{EA8284D6-B8B4-4CB1-A0E6-C6A7D7FC7949}.Release|x86.Build.0 = Release|Win32
		{0AEAC8F4-0514-4222-BFEC-C1AA087C1960}.Debug|x64.ActiveCfg = Debug|x64
		{0AEAC8F4-0514-4222-BFEC-C1AA087C1960}.Debug|x64.Build.0 = Debug|x64
		{0AEAC8F4-0514-4222-BFEC-C1AA087C1960}.Debug|x86.ActiveCfg = Debug|Win32
		{0AEAC8F4-0514-4222-BFEC-C1AA087C1960}.Debug|x86.Build.0 = Debug|Win32
		{0AEAC8F4-0514-4222-BFEC-C1AA087C1960}.Release|x64.ActiveCfg = Release|x64
		{0AEAC8F4-0514-4222-BFEC-C1AA087C1960}.Release|x64.Build.0 = Release|x64
		{0AEAC8F4-0514-4222-BFEC-C1AA087C1960}.Release|x86.ActiveCfg = Release|Win32
		{0AEAC8F4-0514-4222-BFEC-C1AA087C1960}.Release|x86.Build.0 = Release|Win32
		{621F1D7E-6630-45AA-9393-D1DDACFA611C}.Debug|x64.ActiveCfg = Debug|x64
		{621F1D7E-6630-45AA-9393-D1DDACFA611C}.Debug|x64.Build.0 = Debug|x64
		{621F1D7E-6630-45AA-9393-D1DDACFA611C}.Debug|x86.ActiveCfg = Debug|Win32
		{621F1D7E-6630-45AA-9393-D1DDACFA611C}.Debug|x86.Build.0 = Debug|Win32
		{621F1D7E-6630-45AA-9393-D1DDACFA611C}.Release|x64.ActiveCfg = Release|x64
		{621F1D7E-6630-45AA-9393-D1DDACFA611C}.Release|x64.Build.0 = Release|x64
		{621F1D7E-6630-45AA-9393-D1DDACFA611C}.Release|x86.ActiveCfg = Release|Win32
		{621F1D7E-6630-45AA-9393-D1DDACFA611C}.Release|x86.Build.0 = Release|Win32
		{4D92ED9B-A3F9-4460-B4DF-EAEC927F52AE}.Debug|x64.ActiveCfg = Debug|x64
		{4D92ED9B-A3F9-4460-B4DF-EAEC927F52AE}.Debug|x64.Build.0 = Debug|x64
		{4D92ED9B-A3F9-4460-B4DF-EAEC927F52AE}.Debug|x86.ActiveCfg = Debug|Win32
		{4D92ED9B-A3F9-4460-B4DF-EAEC927F52AE}.Debug|x86.Build.0 = Debug|Win32
		{4D92ED9B-A3F9-4460-B4DF-EAEC927F52AE}.Release|x64.ActiveCfg = Release|x64
		{4D92ED9B-A3F9-4460-B4DF-EAEC927F52AE}.Release|x64.Build.0 = Release|x64
		{4D92ED9B-A3F9-4460-B4DF-EAEC927F52AE}.Release|x86.ActiveCfg = Release|Win32
		{4D92ED9B-A3F9-4460-B4DF-EAEC927F52AE}.Release|x86.Build.0 = Release|Win32
		{DC0BD96F-027E-4D58-8D8A-60377DF575C2}.Debug|x64.ActiveCfg = Debug|x64
		{DC0BD96F-027E-4D58-8D8A-60377DF575C2}.Debug|x64.Build.0 = Debug|x64
		{DC0BD96F-027E-4D58-8D8A-60377DF575C2}.Debug|x86.ActiveCfg = Debug|Win32
		{DC0BD96F-027E-4D58-8D8A-60377DF575C2}.Debug|x86.Build.0 = Debug|Win32
		{DC0BD96F-027E-4D58-8D8A-60377DF575C2}.Release|x64.ActiveCfg = Release|x64
		{DC0BD96F-027E-4D58-8D8A-60377DF575C2}.Release|x64.Build.0 = Release|x64
		{DC0BD96F-027E-4D58-8D8A-60377DF575C2}.Release|x86.ActiveCfg = Release|Win32
		{DC0BD96F-027E-4D58-8D8A-60377DF575C2}.Release|x86.Build.0 = Release|Win32
		{DA85FFB4-28D9-43CB-B1A8-01A479F6645B}.Debug|x64.ActiveCfg = Debug|x64
		{DA85FFB4-28D9-43CB-B1A8-01A479F6645B}.Debug|x64.Build.0 = Debug|x64
		{DA85FFB4-28D9-43CB-B1A8-01A479F6645B}.Debug|x86.ActiveCfg = Debug|Win32
		{DA85FFB4-28D9-43CB-B1A8-01A479F6645B}.Debug|x86.Build.0 = Debug|Win32
		{DA85FFB4-28D9-43CB-B1A8-01A479F6645B}.Release|x64.ActiveCfg = Release|x64
		{DA85FFB4-28D9-43CB-B1A8-01A479F6645B}.Release|x64.Build.0 = Release|x64
		{DA85FFB4-28D9-43CB-B1A8-01A479F6645B}.Release|x86.ActiveCfg = Release|Win32
		{DA85FFB4-28D9-43CB-B1A8-01A479F6645B}.Release|x86.Build.0 = Release|Win32
		{353A793D-ECF5-49B6-8876-6E4E4917CA6A}.Debug|x64.ActiveCfg = Debug|x64
		{353A793D-ECF5-49B6-8876-6E4E4917CA6A}.Debug|x64.Build.0 = Debug|x64
		{353A793D-ECF5-49B6-8876-6E4E4917CA6A}.Debug|x86.ActiveCfg = Debug|Win32
		{353A793D-ECF5-49B6-8876-6E4E4917CA6A}.Debug|x86.Build.0 = Debug|Win32
		{353A793D-ECF5-49B6-8876-6E4E4917CA6A}.Release|x64.ActiveCfg = Release|x64
		{353A793D-ECF5-49B6-8876-6E4E4917CA6A}.Release|x64.Build.0 = Release|x64
		{353A793D-ECF5-49B6-8876-6E4E4917CA6A}.Release|x86.ActiveCfg = Release|Win32
		{353A793D-ECF5-49B6-8876-6E4E4917CA6A}.Release|x86.Build.0 = Release|Win32
		{BD3DFD3F-D4D4-4190-9D1B-63A98225DE4B}.Debug|x64.ActiveCfg = Debug|x64
		{BD3DFD3F-D4D4-4190-9D1B-63A98225DE4B}.Debug|x64.Build.0 = Debug|x64
		{BD3DFD3F-D4D4-4190-9D1B-63A98225DE4B}.Debug|x86.ActiveCfg = Debug|Win32
		{BD3DFD3F-D4D4-4190-9D1B-63A98225DE4B}.Debug|x86.Build.0 = Debug|Win32
		{BD3DFD3F-D4D4-4190-9D1B-63A98225DE4B}.Release|x64.ActiveCfg = Release|x64
		{BD3DFD3F-D4D4-4190-9D1B-63A98225DE4B}.Release|x64.Build.0 = Release|x64
		{BD3DFD3F-D4D4-4190-9D1B-63A98225DE4B}.Release|x86.ActiveCfg = Release|Win32
		{BD3DFD3F-D4D4-4190-9D1B-63A98225DE4B}.Release|x86.Build.0 = Release|Win32
		{CE5AD2BE-CA50-4EF5-9F40-59FB3429E0C6}.Debug|x64.ActiveCfg = Debug|x64
		{CE5AD2BE-CA50-4EF5-9F40-59FB3429E0C6}.Debug|x64.Build.0 = Debug|x64
		{CE5AD2BE-CA50-4EF5-9F40-59FB3429E0C6}.Debug|x86.ActiveCfg = Debug|Win32
		{CE5AD2BE-CA50-4EF5-9F40-59FB3429E0C6}.Debug|x86.Build.0 = Debug|Win32
		{CE5AD2BE-CA50-4EF5-9F40-59FB3429E0C6}.Release|x64.ActiveCfg = Release|x64
		{CE5AD2BE-CA50-4EF5-9F40-59FB3429E0C6}.Release|x64.Build.0 = Release|x64
		{CE5AD2BE-CA50-4EF5-9F40-59FB3429E0C6}.Release|x86.ActiveCfg = Release|Win32
		{CE5AD2BE-CA50-4EF5-9F40-59FB3429E0C6}.Release|x86.Build.0 = Release|Win32
		{820E15AE-C26B-4A3E-BCFC-4074B4785AD6}.Debug|x64.ActiveCfg = Debug|x64
		{820E15AE-C26B-4A3E-BCFC-4074B4785AD6}.Debug|x64.Build.0 = Debug|x64
		{820E15AE-C26B-4A3E-BCFC-4074B4785AD6}.Debug|x86.ActiveCfg = Debug|Win32
		{820E15AE-C26B-4A3E-BCFC-4074B4785AD6}.Debug|x86.Build.0 = Debug|Win32
		{820E15AE-C26B-4A3E-BCFC-4074B4785AD6}.Release|x64.ActiveCfg = Release|x64
		{820E15AE-C26B-4A3E-BCFC-4074B4785AD6}.Release|x64.Build.0 = Release|x64
		{820E15AE-C26B-4A3E-BCFC-4074B4785AD6}.Release|x86.ActiveCfg = Release|Win32
		{820E15AE-C26B-4A3E-BCFC-4074B4785AD6}.Release|x86.Build.0 = Release|Win32
		{F03B5C58-50DE-45DB-8874-00FEDFD4B270}.Debug|x64.ActiveCfg = Debug|x64
		{F03B5C58-50DE-45DB-8874-00FEDFD4B270}.Debug|x64.Build.0 = Debug|x64
		{F03B5C58-50DE-45DB-8874-00FEDFD4B270}.Debug|x86.ActiveCfg = Debug|Win32
		{F03B5C58-50DE-45DB-8874-00FEDFD4B270}.Debug|x86.Build.0 = Debug|Win32
		{F03B5C58-50DE-45DB-8874-00FEDFD4B270}.Release|x64.ActiveCfg = Release|x64
		{F03B5C58-50DE-45DB-8874-00FEDFD4B270}.Release|x64.Build.0 = Release|x64
		{F03B5C58-50DE-45DB-8874-00FEDFD4B270}.Release|x86.ActiveCfg = Release|Win32
		{F03B5C58-50DE-45DB-8874-00FEDFD4B270}.Release|x86.Build.0 = Release|Win32
		{33FD3786-06CF-48F2-86E9-4A6163AE8074}.Debug|x64.ActiveCfg = Debug|x64
		{33FD3786-06CF-48F2-86E9-4A6163AE8074}.Debug|x64.Build.0 = Debug|x64
		{33FD3786-06CF-48F2-86E9-4A6163AE8074}.Debug|x86.ActiveCfg = Debug|Win32
		{33FD3786-06CF-48F2-86E9-4A6163AE8074}.Debug|x86.Build.0 = Debug|Win32
		{33FD3786-06CF-48F2-86E9-4A6163AE8074}.Release|x64.ActiveCfg = Release|x64
		{33FD3786-06CF-48F2-86E9-4A6163AE8074}.Release|x64.Build.0 = Release|x64
		{33FD3786-06CF-48F2-86E9-4A6163AE8074}.Release|x86.ActiveCfg = Release|Win32
		{33FD3786-06CF-48F2-86E9-4A6163AE8074}.Release|x86.Build.0 = Release|Win32
		{3EFD063C-08D7-49A8-8CE8-83BB80B1743D}.Debug|x64.ActiveCfg = Debug|x64
		{3EFD063C-08D7-49A8-8CE8-83BB80B1743D}.Debug|x64.Build.0 = Debug|x64
		{3EFD063C-08D7-49A8-8CE8-83BB80B1743D}.Debug|x86.ActiveCfg = Debug|Win32
		{3EFD063C-08D7-49A8-8CE8-83BB80B1743D}.Debug|x86.Build.0 = Debug|Win32
		{3EFD063C-08D7-49A8-8CE8-83BB80B1743D}.Release|x64.ActiveCfg = Release|x64
		{3EFD063C-08D7-49A8-8CE8-83BB80B1743D}.Release|x64.Build.0 = Release|x64
		{3EFD063C-08D7-49A8-8CE8-83BB80B1743D}.Release|x86.ActiveCfg = Release|Win32
		{3EFD063C-08D7-49A8-8CE8-83BB80B1743D}.Release|x86.Build.0 = Release|Win32
		{1E718210-CEE4-41BA-AA50-FDDC2A16CBCD}.Debug|x64.ActiveCfg = Debug|x64
		{1E718210-CEE4-41BA-AA50-FDDC2A16CBCD}.Debug|x64.Build.0 = Debug|x64
		{1E718210-CEE4-41BA-AA50-FDDC2A16CBCD}.Debug|x86.ActiveCfg = Debug|Win32
		{1E718210-CEE4-41BA-AA50-FDDC2A16CBCD}.Debug|x86.Build.0 = Debug|Win32
		{1E718210-CEE4-41BA-AA50-FDDC2A16CBCD}.Release|x64.ActiveCfg = Release|x64
		{1E718210-CEE4-41BA-AA50-FDDC2A16CBCD}.Release|x64.Build.0 = Release|x64
		{1E718210-CEE4-41BA-AA50-FDDC2A16CBCD}.Release|x86.ActiveCfg = Release|Win32
		{1E718210-CEE4-41BA-AA50-FDDC2A16CBCD}.Release|x86.Build.0 = Release|Win32
		{900F6B67-9CD7-4C8D-8AAE-2504A598F0BE}.Debug|x64.ActiveCfg = Debug|x64
		{900F6B67-9CD7-4C8D-8AAE-2504A598F0BE}.Debug|x64.Build.0 = Debug|x64
		{900F6B67-9CD7-4C8D-8AAE-2504A598F0BE}.Debug|x86.ActiveCfg = Debug|Win32
		{900F6B67-9CD7-4C8D-8AAE-2504A598F0BE}.Debug|x86.Build.0 = Debug|Win32
		{900F6B67-9CD7-4C8D-8AAE-2504A598F0BE}.Release|x64.ActiveCfg = Release|x64
		{900F6B67-9CD7-4C8D-8AAE-2504A598F0BE}.Release|x64.Build.0 = Release|x64
		{900F6B67-9CD7-4C8D-8AAE-2504A598F0BE}.Release|x86.ActiveCfg = Release|Win32
		{900F6B67-9CD7-4C8D-8AAE-2504A598F0BE}.Release|x86.Build.0 = Release|Win32
		{E76B1704-2429-45BD-B186-A34FAA262EB1}.Debug|x64.ActiveCfg = Debug|x64
		{E76B1704-2429-45BD-B186-A34FAA262EB1}.Debug|x64.Build.0 = Debug|x64
		{E76B1704-2429-45BD-B186-A34FAA262EB1}.Debug|x86.ActiveCfg = Debug|Win32
		{E76B1704-2429-45BD-B186-A34FAA262EB1}.Debug|x86.Build.0 = Debug|Win32
		{E76B1704-2429-45BD-B186-A34FAA262EB1}.Release|x64.ActiveCfg = Release|x64
		{E76B1704-2429-45BD-B186-A34FAA262EB1}.Release|x64.Build.0 = Release|x64
		{E76B1704-2429-45BD-B186-A34FAA262EB1}.Release|x86.ActiveCfg = Release|Win32
		{E76B1704-2429-45BD-B186-A34FAA262EB1}.Release|x86.Build.0 = Release|Win32
		{4FD35E6D-38A3-4B14-A996-A8D716AF7323}.Debug|x64.ActiveCfg = Debug|x64
		{4FD35E6D-38A3-4B14-A996-A8D716AF7323}.Debug|x64.Build.0 = Debug|x64
		{4FD35E6D-38A3-4B14-A996-A8D716AF7323}.Debug|x86.ActiveCfg = Debug|Win32
		{4FD35E6D-38A3-4B14-A996-A8D716AF7323}.Debug|x86.Build.0 = Debug|Win32
		{4FD35E6D-38A3-4B14-A996-A8D716AF7323}.Release|x64.ActiveCfg = Release|x64
		{4FD35E6D-38A3-4B14-A996-A8D716AF7323}.Release|x64.Build.0 = Release|x64
		{4FD35E6D-38A3-4B14-A996-A8D716AF7323}.Release|x86.ActiveCfg = Release|Win32
		{4FD35E6D-38A3-4B14-A996-A8D716AF7323}.Release|x86.Build.0 = Release|Win32
		{266BE413-B845-4C2A-92E8-37759330DAF0}.Debug|x64.ActiveCfg = Debug|x64
		{266BE413-B845-4C2A-92E8-37759330DAF0}.Debug|x64.Build.0 = Debug|x64
		{266BE413-B845-4C2A-92E8-37759330DAF0}.Debug|x86.ActiveCfg = Debug|Win32
		{266BE413-B845-4C2A-92E8-37759330DAF0}.Debug|x86.Build.0 = Debug|Win32
		{266BE413-B845-4C2A-92E8-37759330DAF0}.Release|x64.ActiveCfg = Release|x64
		{266BE413-B845-4C2A-92E8-37759330DAF0}.Release|x64.Build.0 = Release|x64
		{266BE413-B845-4C2A-92E8-37759330DAF0}.Release|x86.ActiveCfg = Release|Win32
		{266BE413-B845-4C2A-92E8-37759330DAF0}.Release|x86.Build.0 = Release|Win32
		{DDC6F2E2-764B-4148-A230-F4B82CD836CB}.Debug|x64.ActiveCfg = Debug|x64
		{DDC6F2E2-764B-4148-A230-F4B82CD836CB}.Debug|x64.Build.0 = Debug|x64
		{DDC6F2E2-764B-4148-A230-F4B82CD836CB}.Debug|x86.ActiveCfg = Debug|Win32
		{DDC6F2E2-764B-4148-A230-F4B82CD836CB}.Debug|x86.Build.0 = Debug|Win32
		{DDC6F2E2-764B-4148-A230-F4B82CD836CB}.Release|x64.ActiveCfg = Release|x64
		{DDC6F2E2-764B-4148-A230-F4B82CD836CB}.Release|x64.Build.0 = Release|x64
		{DDC6F2E2-764B-4148-A230-F4B82CD836CB}.Release|x86.ActiveCfg = Release|Win32
		{DDC6F2E2-764B-4148-A230-F4B82CD836CB}.Release|x86.Build.0 = Release|Win32
		{13BE2B32-4868-46FC-93CC-00CAD1D4229C}.Debug|x64.ActiveCfg = Debug|x64
		{13BE2B32-4868-46FC-93CC-00CAD1D4229C}.Debug|x64.Build.0 = Debug|x64
		{13BE2B32-4868-46FC-93CC-00CAD1D4229C}.Debug|x86.ActiveCfg = Debug|Win32
		{13BE2B32-4868-46FC-93CC-00CAD1D4229C}.Debug|x86.Build.0 = Debug|Win32
		{13BE2B32-4868-46FC-93CC-00CAD1D4229C}.Release|x64.ActiveCfg = Release|x64
		{13BE2B32-4868-46FC-93CC-00CAD1D4229C}.Release|x64.Build.0 = Release|x64
		{13BE2B32-4868-46FC-93CC-00CAD1D4229C}.Release|x86.ActiveCfg = Release|Win32
		{13BE2B32-4868-46FC-93CC-00CAD1D4229C}.Release|x86.Build.0 = Release|Win32
		{ACA2AEC9-D57B-4A26-A350-ED05831A2B35}.Debug|x64.ActiveCfg = Debug|x64
		{ACA2AEC9-D57B-4A26-A350-ED05831A2B35}.Debug|x64.Build.0 = Debug|x64
		{ACA2AEC9-D57B-4A26-A350-ED05831A2B35}.Debug|x86.ActiveCfg = Debug|Win32
		{ACA2AEC9-D57B-4A26-A350-ED05831A2B35}.Debug|x86.Build.0 = Debug|Win32
		{ACA2AEC9-D57B-4A26-A350-ED05831A2B35}.Release|x64.ActiveCfg = Release|x64
		{ACA2AEC9-D57B-4A26-A350-ED05831A2B35}.Release|x64.Build.0 = Release|x64
		{ACA2AEC9-D57B-4A26-A350-ED05831A2B35}.Release|x86.ActiveCfg = Release|Win32
		{ACA2AEC9-D57B-4A26-A350-ED05831A2B35}.Release|x86.Build.0 = Release|Win32
		{6811D279-0383-4932-BE6A-0012AEA21B45}.Debug|x64.ActiveCfg = Debug|x64
		{6811D279-0383-4932-BE6A-0012AEA21B45}.Debug|x64.Build.0 = Debug|x64
		{6811D279-0383-4932-BE6A-0012AEA21B45}.Debug|x86.ActiveCfg = Debug|Win32
		{6811D279-0383-4932-BE6A-0012AEA21B45}.Debug|x86.Build.0 = Debug|Win32
		{6811D279-0383-4932-BE6A-0012AEA21B45}.Release|x64.ActiveCfg = Release|x64
		{6811D279-0383-4932-BE6A-0012AEA21B45}.Release|x64.Build.0 = Release|x64
		{6811D279-0383-4932-BE6A-0012AEA21B45}.Release|x86.ActiveCfg = Release|Win32
		{6811D279-0383-4932-BE6A-0012AEA21B45}.Release|x86.Build.0 = Release|Win32
		{728FA02F-0FAD-4298-93F9-BA71E2F8AA59}.Debug|x64.ActiveCfg = Debug|x64
		{728FA02F-0FAD-4298-93F9-BA71E2F8AA59}.Debug|x64.Build.0 = Debug|x64
		{728FA02F-0FAD-4298-93F9-BA71E2F8AA59}.Debug|x86.ActiveCfg = Debug|Win32
		{728FA02F-0FAD-4298-93F9-BA71E2F8AA59}.Debug|x86.Build.0 = Debug|Win32
		{728FA02F-0FAD-4298-93F9-BA71E2F8AA59}.Release|x64.ActiveCfg = Release|x64
		{728FA02F-0FAD-4298-93F9-BA71E2F8AA59}.Release|x64.Build.0 = Release|x64
		{728FA02F-0FAD-4298-93F9-BA71E2F8AA59}.Release|x86.ActiveCfg = Release|Win32
		{728FA02F-0FAD-4298-93F9-BA71E2F8AA59}.Release|x86.Build.0 = Release|Win32
		{C2DDF50F-B5FA-426D-9A8F-1EC3B5767364}.Debug|x64.ActiveCfg = Debug|x64
		{C2DDF50F-B5FA-426D-9A8F-1EC3B5767364}.Debug|x64.Build.0 = Debug|x64
		{C2DDF50F-B5FA-426D-9A8F-1EC3B5767364}.Debug|x86.ActiveCfg = Debug|Win32
		{C2DDF50F-B5FA-426D-9A8F-1EC3B5767364}.Debug|x86.Build.0 = Debug|Win32
		{C2DDF50F-B5FA-426D-9A8F-1EC3B5767364}.Release|x64.ActiveCfg = Release|x64
		{C2DDF50F-B5FA-426D-9A8F-1EC3B5767364}.Release|x64.Build.0 = Release|x64
		{C2DDF50F-B5FA-426D-9A8F-1EC3B5767364}.Release|x86.ActiveCfg = Release|Win32
		{C2DDF50F-B5FA-426D-9A8F-1EC3B5767364}.Release|x86.Build.0 = Release|Win32
		{F1E6B23C-BA6D-4C77-A54A-C8FFB1F16299}.Debug|x64.ActiveCfg = Debug|x64
		{F1E6B23C-BA6D-4C77-A54A-C8FFB1F16299}.Debug|x64.Build.0 = Debug|x64
		{F1E6B23C-BA6D-4C77-A54A-C8FFB1F16299}.Debug|x86.ActiveCfg = Debug|Win32
		{F1E6B23C-BA6D-4C77-A54A-C8FFB1F16299}.Debug|x86.Build.0 = Debug|Win32
		{F1E6B23C-BA6D-4C77-A54A-C8FFB1F16299}.Release|x64.ActiveCfg = Release|x64
		{F1E6B23C-BA6D-4C77-A54A-C8FFB1F16299}.Release|x64.Build.0 = Release|x64
		{F1E6B23C-BA6D-4C77-A54A-C8FFB1F16299}.Release|x86.ActiveCfg = Release|Win32
		{F1E6B23C-BA6D-4C77-A54A-C8FFB1F16299}.Release|x86.Build.0 = Release|Win32
		{D549C0B0-89B3-436E-AB82-90E6B8373BAE}.Debug|x64.ActiveCfg = Debug|x64
		{D549C0B0-89B3-436E-AB82-90E6B8373BAE}.Debug|x64.Build.0 = Debug|x64
		{D549C0B0-89B3-436E-AB82-90E6B8373BAE}.Debug|x86.ActiveCfg = Debug|Win32
		{D549C0B0-89B3-436E-AB82-90E6B8373BAE}.Debug|x86.Build.0 = Debug|Win32
		{D549C0B0-89B3-436E-AB82-90E6B8373BAE}.Release|x64.ActiveCfg = Release|x64
		{D549C0B0-89B3-436E-AB82-90E6B8373BAE}.Release|x64.Build.0 = Release|x64
		{D549C0B0-89B3-436E-AB82-90E6B8373BAE}.Release|x86.ActiveCfg = Release|Win32
		{D549C0B0-89B3-436E-AB82-90E6B8373BAE}.Release|x86.Build.0 = Release|Win32
		{DB92889E-67F8-4F5C-AC2F-F4577F0C595E}.Debug|x64.ActiveCfg = Debug|x64
		{DB92889E-67F8-4F5C-AC2F-F4577F0C595E}.Debug|x64.Build.0 = Debug|x64
		{DB92889E-67F8-4F5C-AC2F-F4577F0C595E}.Debug|x86.ActiveCfg = Debug|Win32
		{DB92889E-67F8-4F5C-AC2F-F4577F0C595E}.Debug|x86.Build.0 = Debug|Win32
		{DB92889E-67F8-4F5C-AC2F-F4577F0C595E}.Release|x64.ActiveCfg = Release|x64
		{DB92889E-67F8-4F5C-AC2F-F4577F0C595E}.Release|x64.Build.0 = Release|x64
		{DB92889E-67F8-4F5C-AC2F-F4577F0C595E}.Release|x86.ActiveCfg = Release|Win32
		{DB92889E-67F8-4F5C-AC2F-F4577F0C595E}.Release|x86.Build.0 = Release|Win32
		{4F5E3F9D-FF40-4ED1-9AF2-5426EBA7A294}.Debug|x64.ActiveCfg = Debug|x64
		{4F5E3F9D-FF40-4ED1-9AF2-5426EBA7A294}.Debug|x64.Build.0 = Debug|x64
		{4F5E3F9D-FF40-4ED1-9AF2-5426EBA7A294}.Debug|x86.ActiveCfg = Debug|Win32
		{4F5E3F9D-FF40-4ED1-9AF2-5426EBA7A294}.Debug|x86.Build.0 = Debug|Win32
		{4F5E3F9D-FF40-4ED1-9AF2-5426EBA7A294}.Release|x64.ActiveCfg = Release|x64
		{4F5E3F9D-FF40-4ED1-9AF2-5426EBA7A294}.Release|x64.Build.0 = Release|x64
		{4F5E3F9D-FF40-4ED1-9AF2-5426EBA7A294}.Release|x86.ActiveCfg = Release|Win32
		{4F5E3F9D-FF40-4ED1-9AF2-5426EBA7A294}.Release|x86.Build.0 = Release|Win32
		{3BCDE137-AEF9-45D2-B21B-931CE03FA136}.Debug|x64.ActiveCfg = Debug|x64
		{3BCDE137-AEF9-45D2-B21B-931CE03FA136}.Debug|x64.Build.0 = Debug|x64
		{3BCDE137-AEF9-45D2-B21B-931CE03FA136}.Debug|x86.ActiveCfg = Debug|Win32
		{3BCDE137-AEF9-45D2-B21B-931CE03FA136}.Debug|x86.Build.0 = Debug|Win32
		{3BCDE137-AEF9-45D2-B21B-931CE03FA136}.Release|x64.ActiveCfg = Release|x64
		{3BCDE137-AEF9-45D2-B21B-931CE03FA136}.Release|x64.Build.0 = Release|x64
		{3BCDE137-AEF9-45D2-B21B-931CE03FA136}.Release|x86.ActiveCfg = Release|Win32
		{3BCDE137-AEF9-45D2-B21B-931CE03FA136}.Release|x86.Build.0 = Release|Win32
		{2230224A-01EA-46BD-9829-305C17651803}.Debug|x64.ActiveCfg = Debug|x64
		{2230224A-01EA-46BD-9829-305C17651803}.Debug|x64.Build.0 = Debug|x64
		{2230224A-01EA-46BD-9829-305C17651803}.Debug|x86.ActiveCfg = Debug|Win32
		{2230224A-01EA-46BD-9829-305C17651803}.Debug|x86.Build.0 = Debug|Win32
		{2230224A-01EA-46BD-9829-305C17651803}.Release|x64.ActiveCfg = Release|x64
		{2230224A-01EA-46BD-9829-305C17651803}.Release|x64.Build.0 = Release|x64
		{2230224A-01EA-46BD-9829-305C17651803}.Release|x86.ActiveCfg = Release|Win32
		{2230224A-01EA-46BD-9829-305C17651803}.Release|x86.Build.0 = Release|Win32
		{D24AC005-AA14-41F9-8F06-458E4D13446F}.Debug|x64.ActiveCfg = Debug|x64
		{D24AC005-AA14-41F9-8F06-458E4D13446F}.Debug|x64.Build.0 = Debug|x64
		{D24AC005-AA14-41F9-8F06-458E4D13446F}.Debug|x86.ActiveCfg = Debug|Win32
		{D24AC005-AA14-41F9-8F06-458E4D13446F}.Debug|x86.Build.0 = Debug|Win32
		{D24AC005-AA14-41F9-8F06-458E4D13446F}.Release|x64.ActiveCfg = Release|x64
		{D24AC005-AA14-41F9-8F06-458E4D13446F}.Release|x64.Build.0 = Release|x64
		{D24AC005-AA14-41F9-8F06-458E4D13446F}.Release|x86.ActiveCfg = Release|Win32
		{D24AC005-AA14-41F9-8F06-458E4D13446F}.Release|x86.Build.0 = Release|Win32
		{F9FECB9A-682F-4E82-AA14-863EBDF9676C}.Debug|x64.ActiveCfg = Debug|x64
		{F9FECB9A-682F-4E82-AA14-863EBDF9676C}.Debug|x64.Build.0 = Debug|x64
		{F9FECB9A-682F-4E82-AA14-863EBDF9676C}.Debug|x86.ActiveCfg = Debug|Win32
		{F9FECB9A-682F-4E82-AA14-863EBDF9676C}.Debug|x86.Build.0 = Debug|Win32
		{F9FECB9A-682F-4E82-AA14-863EBDF9676C}.Release|x64.ActiveCfg = Release|x64
		{F9FECB9A-682F-4E82-AA14-863EBDF9676C}.Release|x64.Build.0 = Release|x64
		{F9FECB9A-682F-4E82-AA14-863EBDF9676C}.Release|x86.ActiveCfg = Release|Win32
		{F9FECB9A-682F-4E82-AA14-863EBDF9676C}.Release|x86.Build.0 = Release|Win32
	EndGlobalSection
	GlobalSection(SolutionProperties) = preSolution
		HideSolutionNode = FALSE
	EndGlobalSection
	GlobalSection(ExtensibilityGlobals) = postSolution
		SolutionGuid = {111813E9-E103-4AAF-81E3-EB417317876F}
	EndGlobalSection
EndGlobal
