
Microsoft Visual Studio Solution File, Format Version 12.00
# Visual Studio Version 17
VisualStudioVersion = 17.7.34031.279
MinimumVisualStudioVersion = 10.0.40219.1
Project("{8BC9CEB8-8B4A-11D0-8D11-00A0C91BC942}") = "Bai001", "Bai001\Bai001.vcxproj", "{C3E04D5A-BECE-42C6-89A7-398FE23427FC}"
EndProject
Project("{8BC9CEB8-8B4A-11D0-8D11-00A0C91BC942}") = "Bai002", "Bai002\Bai002.vcxproj", "{34B41976-C487-405E-BE7A-305D45C24238}"
EndProject
Project("{8BC9CEB8-8B4A-11D0-8D11-00A0C91BC942}") = "Bai003", "Bai003\Bai003.vcxproj", "{09C0F522-1D9C-4811-B5CA-467458B293D7}"
EndProject
Project("{8BC9CEB8-8B4A-11D0-8D11-00A0C91BC942}") = "Bai004", "Bai004\Bai004.vcxproj", "{06A503E1-2587-48FA-A9A2-1CA646848F76}"
EndProject
Project("{8BC9CEB8-8B4A-11D0-8D11-00A0C91BC942}") = "Bai005", "Bai005\Bai005.vcxproj", "{C6C92E00-5614-40B7-AFA9-45BED79D3C6A}"
EndProject
Project("{8BC9CEB8-8B4A-11D0-8D11-00A0C91BC942}") = "Bai006", "Bai006\Bai006.vcxproj", "{E3C20E27-2741-4945-8896-59E030F18E56}"
EndProject
Project("{8BC9CEB8-8B4A-11D0-8D11-00A0C91BC942}") = "Bai007", "Bai007\Bai007.vcxproj", "{DD598403-08FF-49C6-A049-21046A5E80DA}"
EndProject
Project("{8BC9CEB8-8B4A-11D0-8D11-00A0C91BC942}") = "Bai008", "Bai008\Bai008.vcxproj", "{F75F2283-B359-4375-B977-AF3434DFC722}"
EndProject
Project("{8BC9CEB8-8B4A-11D0-8D11-00A0C91BC942}") = "Bai009", "Bai009\Bai009.vcxproj", "{FB97EB95-76D1-4FDE-9525-9BCC6B258167}"
EndProject
Project("{8BC9CEB8-8B4A-11D0-8D11-00A0C91BC942}") = "Bai010", "Bai010\Bai010.vcxproj", "{FBDC77A5-87C2-40CA-A761-17AE30180588}"
EndProject
Project("{8BC9CEB8-8B4A-11D0-8D11-00A0C91BC942}") = "Bai011", "Bai011\Bai011.vcxproj", "{968563A0-8B6D-4082-82D2-A8D26D7FE523}"
EndProject
Project("{8BC9CEB8-8B4A-11D0-8D11-00A0C91BC942}") = "Bai012", "Bai012\Bai012.vcxproj", "{6D1B3C28-6DA2-4516-A34B-C0B484889180}"
EndProject
Project("{8BC9CEB8-8B4A-11D0-8D11-00A0C91BC942}") = "Bai013", "Bai013\Bai013.vcxproj", "{1CEA5DD1-D889-4BC8-A7C8-DB7D0554C7AC}"
EndProject
Project("{8BC9CEB8-8B4A-11D0-8D11-00A0C91BC942}") = "Bai014", "Bai014\Bai014.vcxproj", "{6263ECC0-5B03-48AB-B7D0-8C50DD682644}"
EndProject
Project("{8BC9CEB8-8B4A-11D0-8D11-00A0C91BC942}") = "Bai015", "Bai015\Bai015.vcxproj", "{CD5CEB32-24E8-468F-8716-104F0FA6A5C1}"
EndProject
Project("{8BC9CEB8-8B4A-11D0-8D11-00A0C91BC942}") = "Bai016", "Bai016\Bai016.vcxproj", "{B6BF12BA-3D58-427C-9F6A-64BA39B8A4A0}"
EndProject
Project("{8BC9CEB8-8B4A-11D0-8D11-00A0C91BC942}") = "Bai017", "Bai017\Bai017.vcxproj", "{5D3709D9-568B-4A85-BD53-6A1FB58BE684}"
EndProject
Project("{8BC9CEB8-8B4A-11D0-8D11-00A0C91BC942}") = "Bai018", "Bai018\Bai018.vcxproj", "{F54417DB-F266-44A0-9B2D-BBB311781041}"
EndProject
Project("{8BC9CEB8-8B4A-11D0-8D11-00A0C91BC942}") = "Bai019", "Bai019\Bai019.vcxproj", "{D180B1AC-1671-4FBE-BBD0-CD60A767A0D3}"
EndProject
Project("{8BC9CEB8-8B4A-11D0-8D11-00A0C91BC942}") = "Bai020", "Bai020\Bai020.vcxproj", "{74C53332-EAEF-41A1-90DD-F3C4A02E8718}"
EndProject
Project("{8BC9CEB8-8B4A-11D0-8D11-00A0C91BC942}") = "Bai021", "Bai021\Bai021.vcxproj", "{24C1CFB6-6CAC-45EB-A964-23C97DE7D025}"
EndProject
Project("{8BC9CEB8-8B4A-11D0-8D11-00A0C91BC942}") = "Bai022", "Bai022\Bai022.vcxproj", "{7515379A-94AD-4F72-811C-0A7CE117AF89}"
EndProject
Project("{8BC9CEB8-8B4A-11D0-8D11-00A0C91BC942}") = "Bai023", "Bai023\Bai023.vcxproj", "{1688DCE5-1653-4480-8B1B-9CD48EB0BDA8}"
EndProject
Project("{8BC9CEB8-8B4A-11D0-8D11-00A0C91BC942}") = "Bai024", "Bai024\Bai024.vcxproj", "{554C7032-7BD3-4707-B682-10FD4B254A43}"
EndProject
Project("{8BC9CEB8-8B4A-11D0-8D11-00A0C91BC942}") = "Bai025", "Bai025\Bai025.vcxproj", "{EA8284D6-B8B4-4CB1-A0E6-C6A7D7FC7949}"
EndProject
Project("{8BC9CEB8-8B4A-11D0-8D11-00A0C91BC942}") = "Bai026", "Bai026\Bai026.vcxproj", "{0AEAC8F4-0514-4222-BFEC-C1AA087C1960}"
EndProject
Project("{8BC9CEB8-8B4A-11D0-8D11-00A0C91BC942}") = "Bai027", "Bai027\Bai027.vcxproj", "{621F1D7E-6630-45AA-9393-D1DDACFA611C}"
EndProject
Project("{8BC9CEB8-8B4A-11D0-8D11-00A0C91BC942}") = "Bai028", "Bai028\Bai028.vcxproj", "{4D92ED9B-A3F9-4460-B4DF-EAEC927F52AE}"
EndProject
Project("{8BC9CEB8-8B4A-11D0-8D11-00A0C91BC942}") = "Bai029", "Bai029\Bai029.vcxproj", "{DC0BD96F-027E-4D58-8D8A-60377DF575C2}"
EndProject
Project("{8BC9CEB8-8B4A-11D0-8D11-00A0C91BC942}") = "Bai030", "Bai030\Bai030.vcxproj", "{DA85FFB4-28D9-43CB-B1A8-01A479F6645B}"
EndProject
Project("{8BC9CEB8-8B4A-11D0-8D11-00A0C91BC942}") = "Bai031", "Bai031\Bai031.vcxproj", "{353A793D-ECF5-49B6-8876-6E4E4917CA6A}"
EndProject
Project("{8BC9CEB8-8B4A-11D0-8D11-00A0C91BC942}") = "Bai032", "Bai032\Bai032.vcxproj", "{BD3DFD3F-D4D4-4190-9D1B-63A98225DE4B}"
EndProject
Project("{8BC9CEB8-8B4A-11D0-8D11-00A0C91BC942}") = "Bai033", "Bai033\Bai033.vcxproj", "{CE5AD2BE-CA50-4EF5-9F40-59FB3429E0C6}"
EndProject
Project("{8BC9CEB8-8B4A-11D0-8D11-00A0C91BC942}") = "Bai034", "Bai034\Bai034.vcxproj", "{820E15AE-C26B-4A3E-BCFC-4074B4785AD6}"
EndProject
Project("{8BC9CEB8-8B4A-11D0-8D11-00A0C91BC942}") = "Bai035", "Bai035\Bai035.vcxproj", "{F03B5C58-50DE-45DB-8874-00FEDFD4B270}"
EndProject
Project("{8BC9CEB8-8B4A-11D0-8D11-00A0C91BC942}") = "Bai036", "Bai036\Bai036.vcxproj", "{33FD3786-06CF-48F2-86E9-4A6163AE8074}"
EndProject
Project("{8BC9CEB8-8B4A-11D0-8D11-00A0C91BC942}") = "Bai037", "Bai037\Bai037.vcxproj", "{3EFD063C-08D7-49A8-8CE8-83BB80B1743D}"
EndProject
Project("{8BC9CEB8-8B4A-11D0-8D11-00A0C91BC942}") = "Bai038", "Bai038\Bai038.vcxproj", "{1E718210-CEE4-41BA-AA50-FDDC2A16CBCD}"
EndProject
Project("{8BC9CEB8-8B4A-11D0-8D11-00A0C91BC942}") = "Bai039", "Bai039\Bai039.vcxproj", "{900F6B67-9CD7-4C8D-8AAE-2504A598F0BE}"
EndProject
Project("{8BC9CEB8-8B4A-11D0-8D11-00A0C91BC942}") = "Bai040", "Bai040\Bai040.vcxproj", "{E76B1704-2429-45BD-B186-A34FAA262EB1}"
EndProject
Project("{8BC9CEB8-8B4A-11D0-8D11-00A0C91BC942}") = "Bai041", "Bai041\Bai041.vcxproj", "{4FD35E6D-38A3-4B14-A996-A8D716AF7323}"
EndProject
Project("{8BC9CEB8-8B4A-11D0-8D11-00A0C91BC942}") = "Bai042", "Bai042\Bai042.vcxproj", "{266BE413-B845-4C2A-92E8-37759330DAF0}"
EndProject
Project("{8BC9CEB8-8B4A-11D0-8D11-00A0C91BC942}") = "Bai043", "Bai043\Bai043.vcxproj", "{DDC6F2E2-764B-4148-A230-F4B82CD836CB}"
EndProject
Project("{8BC9CEB8-8B4A-11D0-8D11-00A0C91BC942}") = "Bai044", "Bai044\Bai044.vcxproj", "{13BE2B32-4868-46FC-93CC-00CAD1D4229C}"
EndProject
Project("{8BC9CEB8-8B4A-11D0-8D11-00A0C91BC942}") = "Bai045", "Bai045\Bai045.vcxproj", "{ACA2AEC9-D57B-4A26-A350-ED05831A2B35}"
EndProject
Project("{8BC9CEB8-8B4A-11D0-8D11-00A0C91BC942}") = "Bai046", "Bai046\Bai046.vcxproj", "{6811D279-0383-4932-BE6A-0012AEA21B45}"
EndProject
Project("{8BC9CEB8-8B4A-11D0-8D11-00A0C91BC942}") = "Bai047", "Bai047\Bai047.vcxproj", "{728FA02F-0FAD-4298-93F9-BA71E2F8AA59}"
EndProject
Project("{8BC9CEB8-8B4A-11D0-8D11-00A0C91BC942}") = "Bai048", "Bai048\Bai048.vcxproj", "{C2DDF50F-B5FA-426D-9A8F-1EC3B5767364}"
EndProject
Project("{8BC9CEB8-8B4A-11D0-8D11-00A0C91BC942}") = "Bai049", "Bai049\Bai049.vcxproj", "{F1E6B23C-BA6D-4C77-A54A-C8FFB1F16299}"
EndProject
Project("{8BC9CEB8-8B4A-11D0-8D11-00A0C91BC942}") = "Bai050", "Bai050\Bai050.vcxproj", "{D549C0B0-89B3-436E-AB82-90E6B8373BAE}"
EndProject
Project("{8BC9CEB8-8B4A-11D0-8D11-00A0C91BC942}") = "Bai051", "Bai051\Bai051.vcxproj", "{DB92889E-67F8-4F5C-AC2F-F4577F0C595E}"
EndProject
Project("{8BC9CEB8-8B4A-11D0-8D11-00A0C91BC942}") = "Bai052", "Bai052\Bai052.vcxproj", "{4F5E3F9D-FF40-4ED1-9AF2-5426EBA7A294}"
EndProject
Project("{8BC9CEB8-8B4A-11D0-8D11-00A0C91BC942}") = "Bai053", "Bai053\Bai053.vcxproj", "{3BCDE137-AEF9-45D2-B21B-931CE03FA136}"
EndProject
Project("{8BC9CEB8-8B4A-11D0-8D11-00A0C91BC942}") = "Bai054", "Bai054\Bai054.vcxproj", "{2230224A-01EA-46BD-9829-305C17651803}"
EndProject
Project("{8BC9CEB8-8B4A-11D0-8D11-00A0C91BC942}") = "Bai055", "Bai055\Bai055.vcxproj", "{D24AC005-AA14-41F9-8F06-458E4D13446F}"
EndProject
Project("{8BC9CEB8-8B4A-11D0-8D11-00A0C91BC942}") = "Bai056", "Bai056\Bai056.vcxproj", "{F9FECB9A-682F-4E82-AA14-863EBDF9676C}"
EndProject
Project("{8BC9CEB8-8B4A-11D0-8D11-00A0C91BC942}") = "Bai072", "Bai072\Bai072.vcxproj", "{3B716D55-132C-443D-827E-28B9FBB6A036}"
EndProject
Project("{8BC9CEB8-8B4A-11D0-8D11-00A0C91BC942}") = "Bai071", "Bai071\Bai071.vcxproj", "{11E6A271-F842-4914-9794-E7B7B6212761}"
EndProject
Project("{8BC9CEB8-8B4A-11D0-8D11-00A0C91BC942}") = "Bai070", "Bai070\Bai070.vcxproj", "{F3FA6748-F416-4D5B-8FFE-B03D34BEECF9}"
EndProject
Project("{8BC9CEB8-8B4A-11D0-8D11-00A0C91BC942}") = "Bai069", "Bai069\Bai069.vcxproj", "{4A7FFDAC-D2D3-40B3-97D3-18893FE480DF}"
EndProject
Project("{8BC9CEB8-8B4A-11D0-8D11-00A0C91BC942}") = "Bai066", "Bai066\Bai066.vcxproj", "{150DDDA6-664A-4BB3-A8F0-38689CD9F2DF}"
EndProject
Project("{8BC9CEB8-8B4A-11D0-8D11-00A0C91BC942}") = "Bai067", "Bai067\Bai067.vcxproj", "{C342B3FA-3FD0-4F07-913E-E06C32CDB881}"
EndProject
Project("{8BC9CEB8-8B4A-11D0-8D11-00A0C91BC942}") = "Bai068", "Bai068\Bai068.vcxproj", "{9CE4FB02-7AF7-4CBF-88E0-E376C5390C2B}"
EndProject
Project("{8BC9CEB8-8B4A-11D0-8D11-00A0C91BC942}") = "Bai074", "Bai074\Bai074.vcxproj", "{D2BF15D2-5541-4EAB-80F6-8AD0334DEDAA}"
EndProject
Project("{8BC9CEB8-8B4A-11D0-8D11-00A0C91BC942}") = "Bai077", "Bai077\Bai077.vcxproj", "{394B1B12-7217-42BB-B4F5-EFE532219DBC}"
EndProject
Project("{8BC9CEB8-8B4A-11D0-8D11-00A0C91BC942}") = "Bai080", "Bai080\Bai080.vcxproj", "{8098D027-501C-4413-B27F-F39E57922879}"
EndProject
Project("{8BC9CEB8-8B4A-11D0-8D11-00A0C91BC942}") = "Bai088", "Bai088\Bai088.vcxproj", "{0917AA97-B419-41AC-B4B2-FA6721D5BF47}"
EndProject
Project("{8BC9CEB8-8B4A-11D0-8D11-00A0C91BC942}") = "Bai057", "Bai057\Bai057.vcxproj", "{AE5C579A-E301-409D-8995-65A9336F1A6A}"
EndProject
Project("{8BC9CEB8-8B4A-11D0-8D11-00A0C91BC942}") = "Bai058", "Bai058\Bai058.vcxproj", "{A25BB36B-BB89-427F-A3A3-9117F1110B29}"
EndProject
Project("{8BC9CEB8-8B4A-11D0-8D11-00A0C91BC942}") = "Bai059", "Bai059\Bai059.vcxproj", "{973BC0CE-D9BE-440C-A946-61A055A1BF9B}"
EndProject
Project("{8BC9CEB8-8B4A-11D0-8D11-00A0C91BC942}") = "Bai060", "Bai060\Bai060.vcxproj", "{3CDB9197-DED1-4BE6-9046-55C8800411D2}"
EndProject
Project("{8BC9CEB8-8B4A-11D0-8D11-00A0C91BC942}") = "Bai081", "Bai081\Bai081.vcxproj", "{76975794-CB41-4A81-9C8F-846DB9C8641B}"
EndProject
Project("{8BC9CEB8-8B4A-11D0-8D11-00A0C91BC942}") = "Bai087", "Bai087\Bai087.vcxproj", "{FFE5BAEC-F8D8-4B22-BF9F-09DA87B60DCA}"
EndProject
Project("{8BC9CEB8-8B4A-11D0-8D11-00A0C91BC942}") = "Bai090", "Bai090\Bai090.vcxproj", "{815AF3D1-4BD4-4726-B7C4-C8E86A057199}"
EndProject
Project("{8BC9CEB8-8B4A-11D0-8D11-00A0C91BC942}") = "Bai106", "Bai106\Bai106.vcxproj", "{A7B74462-B7D7-47FD-86CA-40ADE1F7380F}"
EndProject
Project("{8BC9CEB8-8B4A-11D0-8D11-00A0C91BC942}") = "Bai107", "Bai107\Bai107.vcxproj", "{329BDD9B-7709-4304-89BF-62450DBC43AC}"
EndProject
Project("{8BC9CEB8-8B4A-11D0-8D11-00A0C91BC942}") = "Bai117", "Bai117\Bai117.vcxproj", "{162E51A6-A0CB-4610-88D6-F0C712A94288}"
EndProject
Project("{8BC9CEB8-8B4A-11D0-8D11-00A0C91BC942}") = "Bai123", "Bai123\Bai123.vcxproj", "{40A0D4BD-FD2D-4C96-934B-4B7BC901549F}"
EndProject
Project("{8BC9CEB8-8B4A-11D0-8D11-00A0C91BC942}") = "Bai139", "Bai139\Bai139.vcxproj", "{02AE6368-C127-409E-B269-3D7E9ACD3591}"
EndProject
Project("{8BC9CEB8-8B4A-11D0-8D11-00A0C91BC942}") = "Bai141", "Bai141\Bai141.vcxproj", "{A892030D-59CB-4633-A47F-67838AED4873}"
EndProject
Project("{8BC9CEB8-8B4A-11D0-8D11-00A0C91BC942}") = "Bai142", "Bai142\Bai142.vcxproj", "{52E7F583-894B-48B0-8125-0AF45A8937D2}"
EndProject
Project("{8BC9CEB8-8B4A-11D0-8D11-00A0C91BC942}") = "Bai143", "Bai143\Bai143.vcxproj", "{4C51C1E4-A459-41D7-ACD7-9F43635B3F62}"
EndProject
Project("{8BC9CEB8-8B4A-11D0-8D11-00A0C91BC942}") = "Bai144", "Bai144\Bai144.vcxproj", "{C9121665-41A6-4D7D-A054-7BF4879946FC}"
EndProject
Project("{8BC9CEB8-8B4A-11D0-8D11-00A0C91BC942}") = "Bai145", "Bai145\Bai145.vcxproj", "{D9B2876D-5EC5-4F4F-9126-216AA84D13D1}"
EndProject
Project("{8BC9CEB8-8B4A-11D0-8D11-00A0C91BC942}") = "Bai146", "Bai146\Bai146.vcxproj", "{8C99E6A7-AC76-440A-8D51-16F955B0BDAD}"
EndProject
Project("{8BC9CEB8-8B4A-11D0-8D11-00A0C91BC942}") = "Bai147", "Bai147\Bai147.vcxproj", "{24011486-3F9C-43EE-B7EA-DBBD4740368C}"
EndProject
Project("{8BC9CEB8-8B4A-11D0-8D11-00A0C91BC942}") = "Bai148", "Bai148\Bai148.vcxproj", "{3C2B7382-7919-43DE-A33F-2506373A13CA}"
EndProject
Project("{8BC9CEB8-8B4A-11D0-8D11-00A0C91BC942}") = "Bai149", "Bai149\Bai149.vcxproj", "{B86280AA-92A3-4434-B97E-AD9FD9854A2D}"
EndProject
Project("{8BC9CEB8-8B4A-11D0-8D11-00A0C91BC942}") = "Bai150", "Bai150\Bai150.vcxproj", "{7336533A-4ECB-4C9B-8DED-A2E38A3F7B59}"
EndProject
Project("{8BC9CEB8-8B4A-11D0-8D11-00A0C91BC942}") = "Bai151", "Bai151\Bai151.vcxproj", "{CB57BFD3-EDAB-4A14-BF0B-71F43AC4FF17}"
EndProject
Project("{8BC9CEB8-8B4A-11D0-8D11-00A0C91BC942}") = "Bai152", "Bai152\Bai152.vcxproj", "{B6106782-42AF-46DC-9786-94FEE0983B3E}"
EndProject
Project("{8BC9CEB8-8B4A-11D0-8D11-00A0C91BC942}") = "Bai153", "Bai153\Bai153.vcxproj", "{7DE945A8-BD37-4E8B-9AC5-8AD8E5B02FAF}"
EndProject
Project("{8BC9CEB8-8B4A-11D0-8D11-00A0C91BC942}") = "Bai154", "Bai154\Bai154.vcxproj", "{4FE23FF0-6A24-4206-A6EF-627187DA91D3}"
EndProject
Project("{8BC9CEB8-8B4A-11D0-8D11-00A0C91BC942}") = "Bai155", "Bai155\Bai155.vcxproj", "{59A3CEE7-5D34-457C-B8F9-F99955F267EE}"
EndProject
Project("{8BC9CEB8-8B4A-11D0-8D11-00A0C91BC942}") = "Bai156", "Bai156\Bai156.vcxproj", "{DDF4DB61-7DD2-4F1B-B575-040A79033020}"
EndProject
Project("{8BC9CEB8-8B4A-11D0-8D11-00A0C91BC942}") = "Bai157", "Bai157\Bai157.vcxproj", "{DB5B355A-A42E-4E9C-9448-194E33644B4E}"
EndProject
Project("{8BC9CEB8-8B4A-11D0-8D11-00A0C91BC942}") = "Bai158", "Bai158\Bai158.vcxproj", "{17BBDB92-EC12-4614-A0A1-4E8A3E462491}"
EndProject
Project("{8BC9CEB8-8B4A-11D0-8D11-00A0C91BC942}") = "Bai159", "Bai159\Bai159.vcxproj", "{30CC2911-A844-465B-BE5B-784622E779AA}"
EndProject
Project("{8BC9CEB8-8B4A-11D0-8D11-00A0C91BC942}") = "Bai160", "Bai160\Bai160.vcxproj", "{BCB81529-A688-4FB5-86F5-CC86138894D3}"
EndProject
Project("{8BC9CEB8-8B4A-11D0-8D11-00A0C91BC942}") = "Bai161", "Bai161\Bai161.vcxproj", "{8513C23F-78E0-4C97-B11E-8184E2A3130A}"
EndProject
Project("{8BC9CEB8-8B4A-11D0-8D11-00A0C91BC942}") = "Bai162", "Bai162\Bai162.vcxproj", "{2D55DABA-A94A-4F24-B038-1F954F6A3992}"
EndProject
Project("{8BC9CEB8-8B4A-11D0-8D11-00A0C91BC942}") = "Bai163", "Bai163\Bai163.vcxproj", "{CB41B937-694B-4CB0-BE06-712B9F281B6C}"
EndProject
Project("{8BC9CEB8-8B4A-11D0-8D11-00A0C91BC942}") = "Bai164", "Bai164\Bai164.vcxproj", "{BA7CC263-FBEF-4C0B-A520-872B0BBA9A53}"
EndProject
Project("{8BC9CEB8-8B4A-11D0-8D11-00A0C91BC942}") = "Bai167", "Bai167\Bai167.vcxproj", "{580E1493-A208-4B95-828F-975400DABEF2}"
EndProject
Project("{8BC9CEB8-8B4A-11D0-8D11-00A0C91BC942}") = "Bai165", "Bai165\Bai165.vcxproj", "{B07651AD-DE2D-4682-9F68-373236D61B25}"
EndProject
Project("{8BC9CEB8-8B4A-11D0-8D11-00A0C91BC942}") = "Bai166", "Bai166\Bai166.vcxproj", "{0F2EACCC-669B-4277-8E05-835A7FC7CE8F}"
EndProject
Project("{8BC9CEB8-8B4A-11D0-8D11-00A0C91BC942}") = "Bai168", "Bai168\Bai168.vcxproj", "{15ADC650-E41E-4258-8EC9-1201414C6E75}"
EndProject
Project("{8BC9CEB8-8B4A-11D0-8D11-00A0C91BC942}") = "Bai169", "Bai169\Bai169.vcxproj", "{97BD2943-3D4E-4E14-930F-637FDE8A9556}"
EndProject
Project("{8BC9CEB8-8B4A-11D0-8D11-00A0C91BC942}") = "Bai170", "Bai170\Bai170.vcxproj", "{9F2DD6E7-DED3-42D7-A924-2E027AE5F4F6}"
EndProject
Project("{8BC9CEB8-8B4A-11D0-8D11-00A0C91BC942}") = "Bai073", "Bai073\Bai073.vcxproj", "{942D9294-05E0-4814-94B1-35EA36F717F7}"
EndProject
Project("{8BC9CEB8-8B4A-11D0-8D11-00A0C91BC942}") = "Bai075", "Bai075\Bai075.vcxproj", "{062849D8-2762-4842-BCA0-DF8A4089896A}"
EndProject
Project("{8BC9CEB8-8B4A-11D0-8D11-00A0C91BC942}") = "Bai076", "Bai076\Bai076.vcxproj", "{FAF5F2F7-4FE0-48FD-A8D9-6872119B0F3D}"
EndProject
Project("{8BC9CEB8-8B4A-11D0-8D11-00A0C91BC942}") = "Bai078", "Bai078\Bai078.vcxproj", "{B3BDBCAF-1A34-42F4-B2B3-FE76554EDDC9}"
EndProject
Project("{8BC9CEB8-8B4A-11D0-8D11-00A0C91BC942}") = "Bai079", "Bai079\Bai079.vcxproj", "{EA3703B9-8226-4B18-AFA9-2177F6533CF6}"
EndProject
Project("{8BC9CEB8-8B4A-11D0-8D11-00A0C91BC942}") = "Bai082", "Bai082\Bai082.vcxproj", "{6A11D5D0-6D2A-4729-AF62-5C385C363FCC}"
EndProject
Project("{8BC9CEB8-8B4A-11D0-8D11-00A0C91BC942}") = "Bai083", "Bai083\Bai083.vcxproj", "{A873DED2-229B-4120-BF82-181B0704E8D5}"
EndProject
Project("{8BC9CEB8-8B4A-11D0-8D11-00A0C91BC942}") = "Bai084", "Bai084\Bai084.vcxproj", "{DA8F23E7-A4D6-4F4A-875B-B3D9547E8FAA}"
EndProject
Project("{8BC9CEB8-8B4A-11D0-8D11-00A0C91BC942}") = "Bai085", "Bai085\Bai085.vcxproj", "{FC290090-2009-4DE4-BB4E-BE462B8BCD79}"
EndProject
Project("{8BC9CEB8-8B4A-11D0-8D11-00A0C91BC942}") = "Bai086", "Bai086\Bai086.vcxproj", "{906EDA57-3D16-475A-8151-3ECECD7D61D8}"
EndProject
Project("{8BC9CEB8-8B4A-11D0-8D11-00A0C91BC942}") = "Bai089", "Bai089\Bai089.vcxproj", "{B95F9A5C-2D58-4278-B3A1-D405A59AC9D1}"
EndProject
Global
	GlobalSection(SolutionConfigurationPlatforms) = preSolution
		Debug|x64 = Debug|x64
		Debug|x86 = Debug|x86
		Release|x64 = Release|x64
		Release|x86 = Release|x86
	EndGlobalSection
	GlobalSection(ProjectConfigurationPlatforms) = postSolution
		{C3E04D5A-BECE-42C6-89A7-398FE23427FC}.Debug|x64.ActiveCfg = Debug|x64
		{C3E04D5A-BECE-42C6-89A7-398FE23427FC}.Debug|x64.Build.0 = Debug|x64
		{C3E04D5A-BECE-42C6-89A7-398FE23427FC}.Debug|x86.ActiveCfg = Debug|Win32
		{C3E04D5A-BECE-42C6-89A7-398FE23427FC}.Debug|x86.Build.0 = Debug|Win32
		{C3E04D5A-BECE-42C6-89A7-398FE23427FC}.Release|x64.ActiveCfg = Release|x64
		{C3E04D5A-BECE-42C6-89A7-398FE23427FC}.Release|x64.Build.0 = Release|x64
		{C3E04D5A-BECE-42C6-89A7-398FE23427FC}.Release|x86.ActiveCfg = Release|Win32
		{C3E04D5A-BECE-42C6-89A7-398FE23427FC}.Release|x86.Build.0 = Release|Win32
		{34B41976-C487-405E-BE7A-305D45C24238}.Debug|x64.ActiveCfg = Debug|x64
		{34B41976-C487-405E-BE7A-305D45C24238}.Debug|x64.Build.0 = Debug|x64
		{34B41976-C487-405E-BE7A-305D45C24238}.Debug|x86.ActiveCfg = Debug|Win32
		{34B41976-C487-405E-BE7A-305D45C24238}.Debug|x86.Build.0 = Debug|Win32
		{34B41976-C487-405E-BE7A-305D45C24238}.Release|x64.ActiveCfg = Release|x64
		{34B41976-C487-405E-BE7A-305D45C24238}.Release|x64.Build.0 = Release|x64
		{34B41976-C487-405E-BE7A-305D45C24238}.Release|x86.ActiveCfg = Release|Win32
		{34B41976-C487-405E-BE7A-305D45C24238}.Release|x86.Build.0 = Release|Win32
		{09C0F522-1D9C-4811-B5CA-467458B293D7}.Debug|x64.ActiveCfg = Debug|x64
		{09C0F522-1D9C-4811-B5CA-467458B293D7}.Debug|x64.Build.0 = Debug|x64
		{09C0F522-1D9C-4811-B5CA-467458B293D7}.Debug|x86.ActiveCfg = Debug|Win32
		{09C0F522-1D9C-4811-B5CA-467458B293D7}.Debug|x86.Build.0 = Debug|Win32
		{09C0F522-1D9C-4811-B5CA-467458B293D7}.Release|x64.ActiveCfg = Release|x64
		{09C0F522-1D9C-4811-B5CA-467458B293D7}.Release|x64.Build.0 = Release|x64
		{09C0F522-1D9C-4811-B5CA-467458B293D7}.Release|x86.ActiveCfg = Release|Win32
		{09C0F522-1D9C-4811-B5CA-467458B293D7}.Release|x86.Build.0 = Release|Win32
		{06A503E1-2587-48FA-A9A2-1CA646848F76}.Debug|x64.ActiveCfg = Debug|x64
		{06A503E1-2587-48FA-A9A2-1CA646848F76}.Debug|x64.Build.0 = Debug|x64
		{06A503E1-2587-48FA-A9A2-1CA646848F76}.Debug|x86.ActiveCfg = Debug|Win32
		{06A503E1-2587-48FA-A9A2-1CA646848F76}.Debug|x86.Build.0 = Debug|Win32
		{06A503E1-2587-48FA-A9A2-1CA646848F76}.Release|x64.ActiveCfg = Release|x64
		{06A503E1-2587-48FA-A9A2-1CA646848F76}.Release|x64.Build.0 = Release|x64
		{06A503E1-2587-48FA-A9A2-1CA646848F76}.Release|x86.ActiveCfg = Release|Win32
		{06A503E1-2587-48FA-A9A2-1CA646848F76}.Release|x86.Build.0 = Release|Win32
		{C6C92E00-5614-40B7-AFA9-45BED79D3C6A}.Debug|x64.ActiveCfg = Debug|x64
		{C6C92E00-5614-40B7-AFA9-45BED79D3C6A}.Debug|x64.Build.0 = Debug|x64
		{C6C92E00-5614-40B7-AFA9-45BED79D3C6A}.Debug|x86.ActiveCfg = Debug|Win32
		{C6C92E00-5614-40B7-AFA9-45BED79D3C6A}.Debug|x86.Build.0 = Debug|Win32
		{C6C92E00-5614-40B7-AFA9-45BED79D3C6A}.Release|x64.ActiveCfg = Release|x64
		{C6C92E00-5614-40B7-AFA9-45BED79D3C6A}.Release|x64.Build.0 = Release|x64
		{C6C92E00-5614-40B7-AFA9-45BED79D3C6A}.Release|x86.ActiveCfg = Release|Win32
		{C6C92E00-5614-40B7-AFA9-45BED79D3C6A}.Release|x86.Build.0 = Release|Win32
		{E3C20E27-2741-4945-8896-59E030F18E56}.Debug|x64.ActiveCfg = Debug|x64
		{E3C20E27-2741-4945-8896-59E030F18E56}.Debug|x64.Build.0 = Debug|x64
		{E3C20E27-2741-4945-8896-59E030F18E56}.Debug|x86.ActiveCfg = Debug|Win32
		{E3C20E27-2741-4945-8896-59E030F18E56}.Debug|x86.Build.0 = Debug|Win32
		{E3C20E27-2741-4945-8896-59E030F18E56}.Release|x64.ActiveCfg = Release|x64
		{E3C20E27-2741-4945-8896-59E030F18E56}.Release|x64.Build.0 = Release|x64
		{E3C20E27-2741-4945-8896-59E030F18E56}.Release|x86.ActiveCfg = Release|Win32
		{E3C20E27-2741-4945-8896-59E030F18E56}.Release|x86.Build.0 = Release|Win32
		{DD598403-08FF-49C6-A049-21046A5E80DA}.Debug|x64.ActiveCfg = Debug|x64
		{DD598403-08FF-49C6-A049-21046A5E80DA}.Debug|x64.Build.0 = Debug|x64
		{DD598403-08FF-49C6-A049-21046A5E80DA}.Debug|x86.ActiveCfg = Debug|Win32
		{DD598403-08FF-49C6-A049-21046A5E80DA}.Debug|x86.Build.0 = Debug|Win32
		{DD598403-08FF-49C6-A049-21046A5E80DA}.Release|x64.ActiveCfg = Release|x64
		{DD598403-08FF-49C6-A049-21046A5E80DA}.Release|x64.Build.0 = Release|x64
		{DD598403-08FF-49C6-A049-21046A5E80DA}.Release|x86.ActiveCfg = Release|Win32
		{DD598403-08FF-49C6-A049-21046A5E80DA}.Release|x86.Build.0 = Release|Win32
		{F75F2283-B359-4375-B977-AF3434DFC722}.Debug|x64.ActiveCfg = Debug|x64
		{F75F2283-B359-4375-B977-AF3434DFC722}.Debug|x64.Build.0 = Debug|x64
		{F75F2283-B359-4375-B977-AF3434DFC722}.Debug|x86.ActiveCfg = Debug|Win32
		{F75F2283-B359-4375-B977-AF3434DFC722}.Debug|x86.Build.0 = Debug|Win32
		{F75F2283-B359-4375-B977-AF3434DFC722}.Release|x64.ActiveCfg = Release|x64
		{F75F2283-B359-4375-B977-AF3434DFC722}.Release|x64.Build.0 = Release|x64
		{F75F2283-B359-4375-B977-AF3434DFC722}.Release|x86.ActiveCfg = Release|Win32
		{F75F2283-B359-4375-B977-AF3434DFC722}.Release|x86.Build.0 = Release|Win32
		{FB97EB95-76D1-4FDE-9525-9BCC6B258167}.Debug|x64.ActiveCfg = Debug|x64
		{FB97EB95-76D1-4FDE-9525-9BCC6B258167}.Debug|x64.Build.0 = Debug|x64
		{FB97EB95-76D1-4FDE-9525-9BCC6B258167}.Debug|x86.ActiveCfg = Debug|Win32
		{FB97EB95-76D1-4FDE-9525-9BCC6B258167}.Debug|x86.Build.0 = Debug|Win32
		{FB97EB95-76D1-4FDE-9525-9BCC6B258167}.Release|x64.ActiveCfg = Release|x64
		{FB97EB95-76D1-4FDE-9525-9BCC6B258167}.Release|x64.Build.0 = Release|x64
		{FB97EB95-76D1-4FDE-9525-9BCC6B258167}.Release|x86.ActiveCfg = Release|Win32
		{FB97EB95-76D1-4FDE-9525-9BCC6B258167}.Release|x86.Build.0 = Release|Win32
		{FBDC77A5-87C2-40CA-A761-17AE30180588}.Debug|x64.ActiveCfg = Debug|x64
		{FBDC77A5-87C2-40CA-A761-17AE30180588}.Debug|x64.Build.0 = Debug|x64
		{FBDC77A5-87C2-40CA-A761-17AE30180588}.Debug|x86.ActiveCfg = Debug|Win32
		{FBDC77A5-87C2-40CA-A761-17AE30180588}.Debug|x86.Build.0 = Debug|Win32
		{FBDC77A5-87C2-40CA-A761-17AE30180588}.Release|x64.ActiveCfg = Release|x64
		{FBDC77A5-87C2-40CA-A761-17AE30180588}.Release|x64.Build.0 = Release|x64
		{FBDC77A5-87C2-40CA-A761-17AE30180588}.Release|x86.ActiveCfg = Release|Win32
		{FBDC77A5-87C2-40CA-A761-17AE30180588}.Release|x86.Build.0 = Release|Win32
		{968563A0-8B6D-4082-82D2-A8D26D7FE523}.Debug|x64.ActiveCfg = Debug|x64
		{968563A0-8B6D-4082-82D2-A8D26D7FE523}.Debug|x64.Build.0 = Debug|x64
		{968563A0-8B6D-4082-82D2-A8D26D7FE523}.Debug|x86.ActiveCfg = Debug|Win32
		{968563A0-8B6D-4082-82D2-A8D26D7FE523}.Debug|x86.Build.0 = Debug|Win32
		{968563A0-8B6D-4082-82D2-A8D26D7FE523}.Release|x64.ActiveCfg = Release|x64
		{968563A0-8B6D-4082-82D2-A8D26D7FE523}.Release|x64.Build.0 = Release|x64
		{968563A0-8B6D-4082-82D2-A8D26D7FE523}.Release|x86.ActiveCfg = Release|Win32
		{968563A0-8B6D-4082-82D2-A8D26D7FE523}.Release|x86.Build.0 = Release|Win32
		{6D1B3C28-6DA2-4516-A34B-C0B484889180}.Debug|x64.ActiveCfg = Debug|x64
		{6D1B3C28-6DA2-4516-A34B-C0B484889180}.Debug|x64.Build.0 = Debug|x64
		{6D1B3C28-6DA2-4516-A34B-C0B484889180}.Debug|x86.ActiveCfg = Debug|Win32
		{6D1B3C28-6DA2-4516-A34B-C0B484889180}.Debug|x86.Build.0 = Debug|Win32
		{6D1B3C28-6DA2-4516-A34B-C0B484889180}.Release|x64.ActiveCfg = Release|x64
		{6D1B3C28-6DA2-4516-A34B-C0B484889180}.Release|x64.Build.0 = Release|x64
		{6D1B3C28-6DA2-4516-A34B-C0B484889180}.Release|x86.ActiveCfg = Release|Win32
		{6D1B3C28-6DA2-4516-A34B-C0B484889180}.Release|x86.Build.0 = Release|Win32
		{1CEA5DD1-D889-4BC8-A7C8-DB7D0554C7AC}.Debug|x64.ActiveCfg = Debug|x64
		{1CEA5DD1-D889-4BC8-A7C8-DB7D0554C7AC}.Debug|x64.Build.0 = Debug|x64
		{1CEA5DD1-D889-4BC8-A7C8-DB7D0554C7AC}.Debug|x86.ActiveCfg = Debug|Win32
		{1CEA5DD1-D889-4BC8-A7C8-DB7D0554C7AC}.Debug|x86.Build.0 = Debug|Win32
		{1CEA5DD1-D889-4BC8-A7C8-DB7D0554C7AC}.Release|x64.ActiveCfg = Release|x64
		{1CEA5DD1-D889-4BC8-A7C8-DB7D0554C7AC}.Release|x64.Build.0 = Release|x64
		{1CEA5DD1-D889-4BC8-A7C8-DB7D0554C7AC}.Release|x86.ActiveCfg = Release|Win32
		{1CEA5DD1-D889-4BC8-A7C8-DB7D0554C7AC}.Release|x86.Build.0 = Release|Win32
		{6263ECC0-5B03-48AB-B7D0-8C50DD682644}.Debug|x64.ActiveCfg = Debug|x64
		{6263ECC0-5B03-48AB-B7D0-8C50DD682644}.Debug|x64.Build.0 = Debug|x64
		{6263ECC0-5B03-48AB-B7D0-8C50DD682644}.Debug|x86.ActiveCfg = Debug|Win32
		{6263ECC0-5B03-48AB-B7D0-8C50DD682644}.Debug|x86.Build.0 = Debug|Win32
		{6263ECC0-5B03-48AB-B7D0-8C50DD682644}.Release|x64.ActiveCfg = Release|x64
		{6263ECC0-5B03-48AB-B7D0-8C50DD682644}.Release|x64.Build.0 = Release|x64
		{6263ECC0-5B03-48AB-B7D0-8C50DD682644}.Release|x86.ActiveCfg = Release|Win32
		{6263ECC0-5B03-48AB-B7D0-8C50DD682644}.Release|x86.Build.0 = Release|Win32
		{CD5CEB32-24E8-468F-8716-104F0FA6A5C1}.Debug|x64.ActiveCfg = Debug|x64
		{CD5CEB32-24E8-468F-8716-104F0FA6A5C1}.Debug|x64.Build.0 = Debug|x64
		{CD5CEB32-24E8-468F-8716-104F0FA6A5C1}.Debug|x86.ActiveCfg = Debug|Win32
		{CD5CEB32-24E8-468F-8716-104F0FA6A5C1}.Debug|x86.Build.0 = Debug|Win32
		{CD5CEB32-24E8-468F-8716-104F0FA6A5C1}.Release|x64.ActiveCfg = Release|x64
		{CD5CEB32-24E8-468F-8716-104F0FA6A5C1}.Release|x64.Build.0 = Release|x64
		{CD5CEB32-24E8-468F-8716-104F0FA6A5C1}.Release|x86.ActiveCfg = Release|Win32
		{CD5CEB32-24E8-468F-8716-104F0FA6A5C1}.Release|x86.Build.0 = Release|Win32
		{B6BF12BA-3D58-427C-9F6A-64BA39B8A4A0}.Debug|x64.ActiveCfg = Debug|x64
		{B6BF12BA-3D58-427C-9F6A-64BA39B8A4A0}.Debug|x64.Build.0 = Debug|x64
		{B6BF12BA-3D58-427C-9F6A-64BA39B8A4A0}.Debug|x86.ActiveCfg = Debug|Win32
		{B6BF12BA-3D58-427C-9F6A-64BA39B8A4A0}.Debug|x86.Build.0 = Debug|Win32
		{B6BF12BA-3D58-427C-9F6A-64BA39B8A4A0}.Release|x64.ActiveCfg = Release|x64
		{B6BF12BA-3D58-427C-9F6A-64BA39B8A4A0}.Release|x64.Build.0 = Release|x64
		{B6BF12BA-3D58-427C-9F6A-64BA39B8A4A0}.Release|x86.ActiveCfg = Release|Win32
		{B6BF12BA-3D58-427C-9F6A-64BA39B8A4A0}.Release|x86.Build.0 = Release|Win32
		{5D3709D9-568B-4A85-BD53-6A1FB58BE684}.Debug|x64.ActiveCfg = Debug|x64
		{5D3709D9-568B-4A85-BD53-6A1FB58BE684}.Debug|x64.Build.0 = Debug|x64
		{5D3709D9-568B-4A85-BD53-6A1FB58BE684}.Debug|x86.ActiveCfg = Debug|Win32
		{5D3709D9-568B-4A85-BD53-6A1FB58BE684}.Debug|x86.Build.0 = Debug|Win32
		{5D3709D9-568B-4A85-BD53-6A1FB58BE684}.Release|x64.ActiveCfg = Release|x64
		{5D3709D9-568B-4A85-BD53-6A1FB58BE684}.Release|x64.Build.0 = Release|x64
		{5D3709D9-568B-4A85-BD53-6A1FB58BE684}.Release|x86.ActiveCfg = Release|Win32
		{5D3709D9-568B-4A85-BD53-6A1FB58BE684}.Release|x86.Build.0 = Release|Win32
		{F54417DB-F266-44A0-9B2D-BBB311781041}.Debug|x64.ActiveCfg = Debug|x64
		{F54417DB-F266-44A0-9B2D-BBB311781041}.Debug|x64.Build.0 = Debug|x64
		{F54417DB-F266-44A0-9B2D-BBB311781041}.Debug|x86.ActiveCfg = Debug|Win32
		{F54417DB-F266-44A0-9B2D-BBB311781041}.Debug|x86.Build.0 = Debug|Win32
		{F54417DB-F266-44A0-9B2D-BBB311781041}.Release|x64.ActiveCfg = Release|x64
		{F54417DB-F266-44A0-9B2D-BBB311781041}.Release|x64.Build.0 = Release|x64
		{F54417DB-F266-44A0-9B2D-BBB311781041}.Release|x86.ActiveCfg = Release|Win32
		{F54417DB-F266-44A0-9B2D-BBB311781041}.Release|x86.Build.0 = Release|Win32
		{D180B1AC-1671-4FBE-BBD0-CD60A767A0D3}.Debug|x64.ActiveCfg = Debug|x64
		{D180B1AC-1671-4FBE-BBD0-CD60A767A0D3}.Debug|x64.Build.0 = Debug|x64
		{D180B1AC-1671-4FBE-BBD0-CD60A767A0D3}.Debug|x86.ActiveCfg = Debug|Win32
		{D180B1AC-1671-4FBE-BBD0-CD60A767A0D3}.Debug|x86.Build.0 = Debug|Win32
		{D180B1AC-1671-4FBE-BBD0-CD60A767A0D3}.Release|x64.ActiveCfg = Release|x64
		{D180B1AC-1671-4FBE-BBD0-CD60A767A0D3}.Release|x64.Build.0 = Release|x64
		{D180B1AC-1671-4FBE-BBD0-CD60A767A0D3}.Release|x86.ActiveCfg = Release|Win32
		{D180B1AC-1671-4FBE-BBD0-CD60A767A0D3}.Release|x86.Build.0 = Release|Win32
		{74C53332-EAEF-41A1-90DD-F3C4A02E8718}.Debug|x64.ActiveCfg = Debug|x64
		{74C53332-EAEF-41A1-90DD-F3C4A02E8718}.Debug|x64.Build.0 = Debug|x64
		{74C53332-EAEF-41A1-90DD-F3C4A02E8718}.Debug|x86.ActiveCfg = Debug|Win32
		{74C53332-EAEF-41A1-90DD-F3C4A02E8718}.Debug|x86.Build.0 = Debug|Win32
		{74C53332-EAEF-41A1-90DD-F3C4A02E8718}.Release|x64.ActiveCfg = Release|x64
		{74C53332-EAEF-41A1-90DD-F3C4A02E8718}.Release|x64.Build.0 = Release|x64
		{74C53332-EAEF-41A1-90DD-F3C4A02E8718}.Release|x86.ActiveCfg = Release|Win32
		{74C53332-EAEF-41A1-90DD-F3C4A02E8718}.Release|x86.Build.0 = Release|Win32
		{24C1CFB6-6CAC-45EB-A964-23C97DE7D025}.Debug|x64.ActiveCfg = Debug|x64
		{24C1CFB6-6CAC-45EB-A964-23C97DE7D025}.Debug|x64.Build.0 = Debug|x64
		{24C1CFB6-6CAC-45EB-A964-23C97DE7D025}.Debug|x86.ActiveCfg = Debug|Win32
		{24C1CFB6-6CAC-45EB-A964-23C97DE7D025}.Debug|x86.Build.0 = Debug|Win32
		{24C1CFB6-6CAC-45EB-A964-23C97DE7D025}.Release|x64.ActiveCfg = Release|x64
		{24C1CFB6-6CAC-45EB-A964-23C97DE7D025}.Release|x64.Build.0 = Release|x64
		{24C1CFB6-6CAC-45EB-A964-23C97DE7D025}.Release|x86.ActiveCfg = Release|Win32
		{24C1CFB6-6CAC-45EB-A964-23C97DE7D025}.Release|x86.Build.0 = Release|Win32
		{7515379A-94AD-4F72-811C-0A7CE117AF89}.Debug|x64.ActiveCfg = Debug|x64
		{7515379A-94AD-4F72-811C-0A7CE117AF89}.Debug|x64.Build.0 = Debug|x64
		{7515379A-94AD-4F72-811C-0A7CE117AF89}.Debug|x86.ActiveCfg = Debug|Win32
		{7515379A-94AD-4F72-811C-0A7CE117AF89}.Debug|x86.Build.0 = Debug|Win32
		{7515379A-94AD-4F72-811C-0A7CE117AF89}.Release|x64.ActiveCfg = Release|x64
		{7515379A-94AD-4F72-811C-0A7CE117AF89}.Release|x64.Build.0 = Release|x64
		{7515379A-94AD-4F72-811C-0A7CE117AF89}.Release|x86.ActiveCfg = Release|Win32
		{7515379A-94AD-4F72-811C-0A7CE117AF89}.Release|x86.Build.0 = Release|Win32
		{1688DCE5-1653-4480-8B1B-9CD48EB0BDA8}.Debug|x64.ActiveCfg = Debug|x64
		{1688DCE5-1653-4480-8B1B-9CD48EB0BDA8}.Debug|x64.Build.0 = Debug|x64
		{1688DCE5-1653-4480-8B1B-9CD48EB0BDA8}.Debug|x86.ActiveCfg = Debug|Win32
		{1688DCE5-1653-4480-8B1B-9CD48EB0BDA8}.Debug|x86.Build.0 = Debug|Win32
		{1688DCE5-1653-4480-8B1B-9CD48EB0BDA8}.Release|x64.ActiveCfg = Release|x64
		{1688DCE5-1653-4480-8B1B-9CD48EB0BDA8}.Release|x64.Build.0 = Release|x64
		{1688DCE5-1653-4480-8B1B-9CD48EB0BDA8}.Release|x86.ActiveCfg = Release|Win32
		{1688DCE5-1653-4480-8B1B-9CD48EB0BDA8}.Release|x86.Build.0 = Release|Win32
		{554C7032-7BD3-4707-B682-10FD4B254A43}.Debug|x64.ActiveCfg = Debug|x64
		{554C7032-7BD3-4707-B682-10FD4B254A43}.Debug|x64.Build.0 = Debug|x64
		{554C7032-7BD3-4707-B682-10FD4B254A43}.Debug|x86.ActiveCfg = Debug|Win32
		{554C7032-7BD3-4707-B682-10FD4B254A43}.Debug|x86.Build.0 = Debug|Win32
		{554C7032-7BD3-4707-B682-10FD4B254A43}.Release|x64.ActiveCfg = Release|x64
		{554C7032-7BD3-4707-B682-10FD4B254A43}.Release|x64.Build.0 = Release|x64
		{554C7032-7BD3-4707-B682-10FD4B254A43}.Release|x86.ActiveCfg = Release|Win32
		{554C7032-7BD3-4707-B682-10FD4B254A43}.Release|x86.Build.0 = Release|Win32
		{EA8284D6-B8B4-4CB1-A0E6-C6A7D7FC7949}.Debug|x64.ActiveCfg = Debug|x64
		{EA8284D6-B8B4-4CB1-A0E6-C6A7D7FC7949}.Debug|x64.Build.0 = Debug|x64
		{EA8284D6-B8B4-4CB1-A0E6-C6A7D7FC7949}.Debug|x86.ActiveCfg = Debug|Win32
		{EA8284D6-B8B4-4CB1-A0E6-C6A7D7FC7949}.Debug|x86.Build.0 = Debug|Win32
		{EA8284D6-B8B4-4CB1-A0E6-C6A7D7FC7949}.Release|x64.ActiveCfg = Release|x64
		{EA8284D6-B8B4-4CB1-A0E6-C6A7D7FC7949}.Release|x64.Build.0 = Release|x64
		{EA8284D6-B8B4-4CB1-A0E6-C6A7D7FC7949}.Release|x86.ActiveCfg = Release|Win32
		{EA8284D6-B8B4-4CB1-A0E6-C6A7D7FC7949}.Release|x86.Build.0 = Release|Win32
		{0AEAC8F4-0514-4222-BFEC-C1AA087C1960}.Debug|x64.ActiveCfg = Debug|x64
		{0AEAC8F4-0514-4222-BFEC-C1AA087C1960}.Debug|x64.Build.0 = Debug|x64
		{0AEAC8F4-0514-4222-BFEC-C1AA087C1960}.Debug|x86.ActiveCfg = Debug|Win32
		{0AEAC8F4-0514-4222-BFEC-C1AA087C1960}.Debug|x86.Build.0 = Debug|Win32
		{0AEAC8F4-0514-4222-BFEC-C1AA087C1960}.Release|x64.ActiveCfg = Release|x64
		{0AEAC8F4-0514-4222-BFEC-C1AA087C1960}.Release|x64.Build.0 = Release|x64
		{0AEAC8F4-0514-4222-BFEC-C1AA087C1960}.Release|x86.ActiveCfg = Release|Win32
		{0AEAC8F4-0514-4222-BFEC-C1AA087C1960}.Release|x86.Build.0 = Release|Win32
		{621F1D7E-6630-45AA-9393-D1DDACFA611C}.Debug|x64.ActiveCfg = Debug|x64
		{621F1D7E-6630-45AA-9393-D1DDACFA611C}.Debug|x64.Build.0 = Debug|x64
		{621F1D7E-6630-45AA-9393-D1DDACFA611C}.Debug|x86.ActiveCfg = Debug|Win32
		{621F1D7E-6630-45AA-9393-D1DDACFA611C}.Debug|x86.Build.0 = Debug|Win32
		{621F1D7E-6630-45AA-9393-D1DDACFA611C}.Release|x64.ActiveCfg = Release|x64
		{621F1D7E-6630-45AA-9393-D1DDACFA611C}.Release|x64.Build.0 = Release|x64
		{621F1D7E-6630-45AA-9393-D1DDACFA611C}.Release|x86.ActiveCfg = Release|Win32
		{621F1D7E-6630-45AA-9393-D1DDACFA611C}.Release|x86.Build.0 = Release|Win32
		{4D92ED9B-A3F9-4460-B4DF-EAEC927F52AE}.Debug|x64.ActiveCfg = Debug|x64
		{4D92ED9B-A3F9-4460-B4DF-EAEC927F52AE}.Debug|x64.Build.0 = Debug|x64
		{4D92ED9B-A3F9-4460-B4DF-EAEC927F52AE}.Debug|x86.ActiveCfg = Debug|Win32
		{4D92ED9B-A3F9-4460-B4DF-EAEC927F52AE}.Debug|x86.Build.0 = Debug|Win32
		{4D92ED9B-A3F9-4460-B4DF-EAEC927F52AE}.Release|x64.ActiveCfg = Release|x64
		{4D92ED9B-A3F9-4460-B4DF-EAEC927F52AE}.Release|x64.Build.0 = Release|x64
		{4D92ED9B-A3F9-4460-B4DF-EAEC927F52AE}.Release|x86.ActiveCfg = Release|Win32
		{4D92ED9B-A3F9-4460-B4DF-EAEC927F52AE}.Release|x86.Build.0 = Release|Win32
		{DC0BD96F-027E-4D58-8D8A-60377DF575C2}.Debug|x64.ActiveCfg = Debug|x64
		{DC0BD96F-027E-4D58-8D8A-60377DF575C2}.Debug|x64.Build.0 = Debug|x64
		{DC0BD96F-027E-4D58-8D8A-60377DF575C2}.Debug|x86.ActiveCfg = Debug|Win32
		{DC0BD96F-027E-4D58-8D8A-60377DF575C2}.Debug|x86.Build.0 = Debug|Win32
		{DC0BD96F-027E-4D58-8D8A-60377DF575C2}.Release|x64.ActiveCfg = Release|x64
		{DC0BD96F-027E-4D58-8D8A-60377DF575C2}.Release|x64.Build.0 = Release|x64
		{DC0BD96F-027E-4D58-8D8A-60377DF575C2}.Release|x86.ActiveCfg = Release|Win32
		{DC0BD96F-027E-4D58-8D8A-60377DF575C2}.Release|x86.Build.0 = Release|Win32
		{DA85FFB4-28D9-43CB-B1A8-01A479F6645B}.Debug|x64.ActiveCfg = Debug|x64
		{DA85FFB4-28D9-43CB-B1A8-01A479F6645B}.Debug|x64.Build.0 = Debug|x64
		{DA85FFB4-28D9-43CB-B1A8-01A479F6645B}.Debug|x86.ActiveCfg = Debug|Win32
		{DA85FFB4-28D9-43CB-B1A8-01A479F6645B}.Debug|x86.Build.0 = Debug|Win32
		{DA85FFB4-28D9-43CB-B1A8-01A479F6645B}.Release|x64.ActiveCfg = Release|x64
		{DA85FFB4-28D9-43CB-B1A8-01A479F6645B}.Release|x64.Build.0 = Release|x64
		{DA85FFB4-28D9-43CB-B1A8-01A479F6645B}.Release|x86.ActiveCfg = Release|Win32
		{DA85FFB4-28D9-43CB-B1A8-01A479F6645B}.Release|x86.Build.0 = Release|Win32
		{353A793D-ECF5-49B6-8876-6E4E4917CA6A}.Debug|x64.ActiveCfg = Debug|x64
		{353A793D-ECF5-49B6-8876-6E4E4917CA6A}.Debug|x64.Build.0 = Debug|x64
		{353A793D-ECF5-49B6-8876-6E4E4917CA6A}.Debug|x86.ActiveCfg = Debug|Win32
		{353A793D-ECF5-49B6-8876-6E4E4917CA6A}.Debug|x86.Build.0 = Debug|Win32
		{353A793D-ECF5-49B6-8876-6E4E4917CA6A}.Release|x64.ActiveCfg = Release|x64
		{353A793D-ECF5-49B6-8876-6E4E4917CA6A}.Release|x64.Build.0 = Release|x64
		{353A793D-ECF5-49B6-8876-6E4E4917CA6A}.Release|x86.ActiveCfg = Release|Win32
		{353A793D-ECF5-49B6-8876-6E4E4917CA6A}.Release|x86.Build.0 = Release|Win32
		{BD3DFD3F-D4D4-4190-9D1B-63A98225DE4B}.Debug|x64.ActiveCfg = Debug|x64
		{BD3DFD3F-D4D4-4190-9D1B-63A98225DE4B}.Debug|x64.Build.0 = Debug|x64
		{BD3DFD3F-D4D4-4190-9D1B-63A98225DE4B}.Debug|x86.ActiveCfg = Debug|Win32
		{BD3DFD3F-D4D4-4190-9D1B-63A98225DE4B}.Debug|x86.Build.0 = Debug|Win32
		{BD3DFD3F-D4D4-4190-9D1B-63A98225DE4B}.Release|x64.ActiveCfg = Release|x64
		{BD3DFD3F-D4D4-4190-9D1B-63A98225DE4B}.Release|x64.Build.0 = Release|x64
		{BD3DFD3F-D4D4-4190-9D1B-63A98225DE4B}.Release|x86.ActiveCfg = Release|Win32
		{BD3DFD3F-D4D4-4190-9D1B-63A98225DE4B}.Release|x86.Build.0 = Release|Win32
		{CE5AD2BE-CA50-4EF5-9F40-59FB3429E0C6}.Debug|x64.ActiveCfg = Debug|x64
		{CE5AD2BE-CA50-4EF5-9F40-59FB3429E0C6}.Debug|x64.Build.0 = Debug|x64
		{CE5AD2BE-CA50-4EF5-9F40-59FB3429E0C6}.Debug|x86.ActiveCfg = Debug|Win32
		{CE5AD2BE-CA50-4EF5-9F40-59FB3429E0C6}.Debug|x86.Build.0 = Debug|Win32
		{CE5AD2BE-CA50-4EF5-9F40-59FB3429E0C6}.Release|x64.ActiveCfg = Release|x64
		{CE5AD2BE-CA50-4EF5-9F40-59FB3429E0C6}.Release|x64.Build.0 = Release|x64
		{CE5AD2BE-CA50-4EF5-9F40-59FB3429E0C6}.Release|x86.ActiveCfg = Release|Win32
		{CE5AD2BE-CA50-4EF5-9F40-59FB3429E0C6}.Release|x86.Build.0 = Release|Win32
		{820E15AE-C26B-4A3E-BCFC-4074B4785AD6}.Debug|x64.ActiveCfg = Debug|x64
		{820E15AE-C26B-4A3E-BCFC-4074B4785AD6}.Debug|x64.Build.0 = Debug|x64
		{820E15AE-C26B-4A3E-BCFC-4074B4785AD6}.Debug|x86.ActiveCfg = Debug|Win32
		{820E15AE-C26B-4A3E-BCFC-4074B4785AD6}.Debug|x86.Build.0 = Debug|Win32
		{820E15AE-C26B-4A3E-BCFC-4074B4785AD6}.Release|x64.ActiveCfg = Release|x64
		{820E15AE-C26B-4A3E-BCFC-4074B4785AD6}.Release|x64.Build.0 = Release|x64
		{820E15AE-C26B-4A3E-BCFC-4074B4785AD6}.Release|x86.ActiveCfg = Release|Win32
		{820E15AE-C26B-4A3E-BCFC-4074B4785AD6}.Release|x86.Build.0 = Release|Win32
		{F03B5C58-50DE-45DB-8874-00FEDFD4B270}.Debug|x64.ActiveCfg = Debug|x64
		{F03B5C58-50DE-45DB-8874-00FEDFD4B270}.Debug|x64.Build.0 = Debug|x64
		{F03B5C58-50DE-45DB-8874-00FEDFD4B270}.Debug|x86.ActiveCfg = Debug|Win32
		{F03B5C58-50DE-45DB-8874-00FEDFD4B270}.Debug|x86.Build.0 = Debug|Win32
		{F03B5C58-50DE-45DB-8874-00FEDFD4B270}.Release|x64.ActiveCfg = Release|x64
		{F03B5C58-50DE-45DB-8874-00FEDFD4B270}.Release|x64.Build.0 = Release|x64
		{F03B5C58-50DE-45DB-8874-00FEDFD4B270}.Release|x86.ActiveCfg = Release|Win32
		{F03B5C58-50DE-45DB-8874-00FEDFD4B270}.Release|x86.Build.0 = Release|Win32
		{33FD3786-06CF-48F2-86E9-4A6163AE8074}.Debug|x64.ActiveCfg = Debug|x64
		{33FD3786-06CF-48F2-86E9-4A6163AE8074}.Debug|x64.Build.0 = Debug|x64
		{33FD3786-06CF-48F2-86E9-4A6163AE8074}.Debug|x86.ActiveCfg = Debug|Win32
		{33FD3786-06CF-48F2-86E9-4A6163AE8074}.Debug|x86.Build.0 = Debug|Win32
		{33FD3786-06CF-48F2-86E9-4A6163AE8074}.Release|x64.ActiveCfg = Release|x64
		{33FD3786-06CF-48F2-86E9-4A6163AE8074}.Release|x64.Build.0 = Release|x64
		{33FD3786-06CF-48F2-86E9-4A6163AE8074}.Release|x86.ActiveCfg = Release|Win32
		{33FD3786-06CF-48F2-86E9-4A6163AE8074}.Release|x86.Build.0 = Release|Win32
		{3EFD063C-08D7-49A8-8CE8-83BB80B1743D}.Debug|x64.ActiveCfg = Debug|x64
		{3EFD063C-08D7-49A8-8CE8-83BB80B1743D}.Debug|x64.Build.0 = Debug|x64
		{3EFD063C-08D7-49A8-8CE8-83BB80B1743D}.Debug|x86.ActiveCfg = Debug|Win32
		{3EFD063C-08D7-49A8-8CE8-83BB80B1743D}.Debug|x86.Build.0 = Debug|Win32
		{3EFD063C-08D7-49A8-8CE8-83BB80B1743D}.Release|x64.ActiveCfg = Release|x64
		{3EFD063C-08D7-49A8-8CE8-83BB80B1743D}.Release|x64.Build.0 = Release|x64
		{3EFD063C-08D7-49A8-8CE8-83BB80B1743D}.Release|x86.ActiveCfg = Release|Win32
		{3EFD063C-08D7-49A8-8CE8-83BB80B1743D}.Release|x86.Build.0 = Release|Win32
		{1E718210-CEE4-41BA-AA50-FDDC2A16CBCD}.Debug|x64.ActiveCfg = Debug|x64
		{1E718210-CEE4-41BA-AA50-FDDC2A16CBCD}.Debug|x64.Build.0 = Debug|x64
		{1E718210-CEE4-41BA-AA50-FDDC2A16CBCD}.Debug|x86.ActiveCfg = Debug|Win32
		{1E718210-CEE4-41BA-AA50-FDDC2A16CBCD}.Debug|x86.Build.0 = Debug|Win32
		{1E718210-CEE4-41BA-AA50-FDDC2A16CBCD}.Release|x64.ActiveCfg = Release|x64
		{1E718210-CEE4-41BA-AA50-FDDC2A16CBCD}.Release|x64.Build.0 = Release|x64
		{1E718210-CEE4-41BA-AA50-FDDC2A16CBCD}.Release|x86.ActiveCfg = Release|Win32
		{1E718210-CEE4-41BA-AA50-FDDC2A16CBCD}.Release|x86.Build.0 = Release|Win32
		{900F6B67-9CD7-4C8D-8AAE-2504A598F0BE}.Debug|x64.ActiveCfg = Debug|x64
		{900F6B67-9CD7-4C8D-8AAE-2504A598F0BE}.Debug|x64.Build.0 = Debug|x64
		{900F6B67-9CD7-4C8D-8AAE-2504A598F0BE}.Debug|x86.ActiveCfg = Debug|Win32
		{900F6B67-9CD7-4C8D-8AAE-2504A598F0BE}.Debug|x86.Build.0 = Debug|Win32
		{900F6B67-9CD7-4C8D-8AAE-2504A598F0BE}.Release|x64.ActiveCfg = Release|x64
		{900F6B67-9CD7-4C8D-8AAE-2504A598F0BE}.Release|x64.Build.0 = Release|x64
		{900F6B67-9CD7-4C8D-8AAE-2504A598F0BE}.Release|x86.ActiveCfg = Release|Win32
		{900F6B67-9CD7-4C8D-8AAE-2504A598F0BE}.Release|x86.Build.0 = Release|Win32
		{E76B1704-2429-45BD-B186-A34FAA262EB1}.Debug|x64.ActiveCfg = Debug|x64
		{E76B1704-2429-45BD-B186-A34FAA262EB1}.Debug|x64.Build.0 = Debug|x64
		{E76B1704-2429-45BD-B186-A34FAA262EB1}.Debug|x86.ActiveCfg = Debug|Win32
		{E76B1704-2429-45BD-B186-A34FAA262EB1}.Debug|x86.Build.0 = Debug|Win32
		{E76B1704-2429-45BD-B186-A34FAA262EB1}.Release|x64.ActiveCfg = Release|x64
		{E76B1704-2429-45BD-B186-A34FAA262EB1}.Release|x64.Build.0 = Release|x64
		{E76B1704-2429-45BD-B186-A34FAA262EB1}.Release|x86.ActiveCfg = Release|Win32
		{E76B1704-2429-45BD-B186-A34FAA262EB1}.Release|x86.Build.0 = Release|Win32
		{4FD35E6D-38A3-4B14-A996-A8D716AF7323}.Debug|x64.ActiveCfg = Debug|x64
		{4FD35E6D-38A3-4B14-A996-A8D716AF7323}.Debug|x64.Build.0 = Debug|x64
		{4FD35E6D-38A3-4B14-A996-A8D716AF7323}.Debug|x86.ActiveCfg = Debug|Win32
		{4FD35E6D-38A3-4B14-A996-A8D716AF7323}.Debug|x86.Build.0 = Debug|Win32
		{4FD35E6D-38A3-4B14-A996-A8D716AF7323}.Release|x64.ActiveCfg = Release|x64
		{4FD35E6D-38A3-4B14-A996-A8D716AF7323}.Release|x64.Build.0 = Release|x64
		{4FD35E6D-38A3-4B14-A996-A8D716AF7323}.Release|x86.ActiveCfg = Release|Win32
		{4FD35E6D-38A3-4B14-A996-A8D716AF7323}.Release|x86.Build.0 = Release|Win32
		{266BE413-B845-4C2A-92E8-37759330DAF0}.Debug|x64.ActiveCfg = Debug|x64
		{266BE413-B845-4C2A-92E8-37759330DAF0}.Debug|x64.Build.0 = Debug|x64
		{266BE413-B845-4C2A-92E8-37759330DAF0}.Debug|x86.ActiveCfg = Debug|Win32
		{266BE413-B845-4C2A-92E8-37759330DAF0}.Debug|x86.Build.0 = Debug|Win32
		{266BE413-B845-4C2A-92E8-37759330DAF0}.Release|x64.ActiveCfg = Release|x64
		{266BE413-B845-4C2A-92E8-37759330DAF0}.Release|x64.Build.0 = Release|x64
		{266BE413-B845-4C2A-92E8-37759330DAF0}.Release|x86.ActiveCfg = Release|Win32
		{266BE413-B845-4C2A-92E8-37759330DAF0}.Release|x86.Build.0 = Release|Win32
		{DDC6F2E2-764B-4148-A230-F4B82CD836CB}.Debug|x64.ActiveCfg = Debug|x64
		{DDC6F2E2-764B-4148-A230-F4B82CD836CB}.Debug|x64.Build.0 = Debug|x64
		{DDC6F2E2-764B-4148-A230-F4B82CD836CB}.Debug|x86.ActiveCfg = Debug|Win32
		{DDC6F2E2-764B-4148-A230-F4B82CD836CB}.Debug|x86.Build.0 = Debug|Win32
		{DDC6F2E2-764B-4148-A230-F4B82CD836CB}.Release|x64.ActiveCfg = Release|x64
		{DDC6F2E2-764B-4148-A230-F4B82CD836CB}.Release|x64.Build.0 = Release|x64
		{DDC6F2E2-764B-4148-A230-F4B82CD836CB}.Release|x86.ActiveCfg = Release|Win32
		{DDC6F2E2-764B-4148-A230-F4B82CD836CB}.Release|x86.Build.0 = Release|Win32
		{13BE2B32-4868-46FC-93CC-00CAD1D4229C}.Debug|x64.ActiveCfg = Debug|x64
		{13BE2B32-4868-46FC-93CC-00CAD1D4229C}.Debug|x64.Build.0 = Debug|x64
		{13BE2B32-4868-46FC-93CC-00CAD1D4229C}.Debug|x86.ActiveCfg = Debug|Win32
		{13BE2B32-4868-46FC-93CC-00CAD1D4229C}.Debug|x86.Build.0 = Debug|Win32
		{13BE2B32-4868-46FC-93CC-00CAD1D4229C}.Release|x64.ActiveCfg = Release|x64
		{13BE2B32-4868-46FC-93CC-00CAD1D4229C}.Release|x64.Build.0 = Release|x64
		{13BE2B32-4868-46FC-93CC-00CAD1D4229C}.Release|x86.ActiveCfg = Release|Win32
		{13BE2B32-4868-46FC-93CC-00CAD1D4229C}.Release|x86.Build.0 = Release|Win32
		{ACA2AEC9-D57B-4A26-A350-ED05831A2B35}.Debug|x64.ActiveCfg = Debug|x64
		{ACA2AEC9-D57B-4A26-A350-ED05831A2B35}.Debug|x64.Build.0 = Debug|x64
		{ACA2AEC9-D57B-4A26-A350-ED05831A2B35}.Debug|x86.ActiveCfg = Debug|Win32
		{ACA2AEC9-D57B-4A26-A350-ED05831A2B35}.Debug|x86.Build.0 = Debug|Win32
		{ACA2AEC9-D57B-4A26-A350-ED05831A2B35}.Release|x64.ActiveCfg = Release|x64
		{ACA2AEC9-D57B-4A26-A350-ED05831A2B35}.Release|x64.Build.0 = Release|x64
		{ACA2AEC9-D57B-4A26-A350-ED05831A2B35}.Release|x86.ActiveCfg = Release|Win32
		{ACA2AEC9-D57B-4A26-A350-ED05831A2B35}.Release|x86.Build.0 = Release|Win32
		{6811D279-0383-4932-BE6A-0012AEA21B45}.Debug|x64.ActiveCfg = Debug|x64
		{6811D279-0383-4932-BE6A-0012AEA21B45}.Debug|x64.Build.0 = Debug|x64
		{6811D279-0383-4932-BE6A-0012AEA21B45}.Debug|x86.ActiveCfg = Debug|Win32
		{6811D279-0383-4932-BE6A-0012AEA21B45}.Debug|x86.Build.0 = Debug|Win32
		{6811D279-0383-4932-BE6A-0012AEA21B45}.Release|x64.ActiveCfg = Release|x64
		{6811D279-0383-4932-BE6A-0012AEA21B45}.Release|x64.Build.0 = Release|x64
		{6811D279-0383-4932-BE6A-0012AEA21B45}.Release|x86.ActiveCfg = Release|Win32
		{6811D279-0383-4932-BE6A-0012AEA21B45}.Release|x86.Build.0 = Release|Win32
		{728FA02F-0FAD-4298-93F9-BA71E2F8AA59}.Debug|x64.ActiveCfg = Debug|x64
		{728FA02F-0FAD-4298-93F9-BA71E2F8AA59}.Debug|x64.Build.0 = Debug|x64
		{728FA02F-0FAD-4298-93F9-BA71E2F8AA59}.Debug|x86.ActiveCfg = Debug|Win32
		{728FA02F-0FAD-4298-93F9-BA71E2F8AA59}.Debug|x86.Build.0 = Debug|Win32
		{728FA02F-0FAD-4298-93F9-BA71E2F8AA59}.Release|x64.ActiveCfg = Release|x64
		{728FA02F-0FAD-4298-93F9-BA71E2F8AA59}.Release|x64.Build.0 = Release|x64
		{728FA02F-0FAD-4298-93F9-BA71E2F8AA59}.Release|x86.ActiveCfg = Release|Win32
		{728FA02F-0FAD-4298-93F9-BA71E2F8AA59}.Release|x86.Build.0 = Release|Win32
		{C2DDF50F-B5FA-426D-9A8F-1EC3B5767364}.Debug|x64.ActiveCfg = Debug|x64
		{C2DDF50F-B5FA-426D-9A8F-1EC3B5767364}.Debug|x64.Build.0 = Debug|x64
		{C2DDF50F-B5FA-426D-9A8F-1EC3B5767364}.Debug|x86.ActiveCfg = Debug|Win32
		{C2DDF50F-B5FA-426D-9A8F-1EC3B5767364}.Debug|x86.Build.0 = Debug|Win32
		{C2DDF50F-B5FA-426D-9A8F-1EC3B5767364}.Release|x64.ActiveCfg = Release|x64
		{C2DDF50F-B5FA-426D-9A8F-1EC3B5767364}.Release|x64.Build.0 = Release|x64
		{C2DDF50F-B5FA-426D-9A8F-1EC3B5767364}.Release|x86.ActiveCfg = Release|Win32
		{C2DDF50F-B5FA-426D-9A8F-1EC3B5767364}.Release|x86.Build.0 = Release|Win32
		{F1E6B23C-BA6D-4C77-A54A-C8FFB1F16299}.Debug|x64.ActiveCfg = Debug|x64
		{F1E6B23C-BA6D-4C77-A54A-C8FFB1F16299}.Debug|x64.Build.0 = Debug|x64
		{F1E6B23C-BA6D-4C77-A54A-C8FFB1F16299}.Debug|x86.ActiveCfg = Debug|Win32
		{F1E6B23C-BA6D-4C77-A54A-C8FFB1F16299}.Debug|x86.Build.0 = Debug|Win32
		{F1E6B23C-BA6D-4C77-A54A-C8FFB1F16299}.Release|x64.ActiveCfg = Release|x64
		{F1E6B23C-BA6D-4C77-A54A-C8FFB1F16299}.Release|x64.Build.0 = Release|x64
		{F1E6B23C-BA6D-4C77-A54A-C8FFB1F16299}.Release|x86.ActiveCfg = Release|Win32
		{F1E6B23C-BA6D-4C77-A54A-C8FFB1F16299}.Release|x86.Build.0 = Release|Win32
		{D549C0B0-89B3-436E-AB82-90E6B8373BAE}.Debug|x64.ActiveCfg = Debug|x64
		{D549C0B0-89B3-436E-AB82-90E6B8373BAE}.Debug|x64.Build.0 = Debug|x64
		{D549C0B0-89B3-436E-AB82-90E6B8373BAE}.Debug|x86.ActiveCfg = Debug|Win32
		{D549C0B0-89B3-436E-AB82-90E6B8373BAE}.Debug|x86.Build.0 = Debug|Win32
		{D549C0B0-89B3-436E-AB82-90E6B8373BAE}.Release|x64.ActiveCfg = Release|x64
		{D549C0B0-89B3-436E-AB82-90E6B8373BAE}.Release|x64.Build.0 = Release|x64
		{D549C0B0-89B3-436E-AB82-90E6B8373BAE}.Release|x86.ActiveCfg = Release|Win32
		{D549C0B0-89B3-436E-AB82-90E6B8373BAE}.Release|x86.Build.0 = Release|Win32
		{DB92889E-67F8-4F5C-AC2F-F4577F0C595E}.Debug|x64.ActiveCfg = Debug|x64
		{DB92889E-67F8-4F5C-AC2F-F4577F0C595E}.Debug|x64.Build.0 = Debug|x64
		{DB92889E-67F8-4F5C-AC2F-F4577F0C595E}.Debug|x86.ActiveCfg = Debug|Win32
		{DB92889E-67F8-4F5C-AC2F-F4577F0C595E}.Debug|x86.Build.0 = Debug|Win32
		{DB92889E-67F8-4F5C-AC2F-F4577F0C595E}.Release|x64.ActiveCfg = Release|x64
		{DB92889E-67F8-4F5C-AC2F-F4577F0C595E}.Release|x64.Build.0 = Release|x64
		{DB92889E-67F8-4F5C-AC2F-F4577F0C595E}.Release|x86.ActiveCfg = Release|Win32
		{DB92889E-67F8-4F5C-AC2F-F4577F0C595E}.Release|x86.Build.0 = Release|Win32
		{4F5E3F9D-FF40-4ED1-9AF2-5426EBA7A294}.Debug|x64.ActiveCfg = Debug|x64
		{4F5E3F9D-FF40-4ED1-9AF2-5426EBA7A294}.Debug|x64.Build.0 = Debug|x64
		{4F5E3F9D-FF40-4ED1-9AF2-5426EBA7A294}.Debug|x86.ActiveCfg = Debug|Win32
		{4F5E3F9D-FF40-4ED1-9AF2-5426EBA7A294}.Debug|x86.Build.0 = Debug|Win32
		{4F5E3F9D-FF40-4ED1-9AF2-5426EBA7A294}.Release|x64.ActiveCfg = Release|x64
		{4F5E3F9D-FF40-4ED1-9AF2-5426EBA7A294}.Release|x64.Build.0 = Release|x64
		{4F5E3F9D-FF40-4ED1-9AF2-5426EBA7A294}.Release|x86.ActiveCfg = Release|Win32
		{4F5E3F9D-FF40-4ED1-9AF2-5426EBA7A294}.Release|x86.Build.0 = Release|Win32
		{3BCDE137-AEF9-45D2-B21B-931CE03FA136}.Debug|x64.ActiveCfg = Debug|x64
		{3BCDE137-AEF9-45D2-B21B-931CE03FA136}.Debug|x64.Build.0 = Debug|x64
		{3BCDE137-AEF9-45D2-B21B-931CE03FA136}.Debug|x86.ActiveCfg = Debug|Win32
		{3BCDE137-AEF9-45D2-B21B-931CE03FA136}.Debug|x86.Build.0 = Debug|Win32
		{3BCDE137-AEF9-45D2-B21B-931CE03FA136}.Release|x64.ActiveCfg = Release|x64
		{3BCDE137-AEF9-45D2-B21B-931CE03FA136}.Release|x64.Build.0 = Release|x64
		{3BCDE137-AEF9-45D2-B21B-931CE03FA136}.Release|x86.ActiveCfg = Release|Win32
		{3BCDE137-AEF9-45D2-B21B-931CE03FA136}.Release|x86.Build.0 = Release|Win32
		{2230224A-01EA-46BD-9829-305C17651803}.Debug|x64.ActiveCfg = Debug|x64
		{2230224A-01EA-46BD-9829-305C17651803}.Debug|x64.Build.0 = Debug|x64
		{2230224A-01EA-46BD-9829-305C17651803}.Debug|x86.ActiveCfg = Debug|Win32
		{2230224A-01EA-46BD-9829-305C17651803}.Debug|x86.Build.0 = Debug|Win32
		{2230224A-01EA-46BD-9829-305C17651803}.Release|x64.ActiveCfg = Release|x64
		{2230224A-01EA-46BD-9829-305C17651803}.Release|x64.Build.0 = Release|x64
		{2230224A-01EA-46BD-9829-305C17651803}.Release|x86.ActiveCfg = Release|Win32
		{2230224A-01EA-46BD-9829-305C17651803}.Release|x86.Build.0 = Release|Win32
		{D24AC005-AA14-41F9-8F06-458E4D13446F}.Debug|x64.ActiveCfg = Debug|x64
		{D24AC005-AA14-41F9-8F06-458E4D13446F}.Debug|x64.Build.0 = Debug|x64
		{D24AC005-AA14-41F9-8F06-458E4D13446F}.Debug|x86.ActiveCfg = Debug|Win32
		{D24AC005-AA14-41F9-8F06-458E4D13446F}.Debug|x86.Build.0 = Debug|Win32
		{D24AC005-AA14-41F9-8F06-458E4D13446F}.Release|x64.ActiveCfg = Release|x64
		{D24AC005-AA14-41F9-8F06-458E4D13446F}.Release|x64.Build.0 = Release|x64
		{D24AC005-AA14-41F9-8F06-458E4D13446F}.Release|x86.ActiveCfg = Release|Win32
		{D24AC005-AA14-41F9-8F06-458E4D13446F}.Release|x86.Build.0 = Release|Win32
		{F9FECB9A-682F-4E82-AA14-863EBDF9676C}.Debug|x64.ActiveCfg = Debug|x64
		{F9FECB9A-682F-4E82-AA14-863EBDF9676C}.Debug|x64.Build.0 = Debug|x64
		{F9FECB9A-682F-4E82-AA14-863EBDF9676C}.Debug|x86.ActiveCfg = Debug|Win32
		{F9FECB9A-682F-4E82-AA14-863EBDF9676C}.Debug|x86.Build.0 = Debug|Win32
		{F9FECB9A-682F-4E82-AA14-863EBDF9676C}.Release|x64.ActiveCfg = Release|x64
		{F9FECB9A-682F-4E82-AA14-863EBDF9676C}.Release|x64.Build.0 = Release|x64
		{F9FECB9A-682F-4E82-AA14-863EBDF9676C}.Release|x86.ActiveCfg = Release|Win32
		{F9FECB9A-682F-4E82-AA14-863EBDF9676C}.Release|x86.Build.0 = Release|Win32
		{3B716D55-132C-443D-827E-28B9FBB6A036}.Debug|x64.ActiveCfg = Debug|x64
		{3B716D55-132C-443D-827E-28B9FBB6A036}.Debug|x64.Build.0 = Debug|x64
		{3B716D55-132C-443D-827E-28B9FBB6A036}.Debug|x86.ActiveCfg = Debug|Win32
		{3B716D55-132C-443D-827E-28B9FBB6A036}.Debug|x86.Build.0 = Debug|Win32
		{3B716D55-132C-443D-827E-28B9FBB6A036}.Release|x64.ActiveCfg = Release|x64
		{3B716D55-132C-443D-827E-28B9FBB6A036}.Release|x64.Build.0 = Release|x64
		{3B716D55-132C-443D-827E-28B9FBB6A036}.Release|x86.ActiveCfg = Release|Win32
		{3B716D55-132C-443D-827E-28B9FBB6A036}.Release|x86.Build.0 = Release|Win32
		{11E6A271-F842-4914-9794-E7B7B6212761}.Debug|x64.ActiveCfg = Debug|x64
		{11E6A271-F842-4914-9794-E7B7B6212761}.Debug|x64.Build.0 = Debug|x64
		{11E6A271-F842-4914-9794-E7B7B6212761}.Debug|x86.ActiveCfg = Debug|Win32
		{11E6A271-F842-4914-9794-E7B7B6212761}.Debug|x86.Build.0 = Debug|Win32
		{11E6A271-F842-4914-9794-E7B7B6212761}.Release|x64.ActiveCfg = Release|x64
		{11E6A271-F842-4914-9794-E7B7B6212761}.Release|x64.Build.0 = Release|x64
		{11E6A271-F842-4914-9794-E7B7B6212761}.Release|x86.ActiveCfg = Release|Win32
		{11E6A271-F842-4914-9794-E7B7B6212761}.Release|x86.Build.0 = Release|Win32
		{F3FA6748-F416-4D5B-8FFE-B03D34BEECF9}.Debug|x64.ActiveCfg = Debug|x64
		{F3FA6748-F416-4D5B-8FFE-B03D34BEECF9}.Debug|x64.Build.0 = Debug|x64
		{F3FA6748-F416-4D5B-8FFE-B03D34BEECF9}.Debug|x86.ActiveCfg = Debug|Win32
		{F3FA6748-F416-4D5B-8FFE-B03D34BEECF9}.Debug|x86.Build.0 = Debug|Win32
		{F3FA6748-F416-4D5B-8FFE-B03D34BEECF9}.Release|x64.ActiveCfg = Release|x64
		{F3FA6748-F416-4D5B-8FFE-B03D34BEECF9}.Release|x64.Build.0 = Release|x64
		{F3FA6748-F416-4D5B-8FFE-B03D34BEECF9}.Release|x86.ActiveCfg = Release|Win32
		{F3FA6748-F416-4D5B-8FFE-B03D34BEECF9}.Release|x86.Build.0 = Release|Win32
		{4A7FFDAC-D2D3-40B3-97D3-18893FE480DF}.Debug|x64.ActiveCfg = Debug|x64
		{4A7FFDAC-D2D3-40B3-97D3-18893FE480DF}.Debug|x64.Build.0 = Debug|x64
		{4A7FFDAC-D2D3-40B3-97D3-18893FE480DF}.Debug|x86.ActiveCfg = Debug|Win32
		{4A7FFDAC-D2D3-40B3-97D3-18893FE480DF}.Debug|x86.Build.0 = Debug|Win32
		{4A7FFDAC-D2D3-40B3-97D3-18893FE480DF}.Release|x64.ActiveCfg = Release|x64
		{4A7FFDAC-D2D3-40B3-97D3-18893FE480DF}.Release|x64.Build.0 = Release|x64
		{4A7FFDAC-D2D3-40B3-97D3-18893FE480DF}.Release|x86.ActiveCfg = Release|Win32
		{4A7FFDAC-D2D3-40B3-97D3-18893FE480DF}.Release|x86.Build.0 = Release|Win32
		{150DDDA6-664A-4BB3-A8F0-38689CD9F2DF}.Debug|x64.ActiveCfg = Debug|x64
		{150DDDA6-664A-4BB3-A8F0-38689CD9F2DF}.Debug|x64.Build.0 = Debug|x64
		{150DDDA6-664A-4BB3-A8F0-38689CD9F2DF}.Debug|x86.ActiveCfg = Debug|Win32
		{150DDDA6-664A-4BB3-A8F0-38689CD9F2DF}.Debug|x86.Build.0 = Debug|Win32
		{150DDDA6-664A-4BB3-A8F0-38689CD9F2DF}.Release|x64.ActiveCfg = Release|x64
		{150DDDA6-664A-4BB3-A8F0-38689CD9F2DF}.Release|x64.Build.0 = Release|x64
		{150DDDA6-664A-4BB3-A8F0-38689CD9F2DF}.Release|x86.ActiveCfg = Release|Win32
		{150DDDA6-664A-4BB3-A8F0-38689CD9F2DF}.Release|x86.Build.0 = Release|Win32
		{C342B3FA-3FD0-4F07-913E-E06C32CDB881}.Debug|x64.ActiveCfg = Debug|x64
		{C342B3FA-3FD0-4F07-913E-E06C32CDB881}.Debug|x64.Build.0 = Debug|x64
		{C342B3FA-3FD0-4F07-913E-E06C32CDB881}.Debug|x86.ActiveCfg = Debug|Win32
		{C342B3FA-3FD0-4F07-913E-E06C32CDB881}.Debug|x86.Build.0 = Debug|Win32
		{C342B3FA-3FD0-4F07-913E-E06C32CDB881}.Release|x64.ActiveCfg = Release|x64
		{C342B3FA-3FD0-4F07-913E-E06C32CDB881}.Release|x64.Build.0 = Release|x64
		{C342B3FA-3FD0-4F07-913E-E06C32CDB881}.Release|x86.ActiveCfg = Release|Win32
		{C342B3FA-3FD0-4F07-913E-E06C32CDB881}.Release|x86.Build.0 = Release|Win32
		{9CE4FB02-7AF7-4CBF-88E0-E376C5390C2B}.Debug|x64.ActiveCfg = Debug|x64
		{9CE4FB02-7AF7-4CBF-88E0-E376C5390C2B}.Debug|x64.Build.0 = Debug|x64
		{9CE4FB02-7AF7-4CBF-88E0-E376C5390C2B}.Debug|x86.ActiveCfg = Debug|Win32
		{9CE4FB02-7AF7-4CBF-88E0-E376C5390C2B}.Debug|x86.Build.0 = Debug|Win32
		{9CE4FB02-7AF7-4CBF-88E0-E376C5390C2B}.Release|x64.ActiveCfg = Release|x64
		{9CE4FB02-7AF7-4CBF-88E0-E376C5390C2B}.Release|x64.Build.0 = Release|x64
		{9CE4FB02-7AF7-4CBF-88E0-E376C5390C2B}.Release|x86.ActiveCfg = Release|Win32
		{9CE4FB02-7AF7-4CBF-88E0-E376C5390C2B}.Release|x86.Build.0 = Release|Win32
		{D2BF15D2-5541-4EAB-80F6-8AD0334DEDAA}.Debug|x64.ActiveCfg = Debug|x64
		{D2BF15D2-5541-4EAB-80F6-8AD0334DEDAA}.Debug|x64.Build.0 = Debug|x64
		{D2BF15D2-5541-4EAB-80F6-8AD0334DEDAA}.Debug|x86.ActiveCfg = Debug|Win32
		{D2BF15D2-5541-4EAB-80F6-8AD0334DEDAA}.Debug|x86.Build.0 = Debug|Win32
		{D2BF15D2-5541-4EAB-80F6-8AD0334DEDAA}.Release|x64.ActiveCfg = Release|x64
		{D2BF15D2-5541-4EAB-80F6-8AD0334DEDAA}.Release|x64.Build.0 = Release|x64
		{D2BF15D2-5541-4EAB-80F6-8AD0334DEDAA}.Release|x86.ActiveCfg = Release|Win32
		{D2BF15D2-5541-4EAB-80F6-8AD0334DEDAA}.Release|x86.Build.0 = Release|Win32
		{394B1B12-7217-42BB-B4F5-EFE532219DBC}.Debug|x64.ActiveCfg = Debug|x64
		{394B1B12-7217-42BB-B4F5-EFE532219DBC}.Debug|x64.Build.0 = Debug|x64
		{394B1B12-7217-42BB-B4F5-EFE532219DBC}.Debug|x86.ActiveCfg = Debug|Win32
		{394B1B12-7217-42BB-B4F5-EFE532219DBC}.Debug|x86.Build.0 = Debug|Win32
		{394B1B12-7217-42BB-B4F5-EFE532219DBC}.Release|x64.ActiveCfg = Release|x64
		{394B1B12-7217-42BB-B4F5-EFE532219DBC}.Release|x64.Build.0 = Release|x64
		{394B1B12-7217-42BB-B4F5-EFE532219DBC}.Release|x86.ActiveCfg = Release|Win32
		{394B1B12-7217-42BB-B4F5-EFE532219DBC}.Release|x86.Build.0 = Release|Win32
		{8098D027-501C-4413-B27F-F39E57922879}.Debug|x64.ActiveCfg = Debug|x64
		{8098D027-501C-4413-B27F-F39E57922879}.Debug|x64.Build.0 = Debug|x64
		{8098D027-501C-4413-B27F-F39E57922879}.Debug|x86.ActiveCfg = Debug|Win32
		{8098D027-501C-4413-B27F-F39E57922879}.Debug|x86.Build.0 = Debug|Win32
		{8098D027-501C-4413-B27F-F39E57922879}.Release|x64.ActiveCfg = Release|x64
		{8098D027-501C-4413-B27F-F39E57922879}.Release|x64.Build.0 = Release|x64
		{8098D027-501C-4413-B27F-F39E57922879}.Release|x86.ActiveCfg = Release|Win32
		{8098D027-501C-4413-B27F-F39E57922879}.Release|x86.Build.0 = Release|Win32
		{0917AA97-B419-41AC-B4B2-FA6721D5BF47}.Debug|x64.ActiveCfg = Debug|x64
		{0917AA97-B419-41AC-B4B2-FA6721D5BF47}.Debug|x64.Build.0 = Debug|x64
		{0917AA97-B419-41AC-B4B2-FA6721D5BF47}.Debug|x86.ActiveCfg = Debug|Win32
		{0917AA97-B419-41AC-B4B2-FA6721D5BF47}.Debug|x86.Build.0 = Debug|Win32
		{0917AA97-B419-41AC-B4B2-FA6721D5BF47}.Release|x64.ActiveCfg = Release|x64
		{0917AA97-B419-41AC-B4B2-FA6721D5BF47}.Release|x64.Build.0 = Release|x64
		{0917AA97-B419-41AC-B4B2-FA6721D5BF47}.Release|x86.ActiveCfg = Release|Win32
		{0917AA97-B419-41AC-B4B2-FA6721D5BF47}.Release|x86.Build.0 = Release|Win32
		{AE5C579A-E301-409D-8995-65A9336F1A6A}.Debug|x64.ActiveCfg = Debug|x64
		{AE5C579A-E301-409D-8995-65A9336F1A6A}.Debug|x64.Build.0 = Debug|x64
		{AE5C579A-E301-409D-8995-65A9336F1A6A}.Debug|x86.ActiveCfg = Debug|Win32
		{AE5C579A-E301-409D-8995-65A9336F1A6A}.Debug|x86.Build.0 = Debug|Win32
		{AE5C579A-E301-409D-8995-65A9336F1A6A}.Release|x64.ActiveCfg = Release|x64
		{AE5C579A-E301-409D-8995-65A9336F1A6A}.Release|x64.Build.0 = Release|x64
		{AE5C579A-E301-409D-8995-65A9336F1A6A}.Release|x86.ActiveCfg = Release|Win32
		{AE5C579A-E301-409D-8995-65A9336F1A6A}.Release|x86.Build.0 = Release|Win32
		{A25BB36B-BB89-427F-A3A3-9117F1110B29}.Debug|x64.ActiveCfg = Debug|x64
		{A25BB36B-BB89-427F-A3A3-9117F1110B29}.Debug|x64.Build.0 = Debug|x64
		{A25BB36B-BB89-427F-A3A3-9117F1110B29}.Debug|x86.ActiveCfg = Debug|Win32
		{A25BB36B-BB89-427F-A3A3-9117F1110B29}.Debug|x86.Build.0 = Debug|Win32
		{A25BB36B-BB89-427F-A3A3-9117F1110B29}.Release|x64.ActiveCfg = Release|x64
		{A25BB36B-BB89-427F-A3A3-9117F1110B29}.Release|x64.Build.0 = Release|x64
		{A25BB36B-BB89-427F-A3A3-9117F1110B29}.Release|x86.ActiveCfg = Release|Win32
		{A25BB36B-BB89-427F-A3A3-9117F1110B29}.Release|x86.Build.0 = Release|Win32
		{973BC0CE-D9BE-440C-A946-61A055A1BF9B}.Debug|x64.ActiveCfg = Debug|x64
		{973BC0CE-D9BE-440C-A946-61A055A1BF9B}.Debug|x64.Build.0 = Debug|x64
		{973BC0CE-D9BE-440C-A946-61A055A1BF9B}.Debug|x86.ActiveCfg = Debug|Win32
		{973BC0CE-D9BE-440C-A946-61A055A1BF9B}.Debug|x86.Build.0 = Debug|Win32
		{973BC0CE-D9BE-440C-A946-61A055A1BF9B}.Release|x64.ActiveCfg = Release|x64
		{973BC0CE-D9BE-440C-A946-61A055A1BF9B}.Release|x64.Build.0 = Release|x64
		{973BC0CE-D9BE-440C-A946-61A055A1BF9B}.Release|x86.ActiveCfg = Release|Win32
		{973BC0CE-D9BE-440C-A946-61A055A1BF9B}.Release|x86.Build.0 = Release|Win32
		{3CDB9197-DED1-4BE6-9046-55C8800411D2}.Debug|x64.ActiveCfg = Debug|x64
		{3CDB9197-DED1-4BE6-9046-55C8800411D2}.Debug|x64.Build.0 = Debug|x64
		{3CDB9197-DED1-4BE6-9046-55C8800411D2}.Debug|x86.ActiveCfg = Debug|Win32
		{3CDB9197-DED1-4BE6-9046-55C8800411D2}.Debug|x86.Build.0 = Debug|Win32
		{3CDB9197-DED1-4BE6-9046-55C8800411D2}.Release|x64.ActiveCfg = Release|x64
		{3CDB9197-DED1-4BE6-9046-55C8800411D2}.Release|x64.Build.0 = Release|x64
		{3CDB9197-DED1-4BE6-9046-55C8800411D2}.Release|x86.ActiveCfg = Release|Win32
		{3CDB9197-DED1-4BE6-9046-55C8800411D2}.Release|x86.Build.0 = Release|Win32
		{76975794-CB41-4A81-9C8F-846DB9C8641B}.Debug|x64.ActiveCfg = Debug|x64
		{76975794-CB41-4A81-9C8F-846DB9C8641B}.Debug|x64.Build.0 = Debug|x64
		{76975794-CB41-4A81-9C8F-846DB9C8641B}.Debug|x86.ActiveCfg = Debug|Win32
		{76975794-CB41-4A81-9C8F-846DB9C8641B}.Debug|x86.Build.0 = Debug|Win32
		{76975794-CB41-4A81-9C8F-846DB9C8641B}.Release|x64.ActiveCfg = Release|x64
		{76975794-CB41-4A81-9C8F-846DB9C8641B}.Release|x64.Build.0 = Release|x64
		{76975794-CB41-4A81-9C8F-846DB9C8641B}.Release|x86.ActiveCfg = Release|Win32
		{76975794-CB41-4A81-9C8F-846DB9C8641B}.Release|x86.Build.0 = Release|Win32
		{FFE5BAEC-F8D8-4B22-BF9F-09DA87B60DCA}.Debug|x64.ActiveCfg = Debug|x64
		{FFE5BAEC-F8D8-4B22-BF9F-09DA87B60DCA}.Debug|x64.Build.0 = Debug|x64
		{FFE5BAEC-F8D8-4B22-BF9F-09DA87B60DCA}.Debug|x86.ActiveCfg = Debug|Win32
		{FFE5BAEC-F8D8-4B22-BF9F-09DA87B60DCA}.Debug|x86.Build.0 = Debug|Win32
		{FFE5BAEC-F8D8-4B22-BF9F-09DA87B60DCA}.Release|x64.ActiveCfg = Release|x64
		{FFE5BAEC-F8D8-4B22-BF9F-09DA87B60DCA}.Release|x64.Build.0 = Release|x64
		{FFE5BAEC-F8D8-4B22-BF9F-09DA87B60DCA}.Release|x86.ActiveCfg = Release|Win32
		{FFE5BAEC-F8D8-4B22-BF9F-09DA87B60DCA}.Release|x86.Build.0 = Release|Win32
		{815AF3D1-4BD4-4726-B7C4-C8E86A057199}.Debug|x64.ActiveCfg = Debug|x64
		{815AF3D1-4BD4-4726-B7C4-C8E86A057199}.Debug|x64.Build.0 = Debug|x64
		{815AF3D1-4BD4-4726-B7C4-C8E86A057199}.Debug|x86.ActiveCfg = Debug|Win32
		{815AF3D1-4BD4-4726-B7C4-C8E86A057199}.Debug|x86.Build.0 = Debug|Win32
		{815AF3D1-4BD4-4726-B7C4-C8E86A057199}.Release|x64.ActiveCfg = Release|x64
		{815AF3D1-4BD4-4726-B7C4-C8E86A057199}.Release|x64.Build.0 = Release|x64
		{815AF3D1-4BD4-4726-B7C4-C8E86A057199}.Release|x86.ActiveCfg = Release|Win32
		{815AF3D1-4BD4-4726-B7C4-C8E86A057199}.Release|x86.Build.0 = Release|Win32
		{A7B74462-B7D7-47FD-86CA-40ADE1F7380F}.Debug|x64.ActiveCfg = Debug|x64
		{A7B74462-B7D7-47FD-86CA-40ADE1F7380F}.Debug|x64.Build.0 = Debug|x64
		{A7B74462-B7D7-47FD-86CA-40ADE1F7380F}.Debug|x86.ActiveCfg = Debug|Win32
		{A7B74462-B7D7-47FD-86CA-40ADE1F7380F}.Debug|x86.Build.0 = Debug|Win32
		{A7B74462-B7D7-47FD-86CA-40ADE1F7380F}.Release|x64.ActiveCfg = Release|x64
		{A7B74462-B7D7-47FD-86CA-40ADE1F7380F}.Release|x64.Build.0 = Release|x64
		{A7B74462-B7D7-47FD-86CA-40ADE1F7380F}.Release|x86.ActiveCfg = Release|Win32
		{A7B74462-B7D7-47FD-86CA-40ADE1F7380F}.Release|x86.Build.0 = Release|Win32
		{329BDD9B-7709-4304-89BF-62450DBC43AC}.Debug|x64.ActiveCfg = Debug|x64
		{329BDD9B-7709-4304-89BF-62450DBC43AC}.Debug|x64.Build.0 = Debug|x64
		{329BDD9B-7709-4304-89BF-62450DBC43AC}.Debug|x86.ActiveCfg = Debug|Win32
		{329BDD9B-7709-4304-89BF-62450DBC43AC}.Debug|x86.Build.0 = Debug|Win32
		{329BDD9B-7709-4304-89BF-62450DBC43AC}.Release|x64.ActiveCfg = Release|x64
		{329BDD9B-7709-4304-89BF-62450DBC43AC}.Release|x64.Build.0 = Release|x64
		{329BDD9B-7709-4304-89BF-62450DBC43AC}.Release|x86.ActiveCfg = Release|Win32
		{329BDD9B-7709-4304-89BF-62450DBC43AC}.Release|x86.Build.0 = Release|Win32
		{162E51A6-A0CB-4610-88D6-F0C712A94288}.Debug|x64.ActiveCfg = Debug|x64
		{162E51A6-A0CB-4610-88D6-F0C712A94288}.Debug|x64.Build.0 = Debug|x64
		{162E51A6-A0CB-4610-88D6-F0C712A94288}.Debug|x86.ActiveCfg = Debug|Win32
		{162E51A6-A0CB-4610-88D6-F0C712A94288}.Debug|x86.Build.0 = Debug|Win32
		{162E51A6-A0CB-4610-88D6-F0C712A94288}.Release|x64.ActiveCfg = Release|x64
		{162E51A6-A0CB-4610-88D6-F0C712A94288}.Release|x64.Build.0 = Release|x64
		{162E51A6-A0CB-4610-88D6-F0C712A94288}.Release|x86.ActiveCfg = Release|Win32
		{162E51A6-A0CB-4610-88D6-F0C712A94288}.Release|x86.Build.0 = Release|Win32
		{40A0D4BD-FD2D-4C96-934B-4B7BC901549F}.Debug|x64.ActiveCfg = Debug|x64
		{40A0D4BD-FD2D-4C96-934B-4B7BC901549F}.Debug|x64.Build.0 = Debug|x64
		{40A0D4BD-FD2D-4C96-934B-4B7BC901549F}.Debug|x86.ActiveCfg = Debug|Win32
		{40A0D4BD-FD2D-4C96-934B-4B7BC901549F}.Debug|x86.Build.0 = Debug|Win32
		{40A0D4BD-FD2D-4C96-934B-4B7BC901549F}.Release|x64.ActiveCfg = Release|x64
		{40A0D4BD-FD2D-4C96-934B-4B7BC901549F}.Release|x64.Build.0 = Release|x64
		{40A0D4BD-FD2D-4C96-934B-4B7BC901549F}.Release|x86.ActiveCfg = Release|Win32
		{40A0D4BD-FD2D-4C96-934B-4B7BC901549F}.Release|x86.Build.0 = Release|Win32
		{02AE6368-C127-409E-B269-3D7E9ACD3591}.Debug|x64.ActiveCfg = Debug|x64
		{02AE6368-C127-409E-B269-3D7E9ACD3591}.Debug|x64.Build.0 = Debug|x64
		{02AE6368-C127-409E-B269-3D7E9ACD3591}.Debug|x86.ActiveCfg = Debug|Win32
		{02AE6368-C127-409E-B269-3D7E9ACD3591}.Debug|x86.Build.0 = Debug|Win32
		{02AE6368-C127-409E-B269-3D7E9ACD3591}.Release|x64.ActiveCfg = Release|x64
		{02AE6368-C127-409E-B269-3D7E9ACD3591}.Release|x64.Build.0 = Release|x64
		{02AE6368-C127-409E-B269-3D7E9ACD3591}.Release|x86.ActiveCfg = Release|Win32
		{02AE6368-C127-409E-B269-3D7E9ACD3591}.Release|x86.Build.0 = Release|Win32
		{A892030D-59CB-4633-A47F-67838AED4873}.Debug|x64.ActiveCfg = Debug|x64
		{A892030D-59CB-4633-A47F-67838AED4873}.Debug|x64.Build.0 = Debug|x64
		{A892030D-59CB-4633-A47F-67838AED4873}.Debug|x86.ActiveCfg = Debug|Win32
		{A892030D-59CB-4633-A47F-67838AED4873}.Debug|x86.Build.0 = Debug|Win32
		{A892030D-59CB-4633-A47F-67838AED4873}.Release|x64.ActiveCfg = Release|x64
		{A892030D-59CB-4633-A47F-67838AED4873}.Release|x64.Build.0 = Release|x64
		{A892030D-59CB-4633-A47F-67838AED4873}.Release|x86.ActiveCfg = Release|Win32
		{A892030D-59CB-4633-A47F-67838AED4873}.Release|x86.Build.0 = Release|Win32
		{52E7F583-894B-48B0-8125-0AF45A8937D2}.Debug|x64.ActiveCfg = Debug|x64
		{52E7F583-894B-48B0-8125-0AF45A8937D2}.Debug|x64.Build.0 = Debug|x64
		{52E7F583-894B-48B0-8125-0AF45A8937D2}.Debug|x86.ActiveCfg = Debug|Win32
		{52E7F583-894B-48B0-8125-0AF45A8937D2}.Debug|x86.Build.0 = Debug|Win32
		{52E7F583-894B-48B0-8125-0AF45A8937D2}.Release|x64.ActiveCfg = Release|x64
		{52E7F583-894B-48B0-8125-0AF45A8937D2}.Release|x64.Build.0 = Release|x64
		{52E7F583-894B-48B0-8125-0AF45A8937D2}.Release|x86.ActiveCfg = Release|Win32
		{52E7F583-894B-48B0-8125-0AF45A8937D2}.Release|x86.Build.0 = Release|Win32
		{4C51C1E4-A459-41D7-ACD7-9F43635B3F62}.Debug|x64.ActiveCfg = Debug|x64
		{4C51C1E4-A459-41D7-ACD7-9F43635B3F62}.Debug|x64.Build.0 = Debug|x64
		{4C51C1E4-A459-41D7-ACD7-9F43635B3F62}.Debug|x86.ActiveCfg = Debug|Win32
		{4C51C1E4-A459-41D7-ACD7-9F43635B3F62}.Debug|x86.Build.0 = Debug|Win32
		{4C51C1E4-A459-41D7-ACD7-9F43635B3F62}.Release|x64.ActiveCfg = Release|x64
		{4C51C1E4-A459-41D7-ACD7-9F43635B3F62}.Release|x64.Build.0 = Release|x64
		{4C51C1E4-A459-41D7-ACD7-9F43635B3F62}.Release|x86.ActiveCfg = Release|Win32
		{4C51C1E4-A459-41D7-ACD7-9F43635B3F62}.Release|x86.Build.0 = Release|Win32
		{C9121665-41A6-4D7D-A054-7BF4879946FC}.Debug|x64.ActiveCfg = Debug|x64
		{C9121665-41A6-4D7D-A054-7BF4879946FC}.Debug|x64.Build.0 = Debug|x64
		{C9121665-41A6-4D7D-A054-7BF4879946FC}.Debug|x86.ActiveCfg = Debug|Win32
		{C9121665-41A6-4D7D-A054-7BF4879946FC}.Debug|x86.Build.0 = Debug|Win32
		{C9121665-41A6-4D7D-A054-7BF4879946FC}.Release|x64.ActiveCfg = Release|x64
		{C9121665-41A6-4D7D-A054-7BF4879946FC}.Release|x64.Build.0 = Release|x64
		{C9121665-41A6-4D7D-A054-7BF4879946FC}.Release|x86.ActiveCfg = Release|Win32
		{C9121665-41A6-4D7D-A054-7BF4879946FC}.Release|x86.Build.0 = Release|Win32
		{D9B2876D-5EC5-4F4F-9126-216AA84D13D1}.Debug|x64.ActiveCfg = Debug|x64
		{D9B2876D-5EC5-4F4F-9126-216AA84D13D1}.Debug|x64.Build.0 = Debug|x64
		{D9B2876D-5EC5-4F4F-9126-216AA84D13D1}.Debug|x86.ActiveCfg = Debug|Win32
		{D9B2876D-5EC5-4F4F-9126-216AA84D13D1}.Debug|x86.Build.0 = Debug|Win32
		{D9B2876D-5EC5-4F4F-9126-216AA84D13D1}.Release|x64.ActiveCfg = Release|x64
		{D9B2876D-5EC5-4F4F-9126-216AA84D13D1}.Release|x64.Build.0 = Release|x64
		{D9B2876D-5EC5-4F4F-9126-216AA84D13D1}.Release|x86.ActiveCfg = Release|Win32
		{D9B2876D-5EC5-4F4F-9126-216AA84D13D1}.Release|x86.Build.0 = Release|Win32
		{8C99E6A7-AC76-440A-8D51-16F955B0BDAD}.Debug|x64.ActiveCfg = Debug|x64
		{8C99E6A7-AC76-440A-8D51-16F955B0BDAD}.Debug|x64.Build.0 = Debug|x64
		{8C99E6A7-AC76-440A-8D51-16F955B0BDAD}.Debug|x86.ActiveCfg = Debug|Win32
		{8C99E6A7-AC76-440A-8D51-16F955B0BDAD}.Debug|x86.Build.0 = Debug|Win32
		{8C99E6A7-AC76-440A-8D51-16F955B0BDAD}.Release|x64.ActiveCfg = Release|x64
		{8C99E6A7-AC76-440A-8D51-16F955B0BDAD}.Release|x64.Build.0 = Release|x64
		{8C99E6A7-AC76-440A-8D51-16F955B0BDAD}.Release|x86.ActiveCfg = Release|Win32
		{8C99E6A7-AC76-440A-8D51-16F955B0BDAD}.Release|x86.Build.0 = Release|Win32
		{24011486-3F9C-43EE-B7EA-DBBD4740368C}.Debug|x64.ActiveCfg = Debug|x64
		{24011486-3F9C-43EE-B7EA-DBBD4740368C}.Debug|x64.Build.0 = Debug|x64
		{24011486-3F9C-43EE-B7EA-DBBD4740368C}.Debug|x86.ActiveCfg = Debug|Win32
		{24011486-3F9C-43EE-B7EA-DBBD4740368C}.Debug|x86.Build.0 = Debug|Win32
		{24011486-3F9C-43EE-B7EA-DBBD4740368C}.Release|x64.ActiveCfg = Release|x64
		{24011486-3F9C-43EE-B7EA-DBBD4740368C}.Release|x64.Build.0 = Release|x64
		{24011486-3F9C-43EE-B7EA-DBBD4740368C}.Release|x86.ActiveCfg = Release|Win32
		{24011486-3F9C-43EE-B7EA-DBBD4740368C}.Release|x86.Build.0 = Release|Win32
		{3C2B7382-7919-43DE-A33F-2506373A13CA}.Debug|x64.ActiveCfg = Debug|x64
		{3C2B7382-7919-43DE-A33F-2506373A13CA}.Debug|x64.Build.0 = Debug|x64
		{3C2B7382-7919-43DE-A33F-2506373A13CA}.Debug|x86.ActiveCfg = Debug|Win32
		{3C2B7382-7919-43DE-A33F-2506373A13CA}.Debug|x86.Build.0 = Debug|Win32
		{3C2B7382-7919-43DE-A33F-2506373A13CA}.Release|x64.ActiveCfg = Release|x64
		{3C2B7382-7919-43DE-A33F-2506373A13CA}.Release|x64.Build.0 = Release|x64
		{3C2B7382-7919-43DE-A33F-2506373A13CA}.Release|x86.ActiveCfg = Release|Win32
		{3C2B7382-7919-43DE-A33F-2506373A13CA}.Release|x86.Build.0 = Release|Win32
		{B86280AA-92A3-4434-B97E-AD9FD9854A2D}.Debug|x64.ActiveCfg = Debug|x64
		{B86280AA-92A3-4434-B97E-AD9FD9854A2D}.Debug|x64.Build.0 = Debug|x64
		{B86280AA-92A3-4434-B97E-AD9FD9854A2D}.Debug|x86.ActiveCfg = Debug|Win32
		{B86280AA-92A3-4434-B97E-AD9FD9854A2D}.Debug|x86.Build.0 = Debug|Win32
		{B86280AA-92A3-4434-B97E-AD9FD9854A2D}.Release|x64.ActiveCfg = Release|x64
		{B86280AA-92A3-4434-B97E-AD9FD9854A2D}.Release|x64.Build.0 = Release|x64
		{B86280AA-92A3-4434-B97E-AD9FD9854A2D}.Release|x86.ActiveCfg = Release|Win32
		{B86280AA-92A3-4434-B97E-AD9FD9854A2D}.Release|x86.Build.0 = Release|Win32
		{7336533A-4ECB-4C9B-8DED-A2E38A3F7B59}.Debug|x64.ActiveCfg = Debug|x64
		{7336533A-4ECB-4C9B-8DED-A2E38A3F7B59}.Debug|x64.Build.0 = Debug|x64
		{7336533A-4ECB-4C9B-8DED-A2E38A3F7B59}.Debug|x86.ActiveCfg = Debug|Win32
		{7336533A-4ECB-4C9B-8DED-A2E38A3F7B59}.Debug|x86.Build.0 = Debug|Win32
		{7336533A-4ECB-4C9B-8DED-A2E38A3F7B59}.Release|x64.ActiveCfg = Release|x64
		{7336533A-4ECB-4C9B-8DED-A2E38A3F7B59}.Release|x64.Build.0 = Release|x64
		{7336533A-4ECB-4C9B-8DED-A2E38A3F7B59}.Release|x86.ActiveCfg = Release|Win32
		{7336533A-4ECB-4C9B-8DED-A2E38A3F7B59}.Release|x86.Build.0 = Release|Win32
		{CB57BFD3-EDAB-4A14-BF0B-71F43AC4FF17}.Debug|x64.ActiveCfg = Debug|x64
		{CB57BFD3-EDAB-4A14-BF0B-71F43AC4FF17}.Debug|x64.Build.0 = Debug|x64
		{CB57BFD3-EDAB-4A14-BF0B-71F43AC4FF17}.Debug|x86.ActiveCfg = Debug|Win32
		{CB57BFD3-EDAB-4A14-BF0B-71F43AC4FF17}.Debug|x86.Build.0 = Debug|Win32
		{CB57BFD3-EDAB-4A14-BF0B-71F43AC4FF17}.Release|x64.ActiveCfg = Release|x64
		{CB57BFD3-EDAB-4A14-BF0B-71F43AC4FF17}.Release|x64.Build.0 = Release|x64
		{CB57BFD3-EDAB-4A14-BF0B-71F43AC4FF17}.Release|x86.ActiveCfg = Release|Win32
		{CB57BFD3-EDAB-4A14-BF0B-71F43AC4FF17}.Release|x86.Build.0 = Release|Win32
		{B6106782-42AF-46DC-9786-94FEE0983B3E}.Debug|x64.ActiveCfg = Debug|x64
		{B6106782-42AF-46DC-9786-94FEE0983B3E}.Debug|x64.Build.0 = Debug|x64
		{B6106782-42AF-46DC-9786-94FEE0983B3E}.Debug|x86.ActiveCfg = Debug|Win32
		{B6106782-42AF-46DC-9786-94FEE0983B3E}.Debug|x86.Build.0 = Debug|Win32
		{B6106782-42AF-46DC-9786-94FEE0983B3E}.Release|x64.ActiveCfg = Release|x64
		{B6106782-42AF-46DC-9786-94FEE0983B3E}.Release|x64.Build.0 = Release|x64
		{B6106782-42AF-46DC-9786-94FEE0983B3E}.Release|x86.ActiveCfg = Release|Win32
		{B6106782-42AF-46DC-9786-94FEE0983B3E}.Release|x86.Build.0 = Release|Win32
		{7DE945A8-BD37-4E8B-9AC5-8AD8E5B02FAF}.Debug|x64.ActiveCfg = Debug|x64
		{7DE945A8-BD37-4E8B-9AC5-8AD8E5B02FAF}.Debug|x64.Build.0 = Debug|x64
		{7DE945A8-BD37-4E8B-9AC5-8AD8E5B02FAF}.Debug|x86.ActiveCfg = Debug|Win32
		{7DE945A8-BD37-4E8B-9AC5-8AD8E5B02FAF}.Debug|x86.Build.0 = Debug|Win32
		{7DE945A8-BD37-4E8B-9AC5-8AD8E5B02FAF}.Release|x64.ActiveCfg = Release|x64
		{7DE945A8-BD37-4E8B-9AC5-8AD8E5B02FAF}.Release|x64.Build.0 = Release|x64
		{7DE945A8-BD37-4E8B-9AC5-8AD8E5B02FAF}.Release|x86.ActiveCfg = Release|Win32
		{7DE945A8-BD37-4E8B-9AC5-8AD8E5B02FAF}.Release|x86.Build.0 = Release|Win32
		{4FE23FF0-6A24-4206-A6EF-627187DA91D3}.Debug|x64.ActiveCfg = Debug|x64
		{4FE23FF0-6A24-4206-A6EF-627187DA91D3}.Debug|x64.Build.0 = Debug|x64
		{4FE23FF0-6A24-4206-A6EF-627187DA91D3}.Debug|x86.ActiveCfg = Debug|Win32
		{4FE23FF0-6A24-4206-A6EF-627187DA91D3}.Debug|x86.Build.0 = Debug|Win32
		{4FE23FF0-6A24-4206-A6EF-627187DA91D3}.Release|x64.ActiveCfg = Release|x64
		{4FE23FF0-6A24-4206-A6EF-627187DA91D3}.Release|x64.Build.0 = Release|x64
		{4FE23FF0-6A24-4206-A6EF-627187DA91D3}.Release|x86.ActiveCfg = Release|Win32
		{4FE23FF0-6A24-4206-A6EF-627187DA91D3}.Release|x86.Build.0 = Release|Win32
		{59A3CEE7-5D34-457C-B8F9-F99955F267EE}.Debug|x64.ActiveCfg = Debug|x64
		{59A3CEE7-5D34-457C-B8F9-F99955F267EE}.Debug|x64.Build.0 = Debug|x64
		{59A3CEE7-5D34-457C-B8F9-F99955F267EE}.Debug|x86.ActiveCfg = Debug|Win32
		{59A3CEE7-5D34-457C-B8F9-F99955F267EE}.Debug|x86.Build.0 = Debug|Win32
		{59A3CEE7-5D34-457C-B8F9-F99955F267EE}.Release|x64.ActiveCfg = Release|x64
		{59A3CEE7-5D34-457C-B8F9-F99955F267EE}.Release|x64.Build.0 = Release|x64
		{59A3CEE7-5D34-457C-B8F9-F99955F267EE}.Release|x86.ActiveCfg = Release|Win32
		{59A3CEE7-5D34-457C-B8F9-F99955F267EE}.Release|x86.Build.0 = Release|Win32
		{DDF4DB61-7DD2-4F1B-B575-040A79033020}.Debug|x64.ActiveCfg = Debug|x64
		{DDF4DB61-7DD2-4F1B-B575-040A79033020}.Debug|x64.Build.0 = Debug|x64
		{DDF4DB61-7DD2-4F1B-B575-040A79033020}.Debug|x86.ActiveCfg = Debug|Win32
		{DDF4DB61-7DD2-4F1B-B575-040A79033020}.Debug|x86.Build.0 = Debug|Win32
		{DDF4DB61-7DD2-4F1B-B575-040A79033020}.Release|x64.ActiveCfg = Release|x64
		{DDF4DB61-7DD2-4F1B-B575-040A79033020}.Release|x64.Build.0 = Release|x64
		{DDF4DB61-7DD2-4F1B-B575-040A79033020}.Release|x86.ActiveCfg = Release|Win32
		{DDF4DB61-7DD2-4F1B-B575-040A79033020}.Release|x86.Build.0 = Release|Win32
		{DB5B355A-A42E-4E9C-9448-194E33644B4E}.Debug|x64.ActiveCfg = Debug|x64
		{DB5B355A-A42E-4E9C-9448-194E33644B4E}.Debug|x64.Build.0 = Debug|x64
		{DB5B355A-A42E-4E9C-9448-194E33644B4E}.Debug|x86.ActiveCfg = Debug|Win32
		{DB5B355A-A42E-4E9C-9448-194E33644B4E}.Debug|x86.Build.0 = Debug|Win32
		{DB5B355A-A42E-4E9C-9448-194E33644B4E}.Release|x64.ActiveCfg = Release|x64
		{DB5B355A-A42E-4E9C-9448-194E33644B4E}.Release|x64.Build.0 = Release|x64
		{DB5B355A-A42E-4E9C-9448-194E33644B4E}.Release|x86.ActiveCfg = Release|Win32
		{DB5B355A-A42E-4E9C-9448-194E33644B4E}.Release|x86.Build.0 = Release|Win32
		{17BBDB92-EC12-4614-A0A1-4E8A3E462491}.Debug|x64.ActiveCfg = Debug|x64
		{17BBDB92-EC12-4614-A0A1-4E8A3E462491}.Debug|x64.Build.0 = Debug|x64
		{17BBDB92-EC12-4614-A0A1-4E8A3E462491}.Debug|x86.ActiveCfg = Debug|Win32
		{17BBDB92-EC12-4614-A0A1-4E8A3E462491}.Debug|x86.Build.0 = Debug|Win32
		{17BBDB92-EC12-4614-A0A1-4E8A3E462491}.Release|x64.ActiveCfg = Release|x64
		{17BBDB92-EC12-4614-A0A1-4E8A3E462491}.Release|x64.Build.0 = Release|x64
		{17BBDB92-EC12-4614-A0A1-4E8A3E462491}.Release|x86.ActiveCfg = Release|Win32
		{17BBDB92-EC12-4614-A0A1-4E8A3E462491}.Release|x86.Build.0 = Release|Win32
		{30CC2911-A844-465B-BE5B-784622E779AA}.Debug|x64.ActiveCfg = Debug|x64
		{30CC2911-A844-465B-BE5B-784622E779AA}.Debug|x64.Build.0 = Debug|x64
		{30CC2911-A844-465B-BE5B-784622E779AA}.Debug|x86.ActiveCfg = Debug|Win32
		{30CC2911-A844-465B-BE5B-784622E779AA}.Debug|x86.Build.0 = Debug|Win32
		{30CC2911-A844-465B-BE5B-784622E779AA}.Release|x64.ActiveCfg = Release|x64
		{30CC2911-A844-465B-BE5B-784622E779AA}.Release|x64.Build.0 = Release|x64
		{30CC2911-A844-465B-BE5B-784622E779AA}.Release|x86.ActiveCfg = Release|Win32
		{30CC2911-A844-465B-BE5B-784622E779AA}.Release|x86.Build.0 = Release|Win32
		{BCB81529-A688-4FB5-86F5-CC86138894D3}.Debug|x64.ActiveCfg = Debug|x64
		{BCB81529-A688-4FB5-86F5-CC86138894D3}.Debug|x64.Build.0 = Debug|x64
		{BCB81529-A688-4FB5-86F5-CC86138894D3}.Debug|x86.ActiveCfg = Debug|Win32
		{BCB81529-A688-4FB5-86F5-CC86138894D3}.Debug|x86.Build.0 = Debug|Win32
		{BCB81529-A688-4FB5-86F5-CC86138894D3}.Release|x64.ActiveCfg = Release|x64
		{BCB81529-A688-4FB5-86F5-CC86138894D3}.Release|x64.Build.0 = Release|x64
		{BCB81529-A688-4FB5-86F5-CC86138894D3}.Release|x86.ActiveCfg = Release|Win32
		{BCB81529-A688-4FB5-86F5-CC86138894D3}.Release|x86.Build.0 = Release|Win32
		{8513C23F-78E0-4C97-B11E-8184E2A3130A}.Debug|x64.ActiveCfg = Debug|x64
		{8513C23F-78E0-4C97-B11E-8184E2A3130A}.Debug|x64.Build.0 = Debug|x64
		{8513C23F-78E0-4C97-B11E-8184E2A3130A}.Debug|x86.ActiveCfg = Debug|Win32
		{8513C23F-78E0-4C97-B11E-8184E2A3130A}.Debug|x86.Build.0 = Debug|Win32
		{8513C23F-78E0-4C97-B11E-8184E2A3130A}.Release|x64.ActiveCfg = Release|x64
		{8513C23F-78E0-4C97-B11E-8184E2A3130A}.Release|x64.Build.0 = Release|x64
		{8513C23F-78E0-4C97-B11E-8184E2A3130A}.Release|x86.ActiveCfg = Release|Win32
		{8513C23F-78E0-4C97-B11E-8184E2A3130A}.Release|x86.Build.0 = Release|Win32
		{2D55DABA-A94A-4F24-B038-1F954F6A3992}.Debug|x64.ActiveCfg = Debug|x64
		{2D55DABA-A94A-4F24-B038-1F954F6A3992}.Debug|x64.Build.0 = Debug|x64
		{2D55DABA-A94A-4F24-B038-1F954F6A3992}.Debug|x86.ActiveCfg = Debug|Win32
		{2D55DABA-A94A-4F24-B038-1F954F6A3992}.Debug|x86.Build.0 = Debug|Win32
		{2D55DABA-A94A-4F24-B038-1F954F6A3992}.Release|x64.ActiveCfg = Release|x64
		{2D55DABA-A94A-4F24-B038-1F954F6A3992}.Release|x64.Build.0 = Release|x64
		{2D55DABA-A94A-4F24-B038-1F954F6A3992}.Release|x86.ActiveCfg = Release|Win32
		{2D55DABA-A94A-4F24-B038-1F954F6A3992}.Release|x86.Build.0 = Release|Win32
		{CB41B937-694B-4CB0-BE06-712B9F281B6C}.Debug|x64.ActiveCfg = Debug|x64
		{CB41B937-694B-4CB0-BE06-712B9F281B6C}.Debug|x64.Build.0 = Debug|x64
		{CB41B937-694B-4CB0-BE06-712B9F281B6C}.Debug|x86.ActiveCfg = Debug|Win32
		{CB41B937-694B-4CB0-BE06-712B9F281B6C}.Debug|x86.Build.0 = Debug|Win32
		{CB41B937-694B-4CB0-BE06-712B9F281B6C}.Release|x64.ActiveCfg = Release|x64
		{CB41B937-694B-4CB0-BE06-712B9F281B6C}.Release|x64.Build.0 = Release|x64
		{CB41B937-694B-4CB0-BE06-712B9F281B6C}.Release|x86.ActiveCfg = Release|Win32
		{CB41B937-694B-4CB0-BE06-712B9F281B6C}.Release|x86.Build.0 = Release|Win32
		{BA7CC263-FBEF-4C0B-A520-872B0BBA9A53}.Debug|x64.ActiveCfg = Debug|x64
		{BA7CC263-FBEF-4C0B-A520-872B0BBA9A53}.Debug|x64.Build.0 = Debug|x64
		{BA7CC263-FBEF-4C0B-A520-872B0BBA9A53}.Debug|x86.ActiveCfg = Debug|Win32
		{BA7CC263-FBEF-4C0B-A520-872B0BBA9A53}.Debug|x86.Build.0 = Debug|Win32
		{BA7CC263-FBEF-4C0B-A520-872B0BBA9A53}.Release|x64.ActiveCfg = Release|x64
		{BA7CC263-FBEF-4C0B-A520-872B0BBA9A53}.Release|x64.Build.0 = Release|x64
		{BA7CC263-FBEF-4C0B-A520-872B0BBA9A53}.Release|x86.ActiveCfg = Release|Win32
		{BA7CC263-FBEF-4C0B-A520-872B0BBA9A53}.Release|x86.Build.0 = Release|Win32
		{580E1493-A208-4B95-828F-975400DABEF2}.Debug|x64.ActiveCfg = Debug|x64
		{580E1493-A208-4B95-828F-975400DABEF2}.Debug|x64.Build.0 = Debug|x64
		{580E1493-A208-4B95-828F-975400DABEF2}.Debug|x86.ActiveCfg = Debug|Win32
		{580E1493-A208-4B95-828F-975400DABEF2}.Debug|x86.Build.0 = Debug|Win32
		{580E1493-A208-4B95-828F-975400DABEF2}.Release|x64.ActiveCfg = Release|x64
		{580E1493-A208-4B95-828F-975400DABEF2}.Release|x64.Build.0 = Release|x64
		{580E1493-A208-4B95-828F-975400DABEF2}.Release|x86.ActiveCfg = Release|Win32
		{580E1493-A208-4B95-828F-975400DABEF2}.Release|x86.Build.0 = Release|Win32
		{B07651AD-DE2D-4682-9F68-373236D61B25}.Debug|x64.ActiveCfg = Debug|x64
		{B07651AD-DE2D-4682-9F68-373236D61B25}.Debug|x64.Build.0 = Debug|x64
		{B07651AD-DE2D-4682-9F68-373236D61B25}.Debug|x86.ActiveCfg = Debug|Win32
		{B07651AD-DE2D-4682-9F68-373236D61B25}.Debug|x86.Build.0 = Debug|Win32
		{B07651AD-DE2D-4682-9F68-373236D61B25}.Release|x64.ActiveCfg = Release|x64
		{B07651AD-DE2D-4682-9F68-373236D61B25}.Release|x64.Build.0 = Release|x64
		{B07651AD-DE2D-4682-9F68-373236D61B25}.Release|x86.ActiveCfg = Release|Win32
		{B07651AD-DE2D-4682-9F68-373236D61B25}.Release|x86.Build.0 = Release|Win32
		{0F2EACCC-669B-4277-8E05-835A7FC7CE8F}.Debug|x64.ActiveCfg = Debug|x64
		{0F2EACCC-669B-4277-8E05-835A7FC7CE8F}.Debug|x64.Build.0 = Debug|x64
		{0F2EACCC-669B-4277-8E05-835A7FC7CE8F}.Debug|x86.ActiveCfg = Debug|Win32
		{0F2EACCC-669B-4277-8E05-835A7FC7CE8F}.Debug|x86.Build.0 = Debug|Win32
		{0F2EACCC-669B-4277-8E05-835A7FC7CE8F}.Release|x64.ActiveCfg = Release|x64
		{0F2EACCC-669B-4277-8E05-835A7FC7CE8F}.Release|x64.Build.0 = Release|x64
		{0F2EACCC-669B-4277-8E05-835A7FC7CE8F}.Release|x86.ActiveCfg = Release|Win32
		{0F2EACCC-669B-4277-8E05-835A7FC7CE8F}.Release|x86.Build.0 = Release|Win32
		{15ADC650-E41E-4258-8EC9-1201414C6E75}.Debug|x64.ActiveCfg = Debug|x64
		{15ADC650-E41E-4258-8EC9-1201414C6E75}.Debug|x64.Build.0 = Debug|x64
		{15ADC650-E41E-4258-8EC9-1201414C6E75}.Debug|x86.ActiveCfg = Debug|Win32
		{15ADC650-E41E-4258-8EC9-1201414C6E75}.Debug|x86.Build.0 = Debug|Win32
		{15ADC650-E41E-4258-8EC9-1201414C6E75}.Release|x64.ActiveCfg = Release|x64
		{15ADC650-E41E-4258-8EC9-1201414C6E75}.Release|x64.Build.0 = Release|x64
		{15ADC650-E41E-4258-8EC9-1201414C6E75}.Release|x86.ActiveCfg = Release|Win32
		{15ADC650-E41E-4258-8EC9-1201414C6E75}.Release|x86.Build.0 = Release|Win32
		{97BD2943-3D4E-4E14-930F-637FDE8A9556}.Debug|x64.ActiveCfg = Debug|x64
		{97BD2943-3D4E-4E14-930F-637FDE8A9556}.Debug|x64.Build.0 = Debug|x64
		{97BD2943-3D4E-4E14-930F-637FDE8A9556}.Debug|x86.ActiveCfg = Debug|Win32
		{97BD2943-3D4E-4E14-930F-637FDE8A9556}.Debug|x86.Build.0 = Debug|Win32
		{97BD2943-3D4E-4E14-930F-637FDE8A9556}.Release|x64.ActiveCfg = Release|x64
		{97BD2943-3D4E-4E14-930F-637FDE8A9556}.Release|x64.Build.0 = Release|x64
		{97BD2943-3D4E-4E14-930F-637FDE8A9556}.Release|x86.ActiveCfg = Release|Win32
		{97BD2943-3D4E-4E14-930F-637FDE8A9556}.Release|x86.Build.0 = Release|Win32
		{9F2DD6E7-DED3-42D7-A924-2E027AE5F4F6}.Debug|x64.ActiveCfg = Debug|x64
		{9F2DD6E7-DED3-42D7-A924-2E027AE5F4F6}.Debug|x64.Build.0 = Debug|x64
		{9F2DD6E7-DED3-42D7-A924-2E027AE5F4F6}.Debug|x86.ActiveCfg = Debug|Win32
		{9F2DD6E7-DED3-42D7-A924-2E027AE5F4F6}.Debug|x86.Build.0 = Debug|Win32
		{9F2DD6E7-DED3-42D7-A924-2E027AE5F4F6}.Release|x64.ActiveCfg = Release|x64
		{9F2DD6E7-DED3-42D7-A924-2E027AE5F4F6}.Release|x64.Build.0 = Release|x64
		{9F2DD6E7-DED3-42D7-A924-2E027AE5F4F6}.Release|x86.ActiveCfg = Release|Win32
		{9F2DD6E7-DED3-42D7-A924-2E027AE5F4F6}.Release|x86.Build.0 = Release|Win32
		{942D9294-05E0-4814-94B1-35EA36F717F7}.Debug|x64.ActiveCfg = Debug|x64
		{942D9294-05E0-4814-94B1-35EA36F717F7}.Debug|x64.Build.0 = Debug|x64
		{942D9294-05E0-4814-94B1-35EA36F717F7}.Debug|x86.ActiveCfg = Debug|Win32
		{942D9294-05E0-4814-94B1-35EA36F717F7}.Debug|x86.Build.0 = Debug|Win32
		{942D9294-05E0-4814-94B1-35EA36F717F7}.Release|x64.ActiveCfg = Release|x64
		{942D9294-05E0-4814-94B1-35EA36F717F7}.Release|x64.Build.0 = Release|x64
		{942D9294-05E0-4814-94B1-35EA36F717F7}.Release|x86.ActiveCfg = Release|Win32
		{942D9294-05E0-4814-94B1-35EA36F717F7}.Release|x86.Build.0 = Release|Win32
		{062849D8-2762-4842-BCA0-DF8A4089896A}.Debug|x64.ActiveCfg = Debug|x64
		{062849D8-2762-4842-BCA0-DF8A4089896A}.Debug|x64.Build.0 = Debug|x64
		{062849D8-2762-4842-BCA0-DF8A4089896A}.Debug|x86.ActiveCfg = Debug|Win32
		{062849D8-2762-4842-BCA0-DF8A4089896A}.Debug|x86.Build.0 = Debug|Win32
		{062849D8-2762-4842-BCA0-DF8A4089896A}.Release|x64.ActiveCfg = Release|x64
		{062849D8-2762-4842-BCA0-DF8A4089896A}.Release|x64.Build.0 = Release|x64
		{062849D8-2762-4842-BCA0-DF8A4089896A}.Release|x86.ActiveCfg = Release|Win32
		{062849D8-2762-4842-BCA0-DF8A4089896A}.Release|x86.Build.0 = Release|Win32
		{FAF5F2F7-4FE0-48FD-A8D9-6872119B0F3D}.Debug|x64.ActiveCfg = Debug|x64
		{FAF5F2F7-4FE0-48FD-A8D9-6872119B0F3D}.Debug|x64.Build.0 = Debug|x64
		{FAF5F2F7-4FE0-48FD-A8D9-6872119B0F3D}.Debug|x86.ActiveCfg = Debug|Win32
		{FAF5F2F7-4FE0-48FD-A8D9-6872119B0F3D}.Debug|x86.Build.0 = Debug|Win32
		{FAF5F2F7-4FE0-48FD-A8D9-6872119B0F3D}.Release|x64.ActiveCfg = Release|x64
		{FAF5F2F7-4FE0-48FD-A8D9-6872119B0F3D}.Release|x64.Build.0 = Release|x64
		{FAF5F2F7-4FE0-48FD-A8D9-6872119B0F3D}.Release|x86.ActiveCfg = Release|Win32
		{FAF5F2F7-4FE0-48FD-A8D9-6872119B0F3D}.Release|x86.Build.0 = Release|Win32
		{B3BDBCAF-1A34-42F4-B2B3-FE76554EDDC9}.Debug|x64.ActiveCfg = Debug|x64
		{B3BDBCAF-1A34-42F4-B2B3-FE76554EDDC9}.Debug|x64.Build.0 = Debug|x64
		{B3BDBCAF-1A34-42F4-B2B3-FE76554EDDC9}.Debug|x86.ActiveCfg = Debug|Win32
		{B3BDBCAF-1A34-42F4-B2B3-FE76554EDDC9}.Debug|x86.Build.0 = Debug|Win32
		{B3BDBCAF-1A34-42F4-B2B3-FE76554EDDC9}.Release|x64.ActiveCfg = Release|x64
		{B3BDBCAF-1A34-42F4-B2B3-FE76554EDDC9}.Release|x64.Build.0 = Release|x64
		{B3BDBCAF-1A34-42F4-B2B3-FE76554EDDC9}.Release|x86.ActiveCfg = Release|Win32
		{B3BDBCAF-1A34-42F4-B2B3-FE76554EDDC9}.Release|x86.Build.0 = Release|Win32
		{EA3703B9-8226-4B18-AFA9-2177F6533CF6}.Debug|x64.ActiveCfg = Debug|x64
		{EA3703B9-8226-4B18-AFA9-2177F6533CF6}.Debug|x64.Build.0 = Debug|x64
		{EA3703B9-8226-4B18-AFA9-2177F6533CF6}.Debug|x86.ActiveCfg = Debug|Win32
		{EA3703B9-8226-4B18-AFA9-2177F6533CF6}.Debug|x86.Build.0 = Debug|Win32
		{EA3703B9-8226-4B18-AFA9-2177F6533CF6}.Release|x64.ActiveCfg = Release|x64
		{EA3703B9-8226-4B18-AFA9-2177F6533CF6}.Release|x64.Build.0 = Release|x64
		{EA3703B9-8226-4B18-AFA9-2177F6533CF6}.Release|x86.ActiveCfg = Release|Win32
		{EA3703B9-8226-4B18-AFA9-2177F6533CF6}.Release|x86.Build.0 = Release|Win32
		{6A11D5D0-6D2A-4729-AF62-5C385C363FCC}.Debug|x64.ActiveCfg = Debug|x64
		{6A11D5D0-6D2A-4729-AF62-5C385C363FCC}.Debug|x64.Build.0 = Debug|x64
		{6A11D5D0-6D2A-4729-AF62-5C385C363FCC}.Debug|x86.ActiveCfg = Debug|Win32
		{6A11D5D0-6D2A-4729-AF62-5C385C363FCC}.Debug|x86.Build.0 = Debug|Win32
		{6A11D5D0-6D2A-4729-AF62-5C385C363FCC}.Release|x64.ActiveCfg = Release|x64
		{6A11D5D0-6D2A-4729-AF62-5C385C363FCC}.Release|x64.Build.0 = Release|x64
		{6A11D5D0-6D2A-4729-AF62-5C385C363FCC}.Release|x86.ActiveCfg = Release|Win32
		{6A11D5D0-6D2A-4729-AF62-5C385C363FCC}.Release|x86.Build.0 = Release|Win32
		{A873DED2-229B-4120-BF82-181B0704E8D5}.Debug|x64.ActiveCfg = Debug|x64
		{A873DED2-229B-4120-BF82-181B0704E8D5}.Debug|x64.Build.0 = Debug|x64
		{A873DED2-229B-4120-BF82-181B0704E8D5}.Debug|x86.ActiveCfg = Debug|Win32
		{A873DED2-229B-4120-BF82-181B0704E8D5}.Debug|x86.Build.0 = Debug|Win32
		{A873DED2-229B-4120-BF82-181B0704E8D5}.Release|x64.ActiveCfg = Release|x64
		{A873DED2-229B-4120-BF82-181B0704E8D5}.Release|x64.Build.0 = Release|x64
		{A873DED2-229B-4120-BF82-181B0704E8D5}.Release|x86.ActiveCfg = Release|Win32
		{A873DED2-229B-4120-BF82-181B0704E8D5}.Release|x86.Build.0 = Release|Win32
		{DA8F23E7-A4D6-4F4A-875B-B3D9547E8FAA}.Debug|x64.ActiveCfg = Debug|x64
		{DA8F23E7-A4D6-4F4A-875B-B3D9547E8FAA}.Debug|x64.Build.0 = Debug|x64
		{DA8F23E7-A4D6-4F4A-875B-B3D9547E8FAA}.Debug|x86.ActiveCfg = Debug|Win32
		{DA8F23E7-A4D6-4F4A-875B-B3D9547E8FAA}.Debug|x86.Build.0 = Debug|Win32
		{DA8F23E7-A4D6-4F4A-875B-B3D9547E8FAA}.Release|x64.ActiveCfg = Release|x64
		{DA8F23E7-A4D6-4F4A-875B-B3D9547E8FAA}.Release|x64.Build.0 = Release|x64
		{DA8F23E7-A4D6-4F4A-875B-B3D9547E8FAA}.Release|x86.ActiveCfg = Release|Win32
		{DA8F23E7-A4D6-4F4A-875B-B3D9547E8FAA}.Release|x86.Build.0 = Release|Win32
		{FC290090-2009-4DE4-BB4E-BE462B8BCD79}.Debug|x64.ActiveCfg = Debug|x64
		{FC290090-2009-4DE4-BB4E-BE462B8BCD79}.Debug|x64.Build.0 = Debug|x64
		{FC290090-2009-4DE4-BB4E-BE462B8BCD79}.Debug|x86.ActiveCfg = Debug|Win32
		{FC290090-2009-4DE4-BB4E-BE462B8BCD79}.Debug|x86.Build.0 = Debug|Win32
		{FC290090-2009-4DE4-BB4E-BE462B8BCD79}.Release|x64.ActiveCfg = Release|x64
		{FC290090-2009-4DE4-BB4E-BE462B8BCD79}.Release|x64.Build.0 = Release|x64
		{FC290090-2009-4DE4-BB4E-BE462B8BCD79}.Release|x86.ActiveCfg = Release|Win32
		{FC290090-2009-4DE4-BB4E-BE462B8BCD79}.Release|x86.Build.0 = Release|Win32
		{906EDA57-3D16-475A-8151-3ECECD7D61D8}.Debug|x64.ActiveCfg = Debug|x64
		{906EDA57-3D16-475A-8151-3ECECD7D61D8}.Debug|x64.Build.0 = Debug|x64
		{906EDA57-3D16-475A-8151-3ECECD7D61D8}.Debug|x86.ActiveCfg = Debug|Win32
		{906EDA57-3D16-475A-8151-3ECECD7D61D8}.Debug|x86.Build.0 = Debug|Win32
		{906EDA57-3D16-475A-8151-3ECECD7D61D8}.Release|x64.ActiveCfg = Release|x64
		{906EDA57-3D16-475A-8151-3ECECD7D61D8}.Release|x64.Build.0 = Release|x64
		{906EDA57-3D16-475A-8151-3ECECD7D61D8}.Release|x86.ActiveCfg = Release|Win32
		{906EDA57-3D16-475A-8151-3ECECD7D61D8}.Release|x86.Build.0 = Release|Win32
		{B95F9A5C-2D58-4278-B3A1-D405A59AC9D1}.Debug|x64.ActiveCfg = Debug|x64
		{B95F9A5C-2D58-4278-B3A1-D405A59AC9D1}.Debug|x64.Build.0 = Debug|x64
		{B95F9A5C-2D58-4278-B3A1-D405A59AC9D1}.Debug|x86.ActiveCfg = Debug|Win32
		{B95F9A5C-2D58-4278-B3A1-D405A59AC9D1}.Debug|x86.Build.0 = Debug|Win32
		{B95F9A5C-2D58-4278-B3A1-D405A59AC9D1}.Release|x64.ActiveCfg = Release|x64
		{B95F9A5C-2D58-4278-B3A1-D405A59AC9D1}.Release|x64.Build.0 = Release|x64
		{B95F9A5C-2D58-4278-B3A1-D405A59AC9D1}.Release|x86.ActiveCfg = Release|Win32
		{B95F9A5C-2D58-4278-B3A1-D405A59AC9D1}.Release|x86.Build.0 = Release|Win32
	EndGlobalSection
	GlobalSection(SolutionProperties) = preSolution
		HideSolutionNode = FALSE
	EndGlobalSection
	GlobalSection(ExtensibilityGlobals) = postSolution
		SolutionGuid = {111813E9-E103-4AAF-81E3-EB417317876F}
	EndGlobalSection
EndGlobal
