
Microsoft Visual Studio Solution File, Format Version 12.00
# Visual Studio Version 17
VisualStudioVersion = 17.7.34031.279
MinimumVisualStudioVersion = 10.0.40219.1
Project("{8BC9CEB8-8B4A-11D0-8D11-00A0C91BC942}") = "Bai125", "Bai125\Bai125.vcxproj", "{77703F7E-51CF-4C2B-8571-6BDC3268EE42}"
EndProject
Project("{8BC9CEB8-8B4A-11D0-8D11-00A0C91BC942}") = "Bai126", "Bai126\Bai126.vcxproj", "{D846EC08-90FD-40F6-8F95-234A14CAF08F}"
EndProject
Project("{8BC9CEB8-8B4A-11D0-8D11-00A0C91BC942}") = "Bai127", "Bai127\Bai127.vcxproj", "{8B7650EC-9FBA-4E58-9BBA-C7FD2193CF15}"
EndProject
Project("{8BC9CEB8-8B4A-11D0-8D11-00A0C91BC942}") = "Bai128", "Bai128\Bai128.vcxproj", "{E19C6C17-1A70-459D-A662-4B42E4EF61E0}"
EndProject
Project("{8BC9CEB8-8B4A-11D0-8D11-00A0C91BC942}") = "Bai129", "Bai129\Bai129.vcxproj", "{B50E1D1A-33D3-4672-BC7C-C79CC9235210}"
EndProject
Project("{8BC9CEB8-8B4A-11D0-8D11-00A0C91BC942}") = "Bai130", "Bai130\Bai130.vcxproj", "{85E0742D-C74C-4C29-91C6-403B7B05A40E}"
EndProject
Project("{8BC9CEB8-8B4A-11D0-8D11-00A0C91BC942}") = "Bai131", "Bai131\Bai131.vcxproj", "{15DD777B-50C6-41CA-ABE5-75FDA4B68249}"
EndProject
Project("{8BC9CEB8-8B4A-11D0-8D11-00A0C91BC942}") = "Bai132", "Bai132\Bai132.vcxproj", "{CB9462B3-2B39-4B9E-B3AE-BC4CCB11308E}"
EndProject
Project("{8BC9CEB8-8B4A-11D0-8D11-00A0C91BC942}") = "Bai133", "Bai133\Bai133.vcxproj", "{1BF5C466-B7E3-495C-B3FA-D03D8A22800E}"
EndProject
Project("{8BC9CEB8-8B4A-11D0-8D11-00A0C91BC942}") = "Bai134", "Bai134\Bai134.vcxproj", "{AC735D50-5F4B-41A5-AD53-7EB3E2868E0D}"
EndProject
Project("{8BC9CEB8-8B4A-11D0-8D11-00A0C91BC942}") = "Bai135", "Bai135\Bai135.vcxproj", "{A8EF337D-E86D-464C-A8E4-3752B5FFEA35}"
EndProject
Project("{8BC9CEB8-8B4A-11D0-8D11-00A0C91BC942}") = "Bai136", "Bai136\Bai136.vcxproj", "{CDBCD384-9935-47A0-98B3-261479BFC53A}"
EndProject
Project("{8BC9CEB8-8B4A-11D0-8D11-00A0C91BC942}") = "Bai137", "Bai137\Bai137.vcxproj", "{F263883C-7C2C-4FD6-860B-25B0E7AAFFD5}"
EndProject
Project("{8BC9CEB8-8B4A-11D0-8D11-00A0C91BC942}") = "Bai138", "Bai138\Bai138.vcxproj", "{BABF5886-1CD7-4B3E-84D7-26D487BD54DA}"
EndProject
Global
	GlobalSection(SolutionConfigurationPlatforms) = preSolution
		Debug|x64 = Debug|x64
		Debug|x86 = Debug|x86
		Release|x64 = Release|x64
		Release|x86 = Release|x86
	EndGlobalSection
	GlobalSection(ProjectConfigurationPlatforms) = postSolution
		{77703F7E-51CF-4C2B-8571-6BDC3268EE42}.Debug|x64.ActiveCfg = Debug|x64
		{77703F7E-51CF-4C2B-8571-6BDC3268EE42}.Debug|x64.Build.0 = Debug|x64
		{77703F7E-51CF-4C2B-8571-6BDC3268EE42}.Debug|x86.ActiveCfg = Debug|Win32
		{77703F7E-51CF-4C2B-8571-6BDC3268EE42}.Debug|x86.Build.0 = Debug|Win32
		{77703F7E-51CF-4C2B-8571-6BDC3268EE42}.Release|x64.ActiveCfg = Release|x64
		{77703F7E-51CF-4C2B-8571-6BDC3268EE42}.Release|x64.Build.0 = Release|x64
		{77703F7E-51CF-4C2B-8571-6BDC3268EE42}.Release|x86.ActiveCfg = Release|Win32
		{77703F7E-51CF-4C2B-8571-6BDC3268EE42}.Release|x86.Build.0 = Release|Win32
		{D846EC08-90FD-40F6-8F95-234A14CAF08F}.Debug|x64.ActiveCfg = Debug|x64
		{D846EC08-90FD-40F6-8F95-234A14CAF08F}.Debug|x64.Build.0 = Debug|x64
		{D846EC08-90FD-40F6-8F95-234A14CAF08F}.Debug|x86.ActiveCfg = Debug|Win32
		{D846EC08-90FD-40F6-8F95-234A14CAF08F}.Debug|x86.Build.0 = Debug|Win32
		{D846EC08-90FD-40F6-8F95-234A14CAF08F}.Release|x64.ActiveCfg = Release|x64
		{D846EC08-90FD-40F6-8F95-234A14CAF08F}.Release|x64.Build.0 = Release|x64
		{D846EC08-90FD-40F6-8F95-234A14CAF08F}.Release|x86.ActiveCfg = Release|Win32
		{D846EC08-90FD-40F6-8F95-234A14CAF08F}.Release|x86.Build.0 = Release|Win32
		{8B7650EC-9FBA-4E58-9BBA-C7FD2193CF15}.Debug|x64.ActiveCfg = Debug|x64
		{8B7650EC-9FBA-4E58-9BBA-C7FD2193CF15}.Debug|x64.Build.0 = Debug|x64
		{8B7650EC-9FBA-4E58-9BBA-C7FD2193CF15}.Debug|x86.ActiveCfg = Debug|Win32
		{8B7650EC-9FBA-4E58-9BBA-C7FD2193CF15}.Debug|x86.Build.0 = Debug|Win32
		{8B7650EC-9FBA-4E58-9BBA-C7FD2193CF15}.Release|x64.ActiveCfg = Release|x64
		{8B7650EC-9FBA-4E58-9BBA-C7FD2193CF15}.Release|x64.Build.0 = Release|x64
		{8B7650EC-9FBA-4E58-9BBA-C7FD2193CF15}.Release|x86.ActiveCfg = Release|Win32
		{8B7650EC-9FBA-4E58-9BBA-C7FD2193CF15}.Release|x86.Build.0 = Release|Win32
		{E19C6C17-1A70-459D-A662-4B42E4EF61E0}.Debug|x64.ActiveCfg = Debug|x64
		{E19C6C17-1A70-459D-A662-4B42E4EF61E0}.Debug|x64.Build.0 = Debug|x64
		{E19C6C17-1A70-459D-A662-4B42E4EF61E0}.Debug|x86.ActiveCfg = Debug|Win32
		{E19C6C17-1A70-459D-A662-4B42E4EF61E0}.Debug|x86.Build.0 = Debug|Win32
		{E19C6C17-1A70-459D-A662-4B42E4EF61E0}.Release|x64.ActiveCfg = Release|x64
		{E19C6C17-1A70-459D-A662-4B42E4EF61E0}.Release|x64.Build.0 = Release|x64
		{E19C6C17-1A70-459D-A662-4B42E4EF61E0}.Release|x86.ActiveCfg = Release|Win32
		{E19C6C17-1A70-459D-A662-4B42E4EF61E0}.Release|x86.Build.0 = Release|Win32
		{B50E1D1A-33D3-4672-BC7C-C79CC9235210}.Debug|x64.ActiveCfg = Debug|x64
		{B50E1D1A-33D3-4672-BC7C-C79CC9235210}.Debug|x64.Build.0 = Debug|x64
		{B50E1D1A-33D3-4672-BC7C-C79CC9235210}.Debug|x86.ActiveCfg = Debug|Win32
		{B50E1D1A-33D3-4672-BC7C-C79CC9235210}.Debug|x86.Build.0 = Debug|Win32
		{B50E1D1A-33D3-4672-BC7C-C79CC9235210}.Release|x64.ActiveCfg = Release|x64
		{B50E1D1A-33D3-4672-BC7C-C79CC9235210}.Release|x64.Build.0 = Release|x64
		{B50E1D1A-33D3-4672-BC7C-C79CC9235210}.Release|x86.ActiveCfg = Release|Win32
		{B50E1D1A-33D3-4672-BC7C-C79CC9235210}.Release|x86.Build.0 = Release|Win32
		{85E0742D-C74C-4C29-91C6-403B7B05A40E}.Debug|x64.ActiveCfg = Debug|x64
		{85E0742D-C74C-4C29-91C6-403B7B05A40E}.Debug|x64.Build.0 = Debug|x64
		{85E0742D-C74C-4C29-91C6-403B7B05A40E}.Debug|x86.ActiveCfg = Debug|Win32
		{85E0742D-C74C-4C29-91C6-403B7B05A40E}.Debug|x86.Build.0 = Debug|Win32
		{85E0742D-C74C-4C29-91C6-403B7B05A40E}.Release|x64.ActiveCfg = Release|x64
		{85E0742D-C74C-4C29-91C6-403B7B05A40E}.Release|x64.Build.0 = Release|x64
		{85E0742D-C74C-4C29-91C6-403B7B05A40E}.Release|x86.ActiveCfg = Release|Win32
		{85E0742D-C74C-4C29-91C6-403B7B05A40E}.Release|x86.Build.0 = Release|Win32
		{15DD777B-50C6-41CA-ABE5-75FDA4B68249}.Debug|x64.ActiveCfg = Debug|x64
		{15DD777B-50C6-41CA-ABE5-75FDA4B68249}.Debug|x64.Build.0 = Debug|x64
		{15DD777B-50C6-41CA-ABE5-75FDA4B68249}.Debug|x86.ActiveCfg = Debug|Win32
		{15DD777B-50C6-41CA-ABE5-75FDA4B68249}.Debug|x86.Build.0 = Debug|Win32
		{15DD777B-50C6-41CA-ABE5-75FDA4B68249}.Release|x64.ActiveCfg = Release|x64
		{15DD777B-50C6-41CA-ABE5-75FDA4B68249}.Release|x64.Build.0 = Release|x64
		{15DD777B-50C6-41CA-ABE5-75FDA4B68249}.Release|x86.ActiveCfg = Release|Win32
		{15DD777B-50C6-41CA-ABE5-75FDA4B68249}.Release|x86.Build.0 = Release|Win32
		{CB9462B3-2B39-4B9E-B3AE-BC4CCB11308E}.Debug|x64.ActiveCfg = Debug|x64
		{CB9462B3-2B39-4B9E-B3AE-BC4CCB11308E}.Debug|x64.Build.0 = Debug|x64
		{CB9462B3-2B39-4B9E-B3AE-BC4CCB11308E}.Debug|x86.ActiveCfg = Debug|Win32
		{CB9462B3-2B39-4B9E-B3AE-BC4CCB11308E}.Debug|x86.Build.0 = Debug|Win32
		{CB9462B3-2B39-4B9E-B3AE-BC4CCB11308E}.Release|x64.ActiveCfg = Release|x64
		{CB9462B3-2B39-4B9E-B3AE-BC4CCB11308E}.Release|x64.Build.0 = Release|x64
		{CB9462B3-2B39-4B9E-B3AE-BC4CCB11308E}.Release|x86.ActiveCfg = Release|Win32
		{CB9462B3-2B39-4B9E-B3AE-BC4CCB11308E}.Release|x86.Build.0 = Release|Win32
		{1BF5C466-B7E3-495C-B3FA-D03D8A22800E}.Debug|x64.ActiveCfg = Debug|x64
		{1BF5C466-B7E3-495C-B3FA-D03D8A22800E}.Debug|x64.Build.0 = Debug|x64
		{1BF5C466-B7E3-495C-B3FA-D03D8A22800E}.Debug|x86.ActiveCfg = Debug|Win32
		{1BF5C466-B7E3-495C-B3FA-D03D8A22800E}.Debug|x86.Build.0 = Debug|Win32
		{1BF5C466-B7E3-495C-B3FA-D03D8A22800E}.Release|x64.ActiveCfg = Release|x64
		{1BF5C466-B7E3-495C-B3FA-D03D8A22800E}.Release|x64.Build.0 = Release|x64
		{1BF5C466-B7E3-495C-B3FA-D03D8A22800E}.Release|x86.ActiveCfg = Release|Win32
		{1BF5C466-B7E3-495C-B3FA-D03D8A22800E}.Release|x86.Build.0 = Release|Win32
		{AC735D50-5F4B-41A5-AD53-7EB3E2868E0D}.Debug|x64.ActiveCfg = Debug|x64
		{AC735D50-5F4B-41A5-AD53-7EB3E2868E0D}.Debug|x64.Build.0 = Debug|x64
		{AC735D50-5F4B-41A5-AD53-7EB3E2868E0D}.Debug|x86.ActiveCfg = Debug|Win32
		{AC735D50-5F4B-41A5-AD53-7EB3E2868E0D}.Debug|x86.Build.0 = Debug|Win32
		{AC735D50-5F4B-41A5-AD53-7EB3E2868E0D}.Release|x64.ActiveCfg = Release|x64
		{AC735D50-5F4B-41A5-AD53-7EB3E2868E0D}.Release|x64.Build.0 = Release|x64
		{AC735D50-5F4B-41A5-AD53-7EB3E2868E0D}.Release|x86.ActiveCfg = Release|Win32
		{AC735D50-5F4B-41A5-AD53-7EB3E2868E0D}.Release|x86.Build.0 = Release|Win32
		{A8EF337D-E86D-464C-A8E4-3752B5FFEA35}.Debug|x64.ActiveCfg = Debug|x64
		{A8EF337D-E86D-464C-A8E4-3752B5FFEA35}.Debug|x64.Build.0 = Debug|x64
		{A8EF337D-E86D-464C-A8E4-3752B5FFEA35}.Debug|x86.ActiveCfg = Debug|Win32
		{A8EF337D-E86D-464C-A8E4-3752B5FFEA35}.Debug|x86.Build.0 = Debug|Win32
		{A8EF337D-E86D-464C-A8E4-3752B5FFEA35}.Release|x64.ActiveCfg = Release|x64
		{A8EF337D-E86D-464C-A8E4-3752B5FFEA35}.Release|x64.Build.0 = Release|x64
		{A8EF337D-E86D-464C-A8E4-3752B5FFEA35}.Release|x86.ActiveCfg = Release|Win32
		{A8EF337D-E86D-464C-A8E4-3752B5FFEA35}.Release|x86.Build.0 = Release|Win32
		{CDBCD384-9935-47A0-98B3-261479BFC53A}.Debug|x64.ActiveCfg = Debug|x64
		{CDBCD384-9935-47A0-98B3-261479BFC53A}.Debug|x64.Build.0 = Debug|x64
		{CDBCD384-9935-47A0-98B3-261479BFC53A}.Debug|x86.ActiveCfg = Debug|Win32
		{CDBCD384-9935-47A0-98B3-261479BFC53A}.Debug|x86.Build.0 = Debug|Win32
		{CDBCD384-9935-47A0-98B3-261479BFC53A}.Release|x64.ActiveCfg = Release|x64
		{CDBCD384-9935-47A0-98B3-261479BFC53A}.Release|x64.Build.0 = Release|x64
		{CDBCD384-9935-47A0-98B3-261479BFC53A}.Release|x86.ActiveCfg = Release|Win32
		{CDBCD384-9935-47A0-98B3-261479BFC53A}.Release|x86.Build.0 = Release|Win32
		{F263883C-7C2C-4FD6-860B-25B0E7AAFFD5}.Debug|x64.ActiveCfg = Debug|x64
		{F263883C-7C2C-4FD6-860B-25B0E7AAFFD5}.Debug|x64.Build.0 = Debug|x64
		{F263883C-7C2C-4FD6-860B-25B0E7AAFFD5}.Debug|x86.ActiveCfg = Debug|Win32
		{F263883C-7C2C-4FD6-860B-25B0E7AAFFD5}.Debug|x86.Build.0 = Debug|Win32
		{F263883C-7C2C-4FD6-860B-25B0E7AAFFD5}.Release|x64.ActiveCfg = Release|x64
		{F263883C-7C2C-4FD6-860B-25B0E7AAFFD5}.Release|x64.Build.0 = Release|x64
		{F263883C-7C2C-4FD6-860B-25B0E7AAFFD5}.Release|x86.ActiveCfg = Release|Win32
		{F263883C-7C2C-4FD6-860B-25B0E7AAFFD5}.Release|x86.Build.0 = Release|Win32
		{BABF5886-1CD7-4B3E-84D7-26D487BD54DA}.Debug|x64.ActiveCfg = Debug|x64
		{BABF5886-1CD7-4B3E-84D7-26D487BD54DA}.Debug|x64.Build.0 = Debug|x64
		{BABF5886-1CD7-4B3E-84D7-26D487BD54DA}.Debug|x86.ActiveCfg = Debug|Win32
		{BABF5886-1CD7-4B3E-84D7-26D487BD54DA}.Debug|x86.Build.0 = Debug|Win32
		{BABF5886-1CD7-4B3E-84D7-26D487BD54DA}.Release|x64.ActiveCfg = Release|x64
		{BABF5886-1CD7-4B3E-84D7-26D487BD54DA}.Release|x64.Build.0 = Release|x64
		{BABF5886-1CD7-4B3E-84D7-26D487BD54DA}.Release|x86.ActiveCfg = Release|Win32
		{BABF5886-1CD7-4B3E-84D7-26D487BD54DA}.Release|x86.Build.0 = Release|Win32
	EndGlobalSection
	GlobalSection(SolutionProperties) = preSolution
		HideSolutionNode = FALSE
	EndGlobalSection
	GlobalSection(ExtensibilityGlobals) = postSolution
		SolutionGuid = {2CCE5AEE-3B0F-4D56-8112-393974498BAA}
	EndGlobalSection
EndGlobal
