
Microsoft Visual Studio Solution File, Format Version 12.00
# Visual Studio Version 17
VisualStudioVersion = 17.7.34031.279
MinimumVisualStudioVersion = 10.0.40219.1
Project("{8BC9CEB8-8B4A-11D0-8D11-00A0C91BC942}") = "Bai102", "Bai102\Bai102.vcxproj", "{EE126A32-B21A-49C2-889F-086BDAA4CFE3}"
EndProject
Project("{8BC9CEB8-8B4A-11D0-8D11-00A0C91BC942}") = "Bai112", "Bai112\Bai112.vcxproj", "{83CAD407-E07E-4E51-BE22-4763B9BFFDED}"
EndProject
Project("{8BC9CEB8-8B4A-11D0-8D11-00A0C91BC942}") = "Bai100", "Bai100\Bai100.vcxproj", "{08586812-AFA9-4E69-85F5-800F123C454C}"
EndProject
Project("{8BC9CEB8-8B4A-11D0-8D11-00A0C91BC942}") = "Bai101", "Bai101\Bai101.vcxproj", "{1757F9A8-B554-480C-A092-132DD30006B9}"
EndProject
Project("{8BC9CEB8-8B4A-11D0-8D11-00A0C91BC942}") = "Bai103", "Bai103\Bai103.vcxproj", "{C5C49ECE-1989-4FB1-9D65-7E7713BAC1F2}"
EndProject
Project("{8BC9CEB8-8B4A-11D0-8D11-00A0C91BC942}") = "Bai104", "Bai104\Bai104.vcxproj", "{C52F50F4-5EF6-4384-AE52-7238EAF2B47F}"
EndProject
Project("{8BC9CEB8-8B4A-11D0-8D11-00A0C91BC942}") = "Bai105", "Bai105\Bai105.vcxproj", "{33E2ACAB-8573-4B3B-947C-A0125E4CECA3}"
EndProject
Project("{8BC9CEB8-8B4A-11D0-8D11-00A0C91BC942}") = "Bai108", "Bai108\Bai108.vcxproj", "{B4771527-35D8-4BA1-9BA8-77C042A74D01}"
EndProject
Project("{8BC9CEB8-8B4A-11D0-8D11-00A0C91BC942}") = "Bai109", "Bai109\Bai109.vcxproj", "{328C03CD-8134-44CE-89FE-DBB1C42B4A25}"
EndProject
Project("{8BC9CEB8-8B4A-11D0-8D11-00A0C91BC942}") = "Bai110", "Bai110\Bai110.vcxproj", "{36330F70-1683-4804-A649-7DB14A59D6FF}"
EndProject
Project("{8BC9CEB8-8B4A-11D0-8D11-00A0C91BC942}") = "Bai111", "Bai111\Bai111.vcxproj", "{5C8838AE-EEB8-41C5-A6FB-0551BB5E2063}"
EndProject
Project("{8BC9CEB8-8B4A-11D0-8D11-00A0C91BC942}") = "Bai113", "Bai113\Bai113.vcxproj", "{53D82A06-958E-475C-8CEF-77C3A596CA28}"
EndProject
Project("{8BC9CEB8-8B4A-11D0-8D11-00A0C91BC942}") = "Bai115", "Bai115\Bai115.vcxproj", "{13B5510E-63B8-4932-900C-9BB7BEC6C7D8}"
EndProject
Project("{8BC9CEB8-8B4A-11D0-8D11-00A0C91BC942}") = "Bai114", "Bai114\Bai114.vcxproj", "{EA37E5C0-4E7F-4F2B-BBE0-C8D94CF670FA}"
EndProject
Project("{8BC9CEB8-8B4A-11D0-8D11-00A0C91BC942}") = "Bai116", "Bai116\Bai116.vcxproj", "{BDE4C433-4C47-4906-AC45-A63AB615286B}"
EndProject
Project("{8BC9CEB8-8B4A-11D0-8D11-00A0C91BC942}") = "Bai118", "Bai118\Bai118.vcxproj", "{D61FE3E1-7F2A-46BA-B8AD-98A2C1EF0CF4}"
EndProject
Project("{8BC9CEB8-8B4A-11D0-8D11-00A0C91BC942}") = "Bai119", "Bai119\Bai119.vcxproj", "{AB5A8BDA-CE3F-4DC0-8209-99D537C1F46C}"
EndProject
Project("{8BC9CEB8-8B4A-11D0-8D11-00A0C91BC942}") = "Bai120", "Bai120\Bai120.vcxproj", "{2F38A96C-B30A-424F-B822-C78E7173EC98}"
EndProject
Project("{8BC9CEB8-8B4A-11D0-8D11-00A0C91BC942}") = "Bai121", "Bai121\Bai121.vcxproj", "{93E805B0-E041-41AE-951D-C2807873B63D}"
EndProject
Project("{8BC9CEB8-8B4A-11D0-8D11-00A0C91BC942}") = "Bai122", "Bai122\Bai122.vcxproj", "{D5B7DDD7-0FFE-4697-96BB-C184D86C2D2F}"
EndProject
Global
	GlobalSection(SolutionConfigurationPlatforms) = preSolution
		Debug|x64 = Debug|x64
		Debug|x86 = Debug|x86
		Release|x64 = Release|x64
		Release|x86 = Release|x86
	EndGlobalSection
	GlobalSection(ProjectConfigurationPlatforms) = postSolution
		{EE126A32-B21A-49C2-889F-086BDAA4CFE3}.Debug|x64.ActiveCfg = Debug|x64
		{EE126A32-B21A-49C2-889F-086BDAA4CFE3}.Debug|x64.Build.0 = Debug|x64
		{EE126A32-B21A-49C2-889F-086BDAA4CFE3}.Debug|x86.ActiveCfg = Debug|Win32
		{EE126A32-B21A-49C2-889F-086BDAA4CFE3}.Debug|x86.Build.0 = Debug|Win32
		{EE126A32-B21A-49C2-889F-086BDAA4CFE3}.Release|x64.ActiveCfg = Release|x64
		{EE126A32-B21A-49C2-889F-086BDAA4CFE3}.Release|x64.Build.0 = Release|x64
		{EE126A32-B21A-49C2-889F-086BDAA4CFE3}.Release|x86.ActiveCfg = Release|Win32
		{EE126A32-B21A-49C2-889F-086BDAA4CFE3}.Release|x86.Build.0 = Release|Win32
		{83CAD407-E07E-4E51-BE22-4763B9BFFDED}.Debug|x64.ActiveCfg = Debug|x64
		{83CAD407-E07E-4E51-BE22-4763B9BFFDED}.Debug|x64.Build.0 = Debug|x64
		{83CAD407-E07E-4E51-BE22-4763B9BFFDED}.Debug|x86.ActiveCfg = Debug|Win32
		{83CAD407-E07E-4E51-BE22-4763B9BFFDED}.Debug|x86.Build.0 = Debug|Win32
		{83CAD407-E07E-4E51-BE22-4763B9BFFDED}.Release|x64.ActiveCfg = Release|x64
		{83CAD407-E07E-4E51-BE22-4763B9BFFDED}.Release|x64.Build.0 = Release|x64
		{83CAD407-E07E-4E51-BE22-4763B9BFFDED}.Release|x86.ActiveCfg = Release|Win32
		{83CAD407-E07E-4E51-BE22-4763B9BFFDED}.Release|x86.Build.0 = Release|Win32
		{08586812-AFA9-4E69-85F5-800F123C454C}.Debug|x64.ActiveCfg = Debug|x64
		{08586812-AFA9-4E69-85F5-800F123C454C}.Debug|x64.Build.0 = Debug|x64
		{08586812-AFA9-4E69-85F5-800F123C454C}.Debug|x86.ActiveCfg = Debug|Win32
		{08586812-AFA9-4E69-85F5-800F123C454C}.Debug|x86.Build.0 = Debug|Win32
		{08586812-AFA9-4E69-85F5-800F123C454C}.Release|x64.ActiveCfg = Release|x64
		{08586812-AFA9-4E69-85F5-800F123C454C}.Release|x64.Build.0 = Release|x64
		{08586812-AFA9-4E69-85F5-800F123C454C}.Release|x86.ActiveCfg = Release|Win32
		{08586812-AFA9-4E69-85F5-800F123C454C}.Release|x86.Build.0 = Release|Win32
		{1757F9A8-B554-480C-A092-132DD30006B9}.Debug|x64.ActiveCfg = Debug|x64
		{1757F9A8-B554-480C-A092-132DD30006B9}.Debug|x64.Build.0 = Debug|x64
		{1757F9A8-B554-480C-A092-132DD30006B9}.Debug|x86.ActiveCfg = Debug|Win32
		{1757F9A8-B554-480C-A092-132DD30006B9}.Debug|x86.Build.0 = Debug|Win32
		{1757F9A8-B554-480C-A092-132DD30006B9}.Release|x64.ActiveCfg = Release|x64
		{1757F9A8-B554-480C-A092-132DD30006B9}.Release|x64.Build.0 = Release|x64
		{1757F9A8-B554-480C-A092-132DD30006B9}.Release|x86.ActiveCfg = Release|Win32
		{1757F9A8-B554-480C-A092-132DD30006B9}.Release|x86.Build.0 = Release|Win32
		{C5C49ECE-1989-4FB1-9D65-7E7713BAC1F2}.Debug|x64.ActiveCfg = Debug|x64
		{C5C49ECE-1989-4FB1-9D65-7E7713BAC1F2}.Debug|x64.Build.0 = Debug|x64
		{C5C49ECE-1989-4FB1-9D65-7E7713BAC1F2}.Debug|x86.ActiveCfg = Debug|Win32
		{C5C49ECE-1989-4FB1-9D65-7E7713BAC1F2}.Debug|x86.Build.0 = Debug|Win32
		{C5C49ECE-1989-4FB1-9D65-7E7713BAC1F2}.Release|x64.ActiveCfg = Release|x64
		{C5C49ECE-1989-4FB1-9D65-7E7713BAC1F2}.Release|x64.Build.0 = Release|x64
		{C5C49ECE-1989-4FB1-9D65-7E7713BAC1F2}.Release|x86.ActiveCfg = Release|Win32
		{C5C49ECE-1989-4FB1-9D65-7E7713BAC1F2}.Release|x86.Build.0 = Release|Win32
		{C52F50F4-5EF6-4384-AE52-7238EAF2B47F}.Debug|x64.ActiveCfg = Debug|x64
		{C52F50F4-5EF6-4384-AE52-7238EAF2B47F}.Debug|x64.Build.0 = Debug|x64
		{C52F50F4-5EF6-4384-AE52-7238EAF2B47F}.Debug|x86.ActiveCfg = Debug|Win32
		{C52F50F4-5EF6-4384-AE52-7238EAF2B47F}.Debug|x86.Build.0 = Debug|Win32
		{C52F50F4-5EF6-4384-AE52-7238EAF2B47F}.Release|x64.ActiveCfg = Release|x64
		{C52F50F4-5EF6-4384-AE52-7238EAF2B47F}.Release|x64.Build.0 = Release|x64
		{C52F50F4-5EF6-4384-AE52-7238EAF2B47F}.Release|x86.ActiveCfg = Release|Win32
		{C52F50F4-5EF6-4384-AE52-7238EAF2B47F}.Release|x86.Build.0 = Release|Win32
		{33E2ACAB-8573-4B3B-947C-A0125E4CECA3}.Debug|x64.ActiveCfg = Debug|x64
		{33E2ACAB-8573-4B3B-947C-A0125E4CECA3}.Debug|x64.Build.0 = Debug|x64
		{33E2ACAB-8573-4B3B-947C-A0125E4CECA3}.Debug|x86.ActiveCfg = Debug|Win32
		{33E2ACAB-8573-4B3B-947C-A0125E4CECA3}.Debug|x86.Build.0 = Debug|Win32
		{33E2ACAB-8573-4B3B-947C-A0125E4CECA3}.Release|x64.ActiveCfg = Release|x64
		{33E2ACAB-8573-4B3B-947C-A0125E4CECA3}.Release|x64.Build.0 = Release|x64
		{33E2ACAB-8573-4B3B-947C-A0125E4CECA3}.Release|x86.ActiveCfg = Release|Win32
		{33E2ACAB-8573-4B3B-947C-A0125E4CECA3}.Release|x86.Build.0 = Release|Win32
		{B4771527-35D8-4BA1-9BA8-77C042A74D01}.Debug|x64.ActiveCfg = Debug|x64
		{B4771527-35D8-4BA1-9BA8-77C042A74D01}.Debug|x64.Build.0 = Debug|x64
		{B4771527-35D8-4BA1-9BA8-77C042A74D01}.Debug|x86.ActiveCfg = Debug|Win32
		{B4771527-35D8-4BA1-9BA8-77C042A74D01}.Debug|x86.Build.0 = Debug|Win32
		{B4771527-35D8-4BA1-9BA8-77C042A74D01}.Release|x64.ActiveCfg = Release|x64
		{B4771527-35D8-4BA1-9BA8-77C042A74D01}.Release|x64.Build.0 = Release|x64
		{B4771527-35D8-4BA1-9BA8-77C042A74D01}.Release|x86.ActiveCfg = Release|Win32
		{B4771527-35D8-4BA1-9BA8-77C042A74D01}.Release|x86.Build.0 = Release|Win32
		{328C03CD-8134-44CE-89FE-DBB1C42B4A25}.Debug|x64.ActiveCfg = Debug|x64
		{328C03CD-8134-44CE-89FE-DBB1C42B4A25}.Debug|x64.Build.0 = Debug|x64
		{328C03CD-8134-44CE-89FE-DBB1C42B4A25}.Debug|x86.ActiveCfg = Debug|Win32
		{328C03CD-8134-44CE-89FE-DBB1C42B4A25}.Debug|x86.Build.0 = Debug|Win32
		{328C03CD-8134-44CE-89FE-DBB1C42B4A25}.Release|x64.ActiveCfg = Release|x64
		{328C03CD-8134-44CE-89FE-DBB1C42B4A25}.Release|x64.Build.0 = Release|x64
		{328C03CD-8134-44CE-89FE-DBB1C42B4A25}.Release|x86.ActiveCfg = Release|Win32
		{328C03CD-8134-44CE-89FE-DBB1C42B4A25}.Release|x86.Build.0 = Release|Win32
		{36330F70-1683-4804-A649-7DB14A59D6FF}.Debug|x64.ActiveCfg = Debug|x64
		{36330F70-1683-4804-A649-7DB14A59D6FF}.Debug|x64.Build.0 = Debug|x64
		{36330F70-1683-4804-A649-7DB14A59D6FF}.Debug|x86.ActiveCfg = Debug|Win32
		{36330F70-1683-4804-A649-7DB14A59D6FF}.Debug|x86.Build.0 = Debug|Win32
		{36330F70-1683-4804-A649-7DB14A59D6FF}.Release|x64.ActiveCfg = Release|x64
		{36330F70-1683-4804-A649-7DB14A59D6FF}.Release|x64.Build.0 = Release|x64
		{36330F70-1683-4804-A649-7DB14A59D6FF}.Release|x86.ActiveCfg = Release|Win32
		{36330F70-1683-4804-A649-7DB14A59D6FF}.Release|x86.Build.0 = Release|Win32
		{5C8838AE-EEB8-41C5-A6FB-0551BB5E2063}.Debug|x64.ActiveCfg = Debug|x64
		{5C8838AE-EEB8-41C5-A6FB-0551BB5E2063}.Debug|x64.Build.0 = Debug|x64
		{5C8838AE-EEB8-41C5-A6FB-0551BB5E2063}.Debug|x86.ActiveCfg = Debug|Win32
		{5C8838AE-EEB8-41C5-A6FB-0551BB5E2063}.Debug|x86.Build.0 = Debug|Win32
		{5C8838AE-EEB8-41C5-A6FB-0551BB5E2063}.Release|x64.ActiveCfg = Release|x64
		{5C8838AE-EEB8-41C5-A6FB-0551BB5E2063}.Release|x64.Build.0 = Release|x64
		{5C8838AE-EEB8-41C5-A6FB-0551BB5E2063}.Release|x86.ActiveCfg = Release|Win32
		{5C8838AE-EEB8-41C5-A6FB-0551BB5E2063}.Release|x86.Build.0 = Release|Win32
		{53D82A06-958E-475C-8CEF-77C3A596CA28}.Debug|x64.ActiveCfg = Debug|x64
		{53D82A06-958E-475C-8CEF-77C3A596CA28}.Debug|x64.Build.0 = Debug|x64
		{53D82A06-958E-475C-8CEF-77C3A596CA28}.Debug|x86.ActiveCfg = Debug|Win32
		{53D82A06-958E-475C-8CEF-77C3A596CA28}.Debug|x86.Build.0 = Debug|Win32
		{53D82A06-958E-475C-8CEF-77C3A596CA28}.Release|x64.ActiveCfg = Release|x64
		{53D82A06-958E-475C-8CEF-77C3A596CA28}.Release|x64.Build.0 = Release|x64
		{53D82A06-958E-475C-8CEF-77C3A596CA28}.Release|x86.ActiveCfg = Release|Win32
		{53D82A06-958E-475C-8CEF-77C3A596CA28}.Release|x86.Build.0 = Release|Win32
		{13B5510E-63B8-4932-900C-9BB7BEC6C7D8}.Debug|x64.ActiveCfg = Debug|x64
		{13B5510E-63B8-4932-900C-9BB7BEC6C7D8}.Debug|x64.Build.0 = Debug|x64
		{13B5510E-63B8-4932-900C-9BB7BEC6C7D8}.Debug|x86.ActiveCfg = Debug|Win32
		{13B5510E-63B8-4932-900C-9BB7BEC6C7D8}.Debug|x86.Build.0 = Debug|Win32
		{13B5510E-63B8-4932-900C-9BB7BEC6C7D8}.Release|x64.ActiveCfg = Release|x64
		{13B5510E-63B8-4932-900C-9BB7BEC6C7D8}.Release|x64.Build.0 = Release|x64
		{13B5510E-63B8-4932-900C-9BB7BEC6C7D8}.Release|x86.ActiveCfg = Release|Win32
		{13B5510E-63B8-4932-900C-9BB7BEC6C7D8}.Release|x86.Build.0 = Release|Win32
		{EA37E5C0-4E7F-4F2B-BBE0-C8D94CF670FA}.Debug|x64.ActiveCfg = Debug|x64
		{EA37E5C0-4E7F-4F2B-BBE0-C8D94CF670FA}.Debug|x64.Build.0 = Debug|x64
		{EA37E5C0-4E7F-4F2B-BBE0-C8D94CF670FA}.Debug|x86.ActiveCfg = Debug|Win32
		{EA37E5C0-4E7F-4F2B-BBE0-C8D94CF670FA}.Debug|x86.Build.0 = Debug|Win32
		{EA37E5C0-4E7F-4F2B-BBE0-C8D94CF670FA}.Release|x64.ActiveCfg = Release|x64
		{EA37E5C0-4E7F-4F2B-BBE0-C8D94CF670FA}.Release|x64.Build.0 = Release|x64
		{EA37E5C0-4E7F-4F2B-BBE0-C8D94CF670FA}.Release|x86.ActiveCfg = Release|Win32
		{EA37E5C0-4E7F-4F2B-BBE0-C8D94CF670FA}.Release|x86.Build.0 = Release|Win32
		{BDE4C433-4C47-4906-AC45-A63AB615286B}.Debug|x64.ActiveCfg = Debug|x64
		{BDE4C433-4C47-4906-AC45-A63AB615286B}.Debug|x64.Build.0 = Debug|x64
		{BDE4C433-4C47-4906-AC45-A63AB615286B}.Debug|x86.ActiveCfg = Debug|Win32
		{BDE4C433-4C47-4906-AC45-A63AB615286B}.Debug|x86.Build.0 = Debug|Win32
		{BDE4C433-4C47-4906-AC45-A63AB615286B}.Release|x64.ActiveCfg = Release|x64
		{BDE4C433-4C47-4906-AC45-A63AB615286B}.Release|x64.Build.0 = Release|x64
		{BDE4C433-4C47-4906-AC45-A63AB615286B}.Release|x86.ActiveCfg = Release|Win32
		{BDE4C433-4C47-4906-AC45-A63AB615286B}.Release|x86.Build.0 = Release|Win32
		{D61FE3E1-7F2A-46BA-B8AD-98A2C1EF0CF4}.Debug|x64.ActiveCfg = Debug|x64
		{D61FE3E1-7F2A-46BA-B8AD-98A2C1EF0CF4}.Debug|x64.Build.0 = Debug|x64
		{D61FE3E1-7F2A-46BA-B8AD-98A2C1EF0CF4}.Debug|x86.ActiveCfg = Debug|Win32
		{D61FE3E1-7F2A-46BA-B8AD-98A2C1EF0CF4}.Debug|x86.Build.0 = Debug|Win32
		{D61FE3E1-7F2A-46BA-B8AD-98A2C1EF0CF4}.Release|x64.ActiveCfg = Release|x64
		{D61FE3E1-7F2A-46BA-B8AD-98A2C1EF0CF4}.Release|x64.Build.0 = Release|x64
		{D61FE3E1-7F2A-46BA-B8AD-98A2C1EF0CF4}.Release|x86.ActiveCfg = Release|Win32
		{D61FE3E1-7F2A-46BA-B8AD-98A2C1EF0CF4}.Release|x86.Build.0 = Release|Win32
		{AB5A8BDA-CE3F-4DC0-8209-99D537C1F46C}.Debug|x64.ActiveCfg = Debug|x64
		{AB5A8BDA-CE3F-4DC0-8209-99D537C1F46C}.Debug|x64.Build.0 = Debug|x64
		{AB5A8BDA-CE3F-4DC0-8209-99D537C1F46C}.Debug|x86.ActiveCfg = Debug|Win32
		{AB5A8BDA-CE3F-4DC0-8209-99D537C1F46C}.Debug|x86.Build.0 = Debug|Win32
		{AB5A8BDA-CE3F-4DC0-8209-99D537C1F46C}.Release|x64.ActiveCfg = Release|x64
		{AB5A8BDA-CE3F-4DC0-8209-99D537C1F46C}.Release|x64.Build.0 = Release|x64
		{AB5A8BDA-CE3F-4DC0-8209-99D537C1F46C}.Release|x86.ActiveCfg = Release|Win32
		{AB5A8BDA-CE3F-4DC0-8209-99D537C1F46C}.Release|x86.Build.0 = Release|Win32
		{2F38A96C-B30A-424F-B822-C78E7173EC98}.Debug|x64.ActiveCfg = Debug|x64
		{2F38A96C-B30A-424F-B822-C78E7173EC98}.Debug|x64.Build.0 = Debug|x64
		{2F38A96C-B30A-424F-B822-C78E7173EC98}.Debug|x86.ActiveCfg = Debug|Win32
		{2F38A96C-B30A-424F-B822-C78E7173EC98}.Debug|x86.Build.0 = Debug|Win32
		{2F38A96C-B30A-424F-B822-C78E7173EC98}.Release|x64.ActiveCfg = Release|x64
		{2F38A96C-B30A-424F-B822-C78E7173EC98}.Release|x64.Build.0 = Release|x64
		{2F38A96C-B30A-424F-B822-C78E7173EC98}.Release|x86.ActiveCfg = Release|Win32
		{2F38A96C-B30A-424F-B822-C78E7173EC98}.Release|x86.Build.0 = Release|Win32
		{93E805B0-E041-41AE-951D-C2807873B63D}.Debug|x64.ActiveCfg = Debug|x64
		{93E805B0-E041-41AE-951D-C2807873B63D}.Debug|x64.Build.0 = Debug|x64
		{93E805B0-E041-41AE-951D-C2807873B63D}.Debug|x86.ActiveCfg = Debug|Win32
		{93E805B0-E041-41AE-951D-C2807873B63D}.Debug|x86.Build.0 = Debug|Win32
		{93E805B0-E041-41AE-951D-C2807873B63D}.Release|x64.ActiveCfg = Release|x64
		{93E805B0-E041-41AE-951D-C2807873B63D}.Release|x64.Build.0 = Release|x64
		{93E805B0-E041-41AE-951D-C2807873B63D}.Release|x86.ActiveCfg = Release|Win32
		{93E805B0-E041-41AE-951D-C2807873B63D}.Release|x86.Build.0 = Release|Win32
		{D5B7DDD7-0FFE-4697-96BB-C184D86C2D2F}.Debug|x64.ActiveCfg = Debug|x64
		{D5B7DDD7-0FFE-4697-96BB-C184D86C2D2F}.Debug|x64.Build.0 = Debug|x64
		{D5B7DDD7-0FFE-4697-96BB-C184D86C2D2F}.Debug|x86.ActiveCfg = Debug|Win32
		{D5B7DDD7-0FFE-4697-96BB-C184D86C2D2F}.Debug|x86.Build.0 = Debug|Win32
		{D5B7DDD7-0FFE-4697-96BB-C184D86C2D2F}.Release|x64.ActiveCfg = Release|x64
		{D5B7DDD7-0FFE-4697-96BB-C184D86C2D2F}.Release|x64.Build.0 = Release|x64
		{D5B7DDD7-0FFE-4697-96BB-C184D86C2D2F}.Release|x86.ActiveCfg = Release|Win32
		{D5B7DDD7-0FFE-4697-96BB-C184D86C2D2F}.Release|x86.Build.0 = Release|Win32
	EndGlobalSection
	GlobalSection(SolutionProperties) = preSolution
		HideSolutionNode = FALSE
	EndGlobalSection
	GlobalSection(ExtensibilityGlobals) = postSolution
		SolutionGuid = {297B34AB-0E90-46B7-982D-C31F260A3310}
	EndGlobalSection
EndGlobal
