
Microsoft Visual Studio Solution File, Format Version 12.00
# Visual Studio Version 17
VisualStudioVersion = 17.7.34031.279
MinimumVisualStudioVersion = 10.0.40219.1
Project("{8BC9CEB8-8B4A-11D0-8D11-00A0C91BC942}") = "Bai091", "Bai091\Bai091.vcxproj", "{FB2FABE3-5D9F-4DEC-8DDF-8A78A21CB0A7}"
EndProject
Project("{8BC9CEB8-8B4A-11D0-8D11-00A0C91BC942}") = "Bai092", "Bai092\Bai092.vcxproj", "{FC608BEB-DA4F-4F0E-A94F-063F0A0B2583}"
EndProject
Project("{8BC9CEB8-8B4A-11D0-8D11-00A0C91BC942}") = "Bai093", "Bai093\Bai093.vcxproj", "{A46DE26A-49D6-4A09-AE6B-381C08DA2117}"
EndProject
Project("{8BC9CEB8-8B4A-11D0-8D11-00A0C91BC942}") = "Bai094", "Bai094\Bai094.vcxproj", "{C9F011CA-8D4A-40BF-A66F-0E4A3B1AFEA7}"
EndProject
Project("{8BC9CEB8-8B4A-11D0-8D11-00A0C91BC942}") = "Bai095", "Bai095\Bai095.vcxproj", "{4E97DCC6-90B6-458E-AD68-FFC8A64F2960}"
EndProject
Project("{8BC9CEB8-8B4A-11D0-8D11-00A0C91BC942}") = "Bai096", "Bai096\Bai096.vcxproj", "{7B9335DD-FDBB-4F74-B94A-00EC3EF5AAF4}"
EndProject
Project("{8BC9CEB8-8B4A-11D0-8D11-00A0C91BC942}") = "Bai097", "Bai097\Bai097.vcxproj", "{03E5E321-2494-4BFB-8B46-45E881179A3F}"
EndProject
Project("{8BC9CEB8-8B4A-11D0-8D11-00A0C91BC942}") = "Bai098", "Bai098\Bai098.vcxproj", "{36B93F18-4BB1-4663-8572-D1E7C6BB43F6}"
EndProject
Project("{8BC9CEB8-8B4A-11D0-8D11-00A0C91BC942}") = "Bai099", "Bai099\Bai099.vcxproj", "{9C50D462-A689-4C91-976D-83B5ADE87214}"
EndProject
Global
	GlobalSection(SolutionConfigurationPlatforms) = preSolution
		Debug|x64 = Debug|x64
		Debug|x86 = Debug|x86
		Release|x64 = Release|x64
		Release|x86 = Release|x86
	EndGlobalSection
	GlobalSection(ProjectConfigurationPlatforms) = postSolution
		{FB2FABE3-5D9F-4DEC-8DDF-8A78A21CB0A7}.Debug|x64.ActiveCfg = Debug|x64
		{FB2FABE3-5D9F-4DEC-8DDF-8A78A21CB0A7}.Debug|x64.Build.0 = Debug|x64
		{FB2FABE3-5D9F-4DEC-8DDF-8A78A21CB0A7}.Debug|x86.ActiveCfg = Debug|Win32
		{FB2FABE3-5D9F-4DEC-8DDF-8A78A21CB0A7}.Debug|x86.Build.0 = Debug|Win32
		{FB2FABE3-5D9F-4DEC-8DDF-8A78A21CB0A7}.Release|x64.ActiveCfg = Release|x64
		{FB2FABE3-5D9F-4DEC-8DDF-8A78A21CB0A7}.Release|x64.Build.0 = Release|x64
		{FB2FABE3-5D9F-4DEC-8DDF-8A78A21CB0A7}.Release|x86.ActiveCfg = Release|Win32
		{FB2FABE3-5D9F-4DEC-8DDF-8A78A21CB0A7}.Release|x86.Build.0 = Release|Win32
		{FC608BEB-DA4F-4F0E-A94F-063F0A0B2583}.Debug|x64.ActiveCfg = Debug|x64
		{FC608BEB-DA4F-4F0E-A94F-063F0A0B2583}.Debug|x64.Build.0 = Debug|x64
		{FC608BEB-DA4F-4F0E-A94F-063F0A0B2583}.Debug|x86.ActiveCfg = Debug|Win32
		{FC608BEB-DA4F-4F0E-A94F-063F0A0B2583}.Debug|x86.Build.0 = Debug|Win32
		{FC608BEB-DA4F-4F0E-A94F-063F0A0B2583}.Release|x64.ActiveCfg = Release|x64
		{FC608BEB-DA4F-4F0E-A94F-063F0A0B2583}.Release|x64.Build.0 = Release|x64
		{FC608BEB-DA4F-4F0E-A94F-063F0A0B2583}.Release|x86.ActiveCfg = Release|Win32
		{FC608BEB-DA4F-4F0E-A94F-063F0A0B2583}.Release|x86.Build.0 = Release|Win32
		{A46DE26A-49D6-4A09-AE6B-381C08DA2117}.Debug|x64.ActiveCfg = Debug|x64
		{A46DE26A-49D6-4A09-AE6B-381C08DA2117}.Debug|x64.Build.0 = Debug|x64
		{A46DE26A-49D6-4A09-AE6B-381C08DA2117}.Debug|x86.ActiveCfg = Debug|Win32
		{A46DE26A-49D6-4A09-AE6B-381C08DA2117}.Debug|x86.Build.0 = Debug|Win32
		{A46DE26A-49D6-4A09-AE6B-381C08DA2117}.Release|x64.ActiveCfg = Release|x64
		{A46DE26A-49D6-4A09-AE6B-381C08DA2117}.Release|x64.Build.0 = Release|x64
		{A46DE26A-49D6-4A09-AE6B-381C08DA2117}.Release|x86.ActiveCfg = Release|Win32
		{A46DE26A-49D6-4A09-AE6B-381C08DA2117}.Release|x86.Build.0 = Release|Win32
		{C9F011CA-8D4A-40BF-A66F-0E4A3B1AFEA7}.Debug|x64.ActiveCfg = Debug|x64
		{C9F011CA-8D4A-40BF-A66F-0E4A3B1AFEA7}.Debug|x64.Build.0 = Debug|x64
		{C9F011CA-8D4A-40BF-A66F-0E4A3B1AFEA7}.Debug|x86.ActiveCfg = Debug|Win32
		{C9F011CA-8D4A-40BF-A66F-0E4A3B1AFEA7}.Debug|x86.Build.0 = Debug|Win32
		{C9F011CA-8D4A-40BF-A66F-0E4A3B1AFEA7}.Release|x64.ActiveCfg = Release|x64
		{C9F011CA-8D4A-40BF-A66F-0E4A3B1AFEA7}.Release|x64.Build.0 = Release|x64
		{C9F011CA-8D4A-40BF-A66F-0E4A3B1AFEA7}.Release|x86.ActiveCfg = Release|Win32
		{C9F011CA-8D4A-40BF-A66F-0E4A3B1AFEA7}.Release|x86.Build.0 = Release|Win32
		{4E97DCC6-90B6-458E-AD68-FFC8A64F2960}.Debug|x64.ActiveCfg = Debug|x64
		{4E97DCC6-90B6-458E-AD68-FFC8A64F2960}.Debug|x64.Build.0 = Debug|x64
		{4E97DCC6-90B6-458E-AD68-FFC8A64F2960}.Debug|x86.ActiveCfg = Debug|Win32
		{4E97DCC6-90B6-458E-AD68-FFC8A64F2960}.Debug|x86.Build.0 = Debug|Win32
		{4E97DCC6-90B6-458E-AD68-FFC8A64F2960}.Release|x64.ActiveCfg = Release|x64
		{4E97DCC6-90B6-458E-AD68-FFC8A64F2960}.Release|x64.Build.0 = Release|x64
		{4E97DCC6-90B6-458E-AD68-FFC8A64F2960}.Release|x86.ActiveCfg = Release|Win32
		{4E97DCC6-90B6-458E-AD68-FFC8A64F2960}.Release|x86.Build.0 = Release|Win32
		{7B9335DD-FDBB-4F74-B94A-00EC3EF5AAF4}.Debug|x64.ActiveCfg = Debug|x64
		{7B9335DD-FDBB-4F74-B94A-00EC3EF5AAF4}.Debug|x64.Build.0 = Debug|x64
		{7B9335DD-FDBB-4F74-B94A-00EC3EF5AAF4}.Debug|x86.ActiveCfg = Debug|Win32
		{7B9335DD-FDBB-4F74-B94A-00EC3EF5AAF4}.Debug|x86.Build.0 = Debug|Win32
		{7B9335DD-FDBB-4F74-B94A-00EC3EF5AAF4}.Release|x64.ActiveCfg = Release|x64
		{7B9335DD-FDBB-4F74-B94A-00EC3EF5AAF4}.Release|x64.Build.0 = Release|x64
		{7B9335DD-FDBB-4F74-B94A-00EC3EF5AAF4}.Release|x86.ActiveCfg = Release|Win32
		{7B9335DD-FDBB-4F74-B94A-00EC3EF5AAF4}.Release|x86.Build.0 = Release|Win32
		{03E5E321-2494-4BFB-8B46-45E881179A3F}.Debug|x64.ActiveCfg = Debug|x64
		{03E5E321-2494-4BFB-8B46-45E881179A3F}.Debug|x64.Build.0 = Debug|x64
		{03E5E321-2494-4BFB-8B46-45E881179A3F}.Debug|x86.ActiveCfg = Debug|Win32
		{03E5E321-2494-4BFB-8B46-45E881179A3F}.Debug|x86.Build.0 = Debug|Win32
		{03E5E321-2494-4BFB-8B46-45E881179A3F}.Release|x64.ActiveCfg = Release|x64
		{03E5E321-2494-4BFB-8B46-45E881179A3F}.Release|x64.Build.0 = Release|x64
		{03E5E321-2494-4BFB-8B46-45E881179A3F}.Release|x86.ActiveCfg = Release|Win32
		{03E5E321-2494-4BFB-8B46-45E881179A3F}.Release|x86.Build.0 = Release|Win32
		{36B93F18-4BB1-4663-8572-D1E7C6BB43F6}.Debug|x64.ActiveCfg = Debug|x64
		{36B93F18-4BB1-4663-8572-D1E7C6BB43F6}.Debug|x64.Build.0 = Debug|x64
		{36B93F18-4BB1-4663-8572-D1E7C6BB43F6}.Debug|x86.ActiveCfg = Debug|Win32
		{36B93F18-4BB1-4663-8572-D1E7C6BB43F6}.Debug|x86.Build.0 = Debug|Win32
		{36B93F18-4BB1-4663-8572-D1E7C6BB43F6}.Release|x64.ActiveCfg = Release|x64
		{36B93F18-4BB1-4663-8572-D1E7C6BB43F6}.Release|x64.Build.0 = Release|x64
		{36B93F18-4BB1-4663-8572-D1E7C6BB43F6}.Release|x86.ActiveCfg = Release|Win32
		{36B93F18-4BB1-4663-8572-D1E7C6BB43F6}.Release|x86.Build.0 = Release|Win32
		{9C50D462-A689-4C91-976D-83B5ADE87214}.Debug|x64.ActiveCfg = Debug|x64
		{9C50D462-A689-4C91-976D-83B5ADE87214}.Debug|x64.Build.0 = Debug|x64
		{9C50D462-A689-4C91-976D-83B5ADE87214}.Debug|x86.ActiveCfg = Debug|Win32
		{9C50D462-A689-4C91-976D-83B5ADE87214}.Debug|x86.Build.0 = Debug|Win32
		{9C50D462-A689-4C91-976D-83B5ADE87214}.Release|x64.ActiveCfg = Release|x64
		{9C50D462-A689-4C91-976D-83B5ADE87214}.Release|x64.Build.0 = Release|x64
		{9C50D462-A689-4C91-976D-83B5ADE87214}.Release|x86.ActiveCfg = Release|Win32
		{9C50D462-A689-4C91-976D-83B5ADE87214}.Release|x86.Build.0 = Release|Win32
	EndGlobalSection
	GlobalSection(SolutionProperties) = preSolution
		HideSolutionNode = FALSE
	EndGlobalSection
	GlobalSection(ExtensibilityGlobals) = postSolution
		SolutionGuid = {4FD26E26-822B-466D-B7C1-3F246B650A55}
	EndGlobalSection
EndGlobal
